// !$*UTF8*$!
{
	archiveVersion = 1;
	classes = {
	};
	objectVersion = 46;
	objects = {

/* Begin PBXBuildFile section */
		0D9E8E90BA24418F9196858E /* libPods.a in Frameworks */ = {isa = PBXBuildFile; fileRef = D026A35469DD4A979A24A9C4 /* libPods.a */; };
		423F73B01757B7280023783F /* XBArrayDataSource+protected.h in Headers */ = {isa = PBXBuildFile; fileRef = 423F73A11757B7280023783F /* XBArrayDataSource+protected.h */; };
		423F73B11757B7280023783F /* XBArrayDataSource.h in Headers */ = {isa = PBXBuildFile; fileRef = 423F73A21757B7280023783F /* XBArrayDataSource.h */; };
		423F73B21757B7280023783F /* XBArrayDataSource.m in Sources */ = {isa = PBXBuildFile; fileRef = 423F73A31757B7280023783F /* XBArrayDataSource.m */; };
		423F73B31757B7280023783F /* XBArrayDataSource.m in Sources */ = {isa = PBXBuildFile; fileRef = 423F73A31757B7280023783F /* XBArrayDataSource.m */; };
		423F73B81757B7280023783F /* XBReloadableArrayDataSource+protected.h in Headers */ = {isa = PBXBuildFile; fileRef = 423F73A71757B7280023783F /* XBReloadableArrayDataSource+protected.h */; };
		423F73B91757B7280023783F /* XBReloadableArrayDataSource.h in Headers */ = {isa = PBXBuildFile; fileRef = 423F73A81757B7280023783F /* XBReloadableArrayDataSource.h */; };
		423F73BA1757B7280023783F /* XBReloadableArrayDataSource.m in Sources */ = {isa = PBXBuildFile; fileRef = 423F73A91757B7280023783F /* XBReloadableArrayDataSource.m */; };
		423F73BB1757B7280023783F /* XBReloadableArrayDataSource.m in Sources */ = {isa = PBXBuildFile; fileRef = 423F73A91757B7280023783F /* XBReloadableArrayDataSource.m */; };
		423F73BC1757B7280023783F /* XBObjectDataSource+protected.h in Headers */ = {isa = PBXBuildFile; fileRef = 423F73AB1757B7280023783F /* XBObjectDataSource+protected.h */; };
		423F73BD1757B7280023783F /* XBObjectDataSource.h in Headers */ = {isa = PBXBuildFile; fileRef = 423F73AC1757B7280023783F /* XBObjectDataSource.h */; };
		423F73BE1757B7280023783F /* XBObjectDataSource.m in Sources */ = {isa = PBXBuildFile; fileRef = 423F73AD1757B7280023783F /* XBObjectDataSource.m */; };
		423F73BF1757B7280023783F /* XBObjectDataSource.m in Sources */ = {isa = PBXBuildFile; fileRef = 423F73AD1757B7280023783F /* XBObjectDataSource.m */; };
		423F73C01757B7280023783F /* XBReloadableObjectDataSource.h in Headers */ = {isa = PBXBuildFile; fileRef = 423F73AE1757B7280023783F /* XBReloadableObjectDataSource.h */; };
		423F73C11757B7280023783F /* XBReloadableObjectDataSource.m in Sources */ = {isa = PBXBuildFile; fileRef = 423F73AF1757B7280023783F /* XBReloadableObjectDataSource.m */; };
		423F73C21757B7280023783F /* XBReloadableObjectDataSource.m in Sources */ = {isa = PBXBuildFile; fileRef = 423F73AF1757B7280023783F /* XBReloadableObjectDataSource.m */; };
		423F73C41757B7410023783F /* XBHttpObjectDataSourceTest.m in Sources */ = {isa = PBXBuildFile; fileRef = 423F73C31757B7410023783F /* XBHttpObjectDataSourceTest.m */; };
		423F73C71757B74C0023783F /* WPPost.m in Sources */ = {isa = PBXBuildFile; fileRef = 423F73C61757B74C0023783F /* WPPost.m */; };
		423F73C81757B7880023783F /* SystemConfiguration.framework in Frameworks */ = {isa = PBXBuildFile; fileRef = 54C5343117079744001DB282 /* SystemConfiguration.framework */; };
		423F73CB1757B88C0023783F /* XBJsonToObjectDataMapper.m in Sources */ = {isa = PBXBuildFile; fileRef = 423F73C91757B88C0023783F /* XBJsonToObjectDataMapper.m */; };
		423F73CC1757B88C0023783F /* XBJsonToObjectDataMapper.m in Sources */ = {isa = PBXBuildFile; fileRef = 423F73C91757B88C0023783F /* XBJsonToObjectDataMapper.m */; };
		423F73CD1757B88C0023783F /* XBJsonToObjectDataMapper.h in Headers */ = {isa = PBXBuildFile; fileRef = 423F73CA1757B88C0023783F /* XBJsonToObjectDataMapper.h */; };
		423F73CF1757B9C60023783F /* wp-post.json in Resources */ = {isa = PBXBuildFile; fileRef = 423F73CE1757B9C60023783F /* wp-post.json */; };
		429E6C91198960B000EFF372 /* XBArrayDataSourcePager.h in Headers */ = {isa = PBXBuildFile; fileRef = 429E6C8F198960B000EFF372 /* XBArrayDataSourcePager.h */; };
		429E6C92198960B000EFF372 /* XBArrayDataSourcePager.m in Sources */ = {isa = PBXBuildFile; fileRef = 429E6C90198960B000EFF372 /* XBArrayDataSourcePager.m */; };
		429E6C93198960B000EFF372 /* XBArrayDataSourcePager.m in Sources */ = {isa = PBXBuildFile; fileRef = 429E6C90198960B000EFF372 /* XBArrayDataSourcePager.m */; };
		429E6C98198960C400EFF372 /* XBHttpMappedDataLoader.h in Headers */ = {isa = PBXBuildFile; fileRef = 429E6C94198960C400EFF372 /* XBHttpMappedDataLoader.h */; };
		429E6C99198960C400EFF372 /* XBArrayBridgeDataLoader.h in Headers */ = {isa = PBXBuildFile; fileRef = 429E6C95198960C400EFF372 /* XBArrayBridgeDataLoader.h */; };
		429E6C9A198960C400EFF372 /* XBArrayBridgeDataLoader.m in Sources */ = {isa = PBXBuildFile; fileRef = 429E6C96198960C400EFF372 /* XBArrayBridgeDataLoader.m */; };
		429E6C9B198960C400EFF372 /* XBArrayBridgeDataLoader.m in Sources */ = {isa = PBXBuildFile; fileRef = 429E6C96198960C400EFF372 /* XBArrayBridgeDataLoader.m */; };
		429E6C9C198960C400EFF372 /* XBHttpMappedDataLoader.m in Sources */ = {isa = PBXBuildFile; fileRef = 429E6C97198960C400EFF372 /* XBHttpMappedDataLoader.m */; };
		429E6C9D198960C400EFF372 /* XBHttpMappedDataLoader.m in Sources */ = {isa = PBXBuildFile; fileRef = 429E6C97198960C400EFF372 /* XBHttpMappedDataLoader.m */; };
		429E6CA1198960EB00EFF372 /* XBInfiniteArrayDataSource.h in Headers */ = {isa = PBXBuildFile; fileRef = 429E6C9E198960EB00EFF372 /* XBInfiniteArrayDataSource.h */; };
		429E6CA2198960EB00EFF372 /* XBInfiniteArrayDataSource.m in Sources */ = {isa = PBXBuildFile; fileRef = 429E6C9F198960EB00EFF372 /* XBInfiniteArrayDataSource.m */; };
		429E6CA3198960EB00EFF372 /* XBInfiniteArrayDataSource.m in Sources */ = {isa = PBXBuildFile; fileRef = 429E6C9F198960EB00EFF372 /* XBInfiniteArrayDataSource.m */; };
		429E6CA4198960EB00EFF372 /* XBInfiniteArrayDataSource+protected.h in Headers */ = {isa = PBXBuildFile; fileRef = 429E6CA0198960EB00EFF372 /* XBInfiniteArrayDataSource+protected.h */; };
		429E6CAC1989610C00EFF372 /* XBBasicHttpQueryParamBuilder.h in Headers */ = {isa = PBXBuildFile; fileRef = 429E6CA61989610C00EFF372 /* XBBasicHttpQueryParamBuilder.h */; };
		429E6CAD1989610C00EFF372 /* XBBasicHttpQueryParamBuilder.m in Sources */ = {isa = PBXBuildFile; fileRef = 429E6CA71989610C00EFF372 /* XBBasicHttpQueryParamBuilder.m */; };
		429E6CAE1989610C00EFF372 /* XBBasicHttpQueryParamBuilder.m in Sources */ = {isa = PBXBuildFile; fileRef = 429E6CA71989610C00EFF372 /* XBBasicHttpQueryParamBuilder.m */; };
		429E6CAF1989610C00EFF372 /* XBDataPagerHttpQueryDataBuilder.h in Headers */ = {isa = PBXBuildFile; fileRef = 429E6CA81989610C00EFF372 /* XBDataPagerHttpQueryDataBuilder.h */; };
		429E6CB01989610C00EFF372 /* XBDataPagerHttpQueryDataBuilder.m in Sources */ = {isa = PBXBuildFile; fileRef = 429E6CA91989610C00EFF372 /* XBDataPagerHttpQueryDataBuilder.m */; };
		429E6CB11989610C00EFF372 /* XBDataPagerHttpQueryDataBuilder.m in Sources */ = {isa = PBXBuildFile; fileRef = 429E6CA91989610C00EFF372 /* XBDataPagerHttpQueryDataBuilder.m */; };
		429E6CB21989610C00EFF372 /* XBHTTPMappedRequestDataBuilder.h in Headers */ = {isa = PBXBuildFile; fileRef = 429E6CAA1989610C00EFF372 /* XBHTTPMappedRequestDataBuilder.h */; };
		429E6CB31989610C00EFF372 /* XBHttpRequestDataBuilder.h in Headers */ = {isa = PBXBuildFile; fileRef = 429E6CAB1989610C00EFF372 /* XBHttpRequestDataBuilder.h */; };
		429E6CB5198961CE00EFF372 /* XBInfiniteArrayDataSourceTest.m in Sources */ = {isa = PBXBuildFile; fileRef = 429E6CB4198961CE00EFF372 /* XBInfiniteArrayDataSourceTest.m */; };
		429E6CB6198961CE00EFF372 /* XBInfiniteArrayDataSourceTest.m in Sources */ = {isa = PBXBuildFile; fileRef = 429E6CB4198961CE00EFF372 /* XBInfiniteArrayDataSourceTest.m */; };
		429E6CBA1989621E00EFF372 /* XBArrayTransformationOperation.h in Headers */ = {isa = PBXBuildFile; fileRef = 429E6CB81989621E00EFF372 /* XBArrayTransformationOperation.h */; };
		429E6CBB1989621E00EFF372 /* XBArrayTransformationOperation.m in Sources */ = {isa = PBXBuildFile; fileRef = 429E6CB91989621E00EFF372 /* XBArrayTransformationOperation.m */; };
		429E6CBC1989621E00EFF372 /* XBArrayTransformationOperation.m in Sources */ = {isa = PBXBuildFile; fileRef = 429E6CB91989621E00EFF372 /* XBArrayTransformationOperation.m */; };
		429E6CBF1989623A00EFF372 /* XBToolkitOperation.h in Headers */ = {isa = PBXBuildFile; fileRef = 429E6CBE1989623A00EFF372 /* XBToolkitOperation.h */; };
		429E6CC31989625F00EFF372 /* XBBundleJsonReadingOperation.h in Headers */ = {isa = PBXBuildFile; fileRef = 429E6CC11989625F00EFF372 /* XBBundleJsonReadingOperation.h */; };
		429E6CC41989625F00EFF372 /* XBBundleJsonReadingOperation.m in Sources */ = {isa = PBXBuildFile; fileRef = 429E6CC21989625F00EFF372 /* XBBundleJsonReadingOperation.m */; };
		429E6CC51989625F00EFF372 /* XBBundleJsonReadingOperation.m in Sources */ = {isa = PBXBuildFile; fileRef = 429E6CC21989625F00EFF372 /* XBBundleJsonReadingOperation.m */; };
		429E6CC8198962B700EFF372 /* XBLogger.h in Headers */ = {isa = PBXBuildFile; fileRef = 429E6CC6198962B700EFF372 /* XBLogger.h */; };
		429E6CC9198962B700EFF372 /* XBLogger.m in Sources */ = {isa = PBXBuildFile; fileRef = 429E6CC7198962B700EFF372 /* XBLogger.m */; };
		429E6CCA198962B700EFF372 /* XBLogger.m in Sources */ = {isa = PBXBuildFile; fileRef = 429E6CC7198962B700EFF372 /* XBLogger.m */; };
		42E8364118BF99E700FEDF17 /* JSONKit.h in Headers */ = {isa = PBXBuildFile; fileRef = 42E8363F18BF99E700FEDF17 /* JSONKit.h */; };
		42E8364218BF99E700FEDF17 /* JSONKit.m in Sources */ = {isa = PBXBuildFile; fileRef = 42E8364018BF99E700FEDF17 /* JSONKit.m */; settings = {COMPILER_FLAGS = "-fno-objc-arc"; }; };
		42E8364318BF99E700FEDF17 /* JSONKit.m in Sources */ = {isa = PBXBuildFile; fileRef = 42E8364018BF99E700FEDF17 /* JSONKit.m */; settings = {COMPILER_FLAGS = "-fno-objc-arc"; }; };
		5409578B1710A87F00B006B0 /* XBCache.h in Headers */ = {isa = PBXBuildFile; fileRef = 5409573D1710A87F00B006B0 /* XBCache.h */; };
		5409578C1710A87F00B006B0 /* XBCache.m in Sources */ = {isa = PBXBuildFile; fileRef = 5409573E1710A87F00B006B0 /* XBCache.m */; };
		5409578D1710A87F00B006B0 /* XBCache.m in Sources */ = {isa = PBXBuildFile; fileRef = 5409573E1710A87F00B006B0 /* XBCache.m */; };
		5409578E1710A87F00B006B0 /* XBCacheElement.h in Headers */ = {isa = PBXBuildFile; fileRef = 5409573F1710A87F00B006B0 /* XBCacheElement.h */; };
		5409578F1710A87F00B006B0 /* XBCacheElement.m in Sources */ = {isa = PBXBuildFile; fileRef = 540957401710A87F00B006B0 /* XBCacheElement.m */; };
		540957901710A87F00B006B0 /* XBCacheElement.m in Sources */ = {isa = PBXBuildFile; fileRef = 540957401710A87F00B006B0 /* XBCacheElement.m */; };
		540957911710A87F00B006B0 /* XBCacheSupport.h in Headers */ = {isa = PBXBuildFile; fileRef = 540957411710A87F00B006B0 /* XBCacheSupport.h */; };
		540957931710A87F00B006B0 /* XBFileSystemCacheSupport.m in Sources */ = {isa = PBXBuildFile; fileRef = 540957431710A87F00B006B0 /* XBFileSystemCacheSupport.m */; };
		540957941710A87F00B006B0 /* XBFileSystemCacheSupport.m in Sources */ = {isa = PBXBuildFile; fileRef = 540957431710A87F00B006B0 /* XBFileSystemCacheSupport.m */; };
		540957981710A87F00B006B0 /* NSDateFormatter+XBAdditions.h in Headers */ = {isa = PBXBuildFile; fileRef = 540957471710A87F00B006B0 /* NSDateFormatter+XBAdditions.h */; };
		540957991710A87F00B006B0 /* NSDateFormatter+XBAdditions.m in Sources */ = {isa = PBXBuildFile; fileRef = 540957481710A87F00B006B0 /* NSDateFormatter+XBAdditions.m */; };
		5409579A1710A87F00B006B0 /* NSDateFormatter+XBAdditions.m in Sources */ = {isa = PBXBuildFile; fileRef = 540957481710A87F00B006B0 /* NSDateFormatter+XBAdditions.m */; };
		5409579B1710A87F00B006B0 /* NSDictionary+XBAdditions.h in Headers */ = {isa = PBXBuildFile; fileRef = 540957491710A87F00B006B0 /* NSDictionary+XBAdditions.h */; };
		5409579C1710A87F00B006B0 /* NSDictionary+XBAdditions.m in Sources */ = {isa = PBXBuildFile; fileRef = 5409574A1710A87F00B006B0 /* NSDictionary+XBAdditions.m */; };
		5409579D1710A87F00B006B0 /* NSDictionary+XBAdditions.m in Sources */ = {isa = PBXBuildFile; fileRef = 5409574A1710A87F00B006B0 /* NSDictionary+XBAdditions.m */; };
		5409579E1710A87F00B006B0 /* NSError+XBAdditions.h in Headers */ = {isa = PBXBuildFile; fileRef = 5409574B1710A87F00B006B0 /* NSError+XBAdditions.h */; };
		5409579F1710A87F00B006B0 /* NSError+XBAdditions.m in Sources */ = {isa = PBXBuildFile; fileRef = 5409574C1710A87F00B006B0 /* NSError+XBAdditions.m */; };
		540957A01710A87F00B006B0 /* NSError+XBAdditions.m in Sources */ = {isa = PBXBuildFile; fileRef = 5409574C1710A87F00B006B0 /* NSError+XBAdditions.m */; };
		540957A11710A87F00B006B0 /* NSNumber+XBAdditions.h in Headers */ = {isa = PBXBuildFile; fileRef = 5409574D1710A87F00B006B0 /* NSNumber+XBAdditions.h */; };
		540957A21710A87F00B006B0 /* NSNumber+XBAdditions.m in Sources */ = {isa = PBXBuildFile; fileRef = 5409574E1710A87F00B006B0 /* NSNumber+XBAdditions.m */; };
		540957A31710A87F00B006B0 /* NSNumber+XBAdditions.m in Sources */ = {isa = PBXBuildFile; fileRef = 5409574E1710A87F00B006B0 /* NSNumber+XBAdditions.m */; };
		540957A41710A87F00B006B0 /* NSURL+XBAdditions.h in Headers */ = {isa = PBXBuildFile; fileRef = 5409574F1710A87F00B006B0 /* NSURL+XBAdditions.h */; };
		540957A51710A87F00B006B0 /* NSURL+XBAdditions.m in Sources */ = {isa = PBXBuildFile; fileRef = 540957501710A87F00B006B0 /* NSURL+XBAdditions.m */; };
		540957A61710A87F00B006B0 /* NSURL+XBAdditions.m in Sources */ = {isa = PBXBuildFile; fileRef = 540957501710A87F00B006B0 /* NSURL+XBAdditions.m */; };
		540957A71710A87F00B006B0 /* XBCompositeArrayDataSource+protected.h in Headers */ = {isa = PBXBuildFile; fileRef = 540957541710A87F00B006B0 /* XBCompositeArrayDataSource+protected.h */; };
		540957A81710A87F00B006B0 /* XBCompositeArrayDataSource.h in Headers */ = {isa = PBXBuildFile; fileRef = 540957551710A87F00B006B0 /* XBCompositeArrayDataSource.h */; };
		540957A91710A87F00B006B0 /* XBCompositeArrayDataSource.m in Sources */ = {isa = PBXBuildFile; fileRef = 540957561710A87F00B006B0 /* XBCompositeArrayDataSource.m */; };
		540957AA1710A87F00B006B0 /* XBCompositeArrayDataSource.m in Sources */ = {isa = PBXBuildFile; fileRef = 540957561710A87F00B006B0 /* XBCompositeArrayDataSource.m */; };
		540957AB1710A87F00B006B0 /* XBPagedCompositeArrayDataSource.h in Headers */ = {isa = PBXBuildFile; fileRef = 540957571710A87F00B006B0 /* XBPagedCompositeArrayDataSource.h */; };
		540957AC1710A87F00B006B0 /* XBPagedCompositeArrayDataSource.m in Sources */ = {isa = PBXBuildFile; fileRef = 540957581710A87F00B006B0 /* XBPagedCompositeArrayDataSource.m */; };
		540957AD1710A87F00B006B0 /* XBPagedCompositeArrayDataSource.m in Sources */ = {isa = PBXBuildFile; fileRef = 540957581710A87F00B006B0 /* XBPagedCompositeArrayDataSource.m */; };
		540957B51710A87F00B006B0 /* XBBundleJsonDataLoader.h in Headers */ = {isa = PBXBuildFile; fileRef = 540957611710A87F00B006B0 /* XBBundleJsonDataLoader.h */; };
		540957B61710A87F00B006B0 /* XBBundleJsonDataLoader.m in Sources */ = {isa = PBXBuildFile; fileRef = 540957621710A87F00B006B0 /* XBBundleJsonDataLoader.m */; };
		540957B71710A87F00B006B0 /* XBBundleJsonDataLoader.m in Sources */ = {isa = PBXBuildFile; fileRef = 540957621710A87F00B006B0 /* XBBundleJsonDataLoader.m */; };
		540957B81710A87F00B006B0 /* XBCacheableDataLoader.h in Headers */ = {isa = PBXBuildFile; fileRef = 540957631710A87F00B006B0 /* XBCacheableDataLoader.h */; };
		540957B91710A87F00B006B0 /* XBCacheableDataLoader.m in Sources */ = {isa = PBXBuildFile; fileRef = 540957641710A87F00B006B0 /* XBCacheableDataLoader.m */; };
		540957BA1710A87F00B006B0 /* XBCacheableDataLoader.m in Sources */ = {isa = PBXBuildFile; fileRef = 540957641710A87F00B006B0 /* XBCacheableDataLoader.m */; };
		540957BB1710A87F00B006B0 /* XBCacheKeyBuilder.h in Headers */ = {isa = PBXBuildFile; fileRef = 540957651710A87F00B006B0 /* XBCacheKeyBuilder.h */; };
		540957BC1710A87F00B006B0 /* XBDataLoader.h in Headers */ = {isa = PBXBuildFile; fileRef = 540957661710A87F00B006B0 /* XBDataLoader.h */; };
		540957BD1710A87F00B006B0 /* XBHttpDataLoader.h in Headers */ = {isa = PBXBuildFile; fileRef = 540957671710A87F00B006B0 /* XBHttpDataLoader.h */; };
		540957BE1710A87F00B006B0 /* XBHttpDataLoaderCacheKeyBuilder.h in Headers */ = {isa = PBXBuildFile; fileRef = 540957681710A87F00B006B0 /* XBHttpDataLoaderCacheKeyBuilder.h */; };
		540957BF1710A87F00B006B0 /* XBHttpDataLoaderCacheKeyBuilder.m in Sources */ = {isa = PBXBuildFile; fileRef = 540957691710A87F00B006B0 /* XBHttpDataLoaderCacheKeyBuilder.m */; };
		540957C01710A87F00B006B0 /* XBHttpDataLoaderCacheKeyBuilder.m in Sources */ = {isa = PBXBuildFile; fileRef = 540957691710A87F00B006B0 /* XBHttpDataLoaderCacheKeyBuilder.m */; };
		540957C41710A87F00B006B0 /* XBDataMapper.h in Headers */ = {isa = PBXBuildFile; fileRef = 5409576D1710A87F00B006B0 /* XBDataMapper.h */; };
		540957C51710A87F00B006B0 /* XBJsonToArrayDataMapper.h in Headers */ = {isa = PBXBuildFile; fileRef = 5409576E1710A87F00B006B0 /* XBJsonToArrayDataMapper.h */; };
		540957C61710A87F00B006B0 /* XBJsonToArrayDataMapper.m in Sources */ = {isa = PBXBuildFile; fileRef = 5409576F1710A87F00B006B0 /* XBJsonToArrayDataMapper.m */; };
		540957C71710A87F00B006B0 /* XBJsonToArrayDataMapper.m in Sources */ = {isa = PBXBuildFile; fileRef = 5409576F1710A87F00B006B0 /* XBJsonToArrayDataMapper.m */; };
		540957C81710A87F00B006B0 /* XBArrayDataMerger.h in Headers */ = {isa = PBXBuildFile; fileRef = 540957711710A87F00B006B0 /* XBArrayDataMerger.h */; };
		540957C91710A87F00B006B0 /* XBArrayDataMerger.m in Sources */ = {isa = PBXBuildFile; fileRef = 540957721710A87F00B006B0 /* XBArrayDataMerger.m */; };
		540957CA1710A87F00B006B0 /* XBArrayDataMerger.m in Sources */ = {isa = PBXBuildFile; fileRef = 540957721710A87F00B006B0 /* XBArrayDataMerger.m */; };
		540957CB1710A87F00B006B0 /* XBDataMerger.h in Headers */ = {isa = PBXBuildFile; fileRef = 540957731710A87F00B006B0 /* XBDataMerger.h */; };
		540957CC1710A87F00B006B0 /* XBDictionaryDataMerger.h in Headers */ = {isa = PBXBuildFile; fileRef = 540957741710A87F00B006B0 /* XBDictionaryDataMerger.h */; };
		540957CD1710A87F00B006B0 /* XBDictionaryDataMerger.m in Sources */ = {isa = PBXBuildFile; fileRef = 540957751710A87F00B006B0 /* XBDictionaryDataMerger.m */; };
		540957CE1710A87F00B006B0 /* XBDictionaryDataMerger.m in Sources */ = {isa = PBXBuildFile; fileRef = 540957751710A87F00B006B0 /* XBDictionaryDataMerger.m */; };
		540957D21710A87F00B006B0 /* XBDataPager.h in Headers */ = {isa = PBXBuildFile; fileRef = 540957791710A87F00B006B0 /* XBDataPager.h */; };
		540957DF1710A87F00B006B0 /* XBHttpClient.h in Headers */ = {isa = PBXBuildFile; fileRef = 540957841710A87F00B006B0 /* XBHttpClient.h */; };
		540957E01710A87F00B006B0 /* XBHttpClient.m in Sources */ = {isa = PBXBuildFile; fileRef = 540957851710A87F00B006B0 /* XBHttpClient.m */; };
		540957E11710A87F00B006B0 /* XBHttpClient.m in Sources */ = {isa = PBXBuildFile; fileRef = 540957851710A87F00B006B0 /* XBHttpClient.m */; };
		540957E61710A87F00B006B0 /* XBToolkit.h in Headers */ = {isa = PBXBuildFile; fileRef = 5409578A1710A87F00B006B0 /* XBToolkit.h */; };
		540957E81710B4D300B006B0 /* XBFileSystemCacheSupport.h in Headers */ = {isa = PBXBuildFile; fileRef = 540957421710A87F00B006B0 /* XBFileSystemCacheSupport.h */; };
		54095B191711ABDA00B006B0 /* XBLogging.h in Headers */ = {isa = PBXBuildFile; fileRef = 54095B181711ABDA00B006B0 /* XBLogging.h */; };
		54095B1D17120CE600B006B0 /* XBDate.h in Headers */ = {isa = PBXBuildFile; fileRef = 54095B1B17120CE600B006B0 /* XBDate.h */; };
		54095B1E17120CE600B006B0 /* XBDate.m in Sources */ = {isa = PBXBuildFile; fileRef = 54095B1C17120CE600B006B0 /* XBDate.m */; };
		5420831517074CCC00290AEF /* Cocoa.framework in Frameworks */ = {isa = PBXBuildFile; fileRef = 5420831417074CCC00290AEF /* Cocoa.framework */; };
		5420831F17074CCC00290AEF /* InfoPlist.strings in Resources */ = {isa = PBXBuildFile; fileRef = 5420831D17074CCC00290AEF /* InfoPlist.strings */; };
		549B75B917078E4500190FEB /* Cocoa.framework in Frameworks */ = {isa = PBXBuildFile; fileRef = 5420831417074CCC00290AEF /* Cocoa.framework */; };
		54C5340D1707913F001DB282 /* GHTestApp.xib in Resources */ = {isa = PBXBuildFile; fileRef = 54C534031707913E001DB282 /* GHTestApp.xib */; };
		54C5340F1707913F001DB282 /* GHTestView.xib in Resources */ = {isa = PBXBuildFile; fileRef = 54C534061707913E001DB282 /* GHTestView.xib */; };
		54C534111707913F001DB282 /* GHTestWindow.xib in Resources */ = {isa = PBXBuildFile; fileRef = 54C534091707913E001DB282 /* GHTestWindow.xib */; };
		54C534141707923F001DB282 /* GHUnitTestMain.m in Sources */ = {isa = PBXBuildFile; fileRef = 54C534131707923F001DB282 /* GHUnitTestMain.m */; };
		54C5341517079438001DB282 /* XBBundleArrayDataSourceTest.m in Sources */ = {isa = PBXBuildFile; fileRef = 5420857D1707555B00290AEF /* XBBundleArrayDataSourceTest.m */; };
		54C5341617079438001DB282 /* XBPagedCompositeArrayDataSourceTest.m in Sources */ = {isa = PBXBuildFile; fileRef = 5420857F1707555B00290AEF /* XBPagedCompositeArrayDataSourceTest.m */; };
		54C5341817079460001DB282 /* WPAuthor.m in Sources */ = {isa = PBXBuildFile; fileRef = 542085881707572C00290AEF /* WPAuthor.m */; };
		54C5343217079744001DB282 /* SystemConfiguration.framework in Frameworks */ = {isa = PBXBuildFile; fileRef = 54C5343117079744001DB282 /* SystemConfiguration.framework */; };
		54C5343417079B22001DB282 /* libPods-XBToolkit-osxTests.a in Frameworks */ = {isa = PBXBuildFile; fileRef = 000C6175096E46839CA6FDB8 /* libPods-XBToolkit-osxTests.a */; };
		54C5343917079C95001DB282 /* libPods.a in Frameworks */ = {isa = PBXBuildFile; fileRef = D026A35469DD4A979A24A9C4 /* libPods.a */; };
		54C5343A1707A95B001DB282 /* wp-author-index.json in Resources */ = {isa = PBXBuildFile; fileRef = DB34DC6E7779C0160C7E440B /* wp-author-index.json */; };
		DB34D01A437E96370ACCBB88 /* wp-author-index-p2.json in Resources */ = {isa = PBXBuildFile; fileRef = DB34D093A8CEB7E3B12F1597 /* wp-author-index-p2.json */; };
		DB34D0B9257643367AC3DFB4 /* XBToolkit-osx-Prefix.pch in Headers */ = {isa = PBXBuildFile; fileRef = 5420832017074CCC00290AEF /* XBToolkit-osx-Prefix.pch */; };
		DB34D0CEAB99A3AD8E7F7697 /* XBJsonToArrayDataMapperTest.m in Sources */ = {isa = PBXBuildFile; fileRef = DB34D3640E36DBFF1FB9F8E5 /* XBJsonToArrayDataMapperTest.m */; };
		DB34D20205EE00F691B5CEAA /* NSString+XBAdditions.m in Sources */ = {isa = PBXBuildFile; fileRef = DB34D22CCF72505A6BFD7C94 /* NSString+XBAdditions.m */; };
		DB34D28BAAC83F02AF7A6DA2 /* NSIndexSet+XBAdditions.m in Sources */ = {isa = PBXBuildFile; fileRef = DB34D2CE403BAB7810F2D545 /* NSIndexSet+XBAdditions.m */; };
		DB34D2FB071FDDEEF44CF10E /* XBHttpArrayDataSourceTest.m in Sources */ = {isa = PBXBuildFile; fileRef = DB34D354E27FE054948B1F84 /* XBHttpArrayDataSourceTest.m */; };
		DB34D337ED94131B8A5DCF91 /* wp-author-index.json in Resources */ = {isa = PBXBuildFile; fileRef = DB34DC6E7779C0160C7E440B /* wp-author-index.json */; };
		DB34D43B3203D16B05182880 /* XBTestUtils.m in Sources */ = {isa = PBXBuildFile; fileRef = DB34D1E885637177A9361457 /* XBTestUtils.m */; };
		DB34D46A66485F9AFF325604 /* NSStringTest.m in Sources */ = {isa = PBXBuildFile; fileRef = DB34DEB569802BBD30554F7C /* NSStringTest.m */; };
		DB34D4F2EB302DBDC6CDD742 /* wp-author-index-p3.json in Resources */ = {isa = PBXBuildFile; fileRef = DB34D2E1FD74187E4F6E485C /* wp-author-index-p3.json */; };
		DB34D4F984B6F73695E9A331 /* NSString+XBAdditions.h in Headers */ = {isa = PBXBuildFile; fileRef = DB34D55351B8BBAEF8280175 /* NSString+XBAdditions.h */; };
		DB34D862ABADFD078BDFB93D /* XBBasicHttpQueryParamBuilderTest.m in Sources */ = {isa = PBXBuildFile; fileRef = DB34D781B65895F1EC46A4AF /* XBBasicHttpQueryParamBuilderTest.m */; };
		DB34D8A11F8195A86232C5F1 /* XBHttpJsonDataLoaderTest.m in Sources */ = {isa = PBXBuildFile; fileRef = DB34DF19B2924CD7B234A10A /* XBHttpJsonDataLoaderTest.m */; };
		DB34D962BC488135F686A8F2 /* wp-author-index-p3.json in Resources */ = {isa = PBXBuildFile; fileRef = DB34D2E1FD74187E4F6E485C /* wp-author-index-p3.json */; };
		DB34D981408059A0C826C3FE /* XBDictionaryDataMergerTest.m in Sources */ = {isa = PBXBuildFile; fileRef = DB34D7BD84C3B2E15179DC5B /* XBDictionaryDataMergerTest.m */; };
		DB34DB03ACF9A36933375184 /* NSString+XBAdditions.m in Sources */ = {isa = PBXBuildFile; fileRef = DB34D22CCF72505A6BFD7C94 /* NSString+XBAdditions.m */; };
		DB34DB128C2B68E122CE6B90 /* NSIndexSet+XBAdditions.h in Headers */ = {isa = PBXBuildFile; fileRef = DB34D01415ACD2C195BABF70 /* NSIndexSet+XBAdditions.h */; };
		DB34DC6FCA6CD5829A8A634A /* NSIndexSet+XBAdditions.m in Sources */ = {isa = PBXBuildFile; fileRef = DB34D2CE403BAB7810F2D545 /* NSIndexSet+XBAdditions.m */; };
		DB34DD05CCBE17EF0AD7218E /* wp-author-index-p1.json in Resources */ = {isa = PBXBuildFile; fileRef = DB34D5543B1242172F9F2D2B /* wp-author-index-p1.json */; };
		DB34DD155DD032187E7AA101 /* wp-author-index-p2.json in Resources */ = {isa = PBXBuildFile; fileRef = DB34D093A8CEB7E3B12F1597 /* wp-author-index-p2.json */; };
		DB34DD6A6DA347B85019895F /* XBCacheableDataLoaderTest.m in Sources */ = {isa = PBXBuildFile; fileRef = DB34D2F33FBCB81270505952 /* XBCacheableDataLoaderTest.m */; };
		DB34DE8FB6266CA85C780E9D /* XBBundleJsonDataLoaderTest.m in Sources */ = {isa = PBXBuildFile; fileRef = DB34D3837469B508DF52EB33 /* XBBundleJsonDataLoaderTest.m */; };
		DB34DE9B190D13FE4FC7A01D /* wp-author-index-p1.json in Resources */ = {isa = PBXBuildFile; fileRef = DB34D5543B1242172F9F2D2B /* wp-author-index-p1.json */; };
		DB34DF2D8A76DD45DF219B35 /* XBArrayDataMergerTest.m in Sources */ = {isa = PBXBuildFile; fileRef = DB34D44FA052A7B927E1BBAB /* XBArrayDataMergerTest.m */; };
		DB34DF8E883E20633E2351DB /* XBHttpDataLoaderCacheKeyBuilderTest.m in Sources */ = {isa = PBXBuildFile; fileRef = DB34D48B7FAE2311FB3BA7E7 /* XBHttpDataLoaderCacheKeyBuilderTest.m */; };
		DB34DFB95EEE53D0BDE5D877 /* NSIndexSetTest.m in Sources */ = {isa = PBXBuildFile; fileRef = DB34D27D6AF155BB72D016C9 /* NSIndexSetTest.m */; };
/* End PBXBuildFile section */

/* Begin PBXFileReference section */
		000C6175096E46839CA6FDB8 /* libPods-XBToolkit-osxTests.a */ = {isa = PBXFileReference; explicitFileType = archive.ar; includeInIndex = 0; path = "libPods-XBToolkit-osxTests.a"; sourceTree = BUILT_PRODUCTS_DIR; };
		423F73A11757B7280023783F /* XBArrayDataSource+protected.h */ = {isa = PBXFileReference; fileEncoding = 4; lastKnownFileType = sourcecode.c.h; path = "XBArrayDataSource+protected.h"; sourceTree = "<group>"; };
		423F73A21757B7280023783F /* XBArrayDataSource.h */ = {isa = PBXFileReference; fileEncoding = 4; lastKnownFileType = sourcecode.c.h; path = XBArrayDataSource.h; sourceTree = "<group>"; };
		423F73A31757B7280023783F /* XBArrayDataSource.m */ = {isa = PBXFileReference; fileEncoding = 4; lastKnownFileType = sourcecode.c.objc; path = XBArrayDataSource.m; sourceTree = "<group>"; };
		423F73A71757B7280023783F /* XBReloadableArrayDataSource+protected.h */ = {isa = PBXFileReference; fileEncoding = 4; lastKnownFileType = sourcecode.c.h; path = "XBReloadableArrayDataSource+protected.h"; sourceTree = "<group>"; };
		423F73A81757B7280023783F /* XBReloadableArrayDataSource.h */ = {isa = PBXFileReference; fileEncoding = 4; lastKnownFileType = sourcecode.c.h; path = XBReloadableArrayDataSource.h; sourceTree = "<group>"; };
		423F73A91757B7280023783F /* XBReloadableArrayDataSource.m */ = {isa = PBXFileReference; fileEncoding = 4; lastKnownFileType = sourcecode.c.objc; path = XBReloadableArrayDataSource.m; sourceTree = "<group>"; };
		423F73AB1757B7280023783F /* XBObjectDataSource+protected.h */ = {isa = PBXFileReference; fileEncoding = 4; lastKnownFileType = sourcecode.c.h; path = "XBObjectDataSource+protected.h"; sourceTree = "<group>"; };
		423F73AC1757B7280023783F /* XBObjectDataSource.h */ = {isa = PBXFileReference; fileEncoding = 4; lastKnownFileType = sourcecode.c.h; path = XBObjectDataSource.h; sourceTree = "<group>"; };
		423F73AD1757B7280023783F /* XBObjectDataSource.m */ = {isa = PBXFileReference; fileEncoding = 4; lastKnownFileType = sourcecode.c.objc; path = XBObjectDataSource.m; sourceTree = "<group>"; };
		423F73AE1757B7280023783F /* XBReloadableObjectDataSource.h */ = {isa = PBXFileReference; fileEncoding = 4; lastKnownFileType = sourcecode.c.h; path = XBReloadableObjectDataSource.h; sourceTree = "<group>"; };
		423F73AF1757B7280023783F /* XBReloadableObjectDataSource.m */ = {isa = PBXFileReference; fileEncoding = 4; lastKnownFileType = sourcecode.c.objc; path = XBReloadableObjectDataSource.m; sourceTree = "<group>"; };
		423F73C31757B7410023783F /* XBHttpObjectDataSourceTest.m */ = {isa = PBXFileReference; fileEncoding = 4; lastKnownFileType = sourcecode.c.objc; path = XBHttpObjectDataSourceTest.m; sourceTree = "<group>"; };
		423F73C51757B74C0023783F /* WPPost.h */ = {isa = PBXFileReference; fileEncoding = 4; lastKnownFileType = sourcecode.c.h; path = WPPost.h; sourceTree = "<group>"; };
		423F73C61757B74C0023783F /* WPPost.m */ = {isa = PBXFileReference; fileEncoding = 4; lastKnownFileType = sourcecode.c.objc; path = WPPost.m; sourceTree = "<group>"; };
		423F73C91757B88C0023783F /* XBJsonToObjectDataMapper.m */ = {isa = PBXFileReference; fileEncoding = 4; lastKnownFileType = sourcecode.c.objc; path = XBJsonToObjectDataMapper.m; sourceTree = "<group>"; };
		423F73CA1757B88C0023783F /* XBJsonToObjectDataMapper.h */ = {isa = PBXFileReference; fileEncoding = 4; lastKnownFileType = sourcecode.c.h; path = XBJsonToObjectDataMapper.h; sourceTree = "<group>"; };
		423F73CE1757B9C60023783F /* wp-post.json */ = {isa = PBXFileReference; fileEncoding = 4; lastKnownFileType = text.json; path = "wp-post.json"; sourceTree = "<group>"; };
		429E6C8F198960B000EFF372 /* XBArrayDataSourcePager.h */ = {isa = PBXFileReference; fileEncoding = 4; lastKnownFileType = sourcecode.c.h; path = XBArrayDataSourcePager.h; sourceTree = "<group>"; };
		429E6C90198960B000EFF372 /* XBArrayDataSourcePager.m */ = {isa = PBXFileReference; fileEncoding = 4; lastKnownFileType = sourcecode.c.objc; path = XBArrayDataSourcePager.m; sourceTree = "<group>"; };
		429E6C94198960C400EFF372 /* XBHttpMappedDataLoader.h */ = {isa = PBXFileReference; fileEncoding = 4; lastKnownFileType = sourcecode.c.h; path = XBHttpMappedDataLoader.h; sourceTree = "<group>"; };
		429E6C95198960C400EFF372 /* XBArrayBridgeDataLoader.h */ = {isa = PBXFileReference; fileEncoding = 4; lastKnownFileType = sourcecode.c.h; path = XBArrayBridgeDataLoader.h; sourceTree = "<group>"; };
		429E6C96198960C400EFF372 /* XBArrayBridgeDataLoader.m */ = {isa = PBXFileReference; fileEncoding = 4; lastKnownFileType = sourcecode.c.objc; path = XBArrayBridgeDataLoader.m; sourceTree = "<group>"; };
		429E6C97198960C400EFF372 /* XBHttpMappedDataLoader.m */ = {isa = PBXFileReference; fileEncoding = 4; lastKnownFileType = sourcecode.c.objc; path = XBHttpMappedDataLoader.m; sourceTree = "<group>"; };
		429E6C9E198960EB00EFF372 /* XBInfiniteArrayDataSource.h */ = {isa = PBXFileReference; fileEncoding = 4; lastKnownFileType = sourcecode.c.h; path = XBInfiniteArrayDataSource.h; sourceTree = "<group>"; };
		429E6C9F198960EB00EFF372 /* XBInfiniteArrayDataSource.m */ = {isa = PBXFileReference; fileEncoding = 4; lastKnownFileType = sourcecode.c.objc; path = XBInfiniteArrayDataSource.m; sourceTree = "<group>"; };
		429E6CA0198960EB00EFF372 /* XBInfiniteArrayDataSource+protected.h */ = {isa = PBXFileReference; fileEncoding = 4; lastKnownFileType = sourcecode.c.h; path = "XBInfiniteArrayDataSource+protected.h"; sourceTree = "<group>"; };
		429E6CA61989610C00EFF372 /* XBBasicHttpQueryParamBuilder.h */ = {isa = PBXFileReference; fileEncoding = 4; lastKnownFileType = sourcecode.c.h; path = XBBasicHttpQueryParamBuilder.h; sourceTree = "<group>"; };
		429E6CA71989610C00EFF372 /* XBBasicHttpQueryParamBuilder.m */ = {isa = PBXFileReference; fileEncoding = 4; lastKnownFileType = sourcecode.c.objc; path = XBBasicHttpQueryParamBuilder.m; sourceTree = "<group>"; };
		429E6CA81989610C00EFF372 /* XBDataPagerHttpQueryDataBuilder.h */ = {isa = PBXFileReference; fileEncoding = 4; lastKnownFileType = sourcecode.c.h; path = XBDataPagerHttpQueryDataBuilder.h; sourceTree = "<group>"; };
		429E6CA91989610C00EFF372 /* XBDataPagerHttpQueryDataBuilder.m */ = {isa = PBXFileReference; fileEncoding = 4; lastKnownFileType = sourcecode.c.objc; path = XBDataPagerHttpQueryDataBuilder.m; sourceTree = "<group>"; };
		429E6CAA1989610C00EFF372 /* XBHTTPMappedRequestDataBuilder.h */ = {isa = PBXFileReference; fileEncoding = 4; lastKnownFileType = sourcecode.c.h; path = XBHTTPMappedRequestDataBuilder.h; sourceTree = "<group>"; };
		429E6CAB1989610C00EFF372 /* XBHttpRequestDataBuilder.h */ = {isa = PBXFileReference; fileEncoding = 4; lastKnownFileType = sourcecode.c.h; path = XBHttpRequestDataBuilder.h; sourceTree = "<group>"; };
		429E6CB4198961CE00EFF372 /* XBInfiniteArrayDataSourceTest.m */ = {isa = PBXFileReference; fileEncoding = 4; lastKnownFileType = sourcecode.c.objc; path = XBInfiniteArrayDataSourceTest.m; sourceTree = "<group>"; };
		429E6CB81989621E00EFF372 /* XBArrayTransformationOperation.h */ = {isa = PBXFileReference; fileEncoding = 4; lastKnownFileType = sourcecode.c.h; path = XBArrayTransformationOperation.h; sourceTree = "<group>"; };
		429E6CB91989621E00EFF372 /* XBArrayTransformationOperation.m */ = {isa = PBXFileReference; fileEncoding = 4; lastKnownFileType = sourcecode.c.objc; path = XBArrayTransformationOperation.m; sourceTree = "<group>"; };
		429E6CBE1989623A00EFF372 /* XBToolkitOperation.h */ = {isa = PBXFileReference; fileEncoding = 4; lastKnownFileType = sourcecode.c.h; path = XBToolkitOperation.h; sourceTree = "<group>"; };
		429E6CC11989625F00EFF372 /* XBBundleJsonReadingOperation.h */ = {isa = PBXFileReference; fileEncoding = 4; lastKnownFileType = sourcecode.c.h; path = XBBundleJsonReadingOperation.h; sourceTree = "<group>"; };
		429E6CC21989625F00EFF372 /* XBBundleJsonReadingOperation.m */ = {isa = PBXFileReference; fileEncoding = 4; lastKnownFileType = sourcecode.c.objc; path = XBBundleJsonReadingOperation.m; sourceTree = "<group>"; };
		429E6CC6198962B700EFF372 /* XBLogger.h */ = {isa = PBXFileReference; fileEncoding = 4; lastKnownFileType = sourcecode.c.h; path = XBLogger.h; sourceTree = "<group>"; };
		429E6CC7198962B700EFF372 /* XBLogger.m */ = {isa = PBXFileReference; fileEncoding = 4; lastKnownFileType = sourcecode.c.objc; path = XBLogger.m; sourceTree = "<group>"; };
		42E8363F18BF99E700FEDF17 /* JSONKit.h */ = {isa = PBXFileReference; fileEncoding = 4; lastKnownFileType = sourcecode.c.h; path = JSONKit.h; sourceTree = "<group>"; };
		42E8364018BF99E700FEDF17 /* JSONKit.m */ = {isa = PBXFileReference; fileEncoding = 4; lastKnownFileType = sourcecode.c.objc; path = JSONKit.m; sourceTree = "<group>"; };
		5409573D1710A87F00B006B0 /* XBCache.h */ = {isa = PBXFileReference; fileEncoding = 4; lastKnownFileType = sourcecode.c.h; path = XBCache.h; sourceTree = "<group>"; };
		5409573E1710A87F00B006B0 /* XBCache.m */ = {isa = PBXFileReference; fileEncoding = 4; lastKnownFileType = sourcecode.c.objc; path = XBCache.m; sourceTree = "<group>"; };
		5409573F1710A87F00B006B0 /* XBCacheElement.h */ = {isa = PBXFileReference; fileEncoding = 4; lastKnownFileType = sourcecode.c.h; path = XBCacheElement.h; sourceTree = "<group>"; };
		540957401710A87F00B006B0 /* XBCacheElement.m */ = {isa = PBXFileReference; fileEncoding = 4; lastKnownFileType = sourcecode.c.objc; path = XBCacheElement.m; sourceTree = "<group>"; };
		540957411710A87F00B006B0 /* XBCacheSupport.h */ = {isa = PBXFileReference; fileEncoding = 4; lastKnownFileType = sourcecode.c.h; path = XBCacheSupport.h; sourceTree = "<group>"; };
		540957421710A87F00B006B0 /* XBFileSystemCacheSupport.h */ = {isa = PBXFileReference; fileEncoding = 4; lastKnownFileType = sourcecode.c.h; path = XBFileSystemCacheSupport.h; sourceTree = "<group>"; };
		540957431710A87F00B006B0 /* XBFileSystemCacheSupport.m */ = {isa = PBXFileReference; fileEncoding = 4; lastKnownFileType = sourcecode.c.objc; path = XBFileSystemCacheSupport.m; sourceTree = "<group>"; };
		540957471710A87F00B006B0 /* NSDateFormatter+XBAdditions.h */ = {isa = PBXFileReference; fileEncoding = 4; lastKnownFileType = sourcecode.c.h; path = "NSDateFormatter+XBAdditions.h"; sourceTree = "<group>"; };
		540957481710A87F00B006B0 /* NSDateFormatter+XBAdditions.m */ = {isa = PBXFileReference; fileEncoding = 4; lastKnownFileType = sourcecode.c.objc; path = "NSDateFormatter+XBAdditions.m"; sourceTree = "<group>"; };
		540957491710A87F00B006B0 /* NSDictionary+XBAdditions.h */ = {isa = PBXFileReference; fileEncoding = 4; lastKnownFileType = sourcecode.c.h; path = "NSDictionary+XBAdditions.h"; sourceTree = "<group>"; };
		5409574A1710A87F00B006B0 /* NSDictionary+XBAdditions.m */ = {isa = PBXFileReference; fileEncoding = 4; lastKnownFileType = sourcecode.c.objc; path = "NSDictionary+XBAdditions.m"; sourceTree = "<group>"; };
		5409574B1710A87F00B006B0 /* NSError+XBAdditions.h */ = {isa = PBXFileReference; fileEncoding = 4; lastKnownFileType = sourcecode.c.h; path = "NSError+XBAdditions.h"; sourceTree = "<group>"; };
		5409574C1710A87F00B006B0 /* NSError+XBAdditions.m */ = {isa = PBXFileReference; fileEncoding = 4; lastKnownFileType = sourcecode.c.objc; path = "NSError+XBAdditions.m"; sourceTree = "<group>"; };
		5409574D1710A87F00B006B0 /* NSNumber+XBAdditions.h */ = {isa = PBXFileReference; fileEncoding = 4; lastKnownFileType = sourcecode.c.h; path = "NSNumber+XBAdditions.h"; sourceTree = "<group>"; };
		5409574E1710A87F00B006B0 /* NSNumber+XBAdditions.m */ = {isa = PBXFileReference; fileEncoding = 4; lastKnownFileType = sourcecode.c.objc; path = "NSNumber+XBAdditions.m"; sourceTree = "<group>"; };
		5409574F1710A87F00B006B0 /* NSURL+XBAdditions.h */ = {isa = PBXFileReference; fileEncoding = 4; lastKnownFileType = sourcecode.c.h; path = "NSURL+XBAdditions.h"; sourceTree = "<group>"; };
		540957501710A87F00B006B0 /* NSURL+XBAdditions.m */ = {isa = PBXFileReference; fileEncoding = 4; lastKnownFileType = sourcecode.c.objc; path = "NSURL+XBAdditions.m"; sourceTree = "<group>"; };
		540957541710A87F00B006B0 /* XBCompositeArrayDataSource+protected.h */ = {isa = PBXFileReference; fileEncoding = 4; lastKnownFileType = sourcecode.c.h; path = "XBCompositeArrayDataSource+protected.h"; sourceTree = "<group>"; };
		540957551710A87F00B006B0 /* XBCompositeArrayDataSource.h */ = {isa = PBXFileReference; fileEncoding = 4; lastKnownFileType = sourcecode.c.h; path = XBCompositeArrayDataSource.h; sourceTree = "<group>"; };
		540957561710A87F00B006B0 /* XBCompositeArrayDataSource.m */ = {isa = PBXFileReference; fileEncoding = 4; lastKnownFileType = sourcecode.c.objc; path = XBCompositeArrayDataSource.m; sourceTree = "<group>"; };
		540957571710A87F00B006B0 /* XBPagedCompositeArrayDataSource.h */ = {isa = PBXFileReference; fileEncoding = 4; lastKnownFileType = sourcecode.c.h; path = XBPagedCompositeArrayDataSource.h; sourceTree = "<group>"; };
		540957581710A87F00B006B0 /* XBPagedCompositeArrayDataSource.m */ = {isa = PBXFileReference; fileEncoding = 4; lastKnownFileType = sourcecode.c.objc; path = XBPagedCompositeArrayDataSource.m; sourceTree = "<group>"; };
		540957611710A87F00B006B0 /* XBBundleJsonDataLoader.h */ = {isa = PBXFileReference; fileEncoding = 4; lastKnownFileType = sourcecode.c.h; path = XBBundleJsonDataLoader.h; sourceTree = "<group>"; };
		540957621710A87F00B006B0 /* XBBundleJsonDataLoader.m */ = {isa = PBXFileReference; fileEncoding = 4; lastKnownFileType = sourcecode.c.objc; path = XBBundleJsonDataLoader.m; sourceTree = "<group>"; };
		540957631710A87F00B006B0 /* XBCacheableDataLoader.h */ = {isa = PBXFileReference; fileEncoding = 4; lastKnownFileType = sourcecode.c.h; path = XBCacheableDataLoader.h; sourceTree = "<group>"; };
		540957641710A87F00B006B0 /* XBCacheableDataLoader.m */ = {isa = PBXFileReference; fileEncoding = 4; lastKnownFileType = sourcecode.c.objc; path = XBCacheableDataLoader.m; sourceTree = "<group>"; };
		540957651710A87F00B006B0 /* XBCacheKeyBuilder.h */ = {isa = PBXFileReference; fileEncoding = 4; lastKnownFileType = sourcecode.c.h; path = XBCacheKeyBuilder.h; sourceTree = "<group>"; };
		540957661710A87F00B006B0 /* XBDataLoader.h */ = {isa = PBXFileReference; fileEncoding = 4; lastKnownFileType = sourcecode.c.h; path = XBDataLoader.h; sourceTree = "<group>"; };
		540957671710A87F00B006B0 /* XBHttpDataLoader.h */ = {isa = PBXFileReference; fileEncoding = 4; lastKnownFileType = sourcecode.c.h; path = XBHttpDataLoader.h; sourceTree = "<group>"; };
		540957681710A87F00B006B0 /* XBHttpDataLoaderCacheKeyBuilder.h */ = {isa = PBXFileReference; fileEncoding = 4; lastKnownFileType = sourcecode.c.h; path = XBHttpDataLoaderCacheKeyBuilder.h; sourceTree = "<group>"; };
		540957691710A87F00B006B0 /* XBHttpDataLoaderCacheKeyBuilder.m */ = {isa = PBXFileReference; fileEncoding = 4; lastKnownFileType = sourcecode.c.objc; path = XBHttpDataLoaderCacheKeyBuilder.m; sourceTree = "<group>"; };
		5409576D1710A87F00B006B0 /* XBDataMapper.h */ = {isa = PBXFileReference; fileEncoding = 4; lastKnownFileType = sourcecode.c.h; path = XBDataMapper.h; sourceTree = "<group>"; };
		5409576E1710A87F00B006B0 /* XBJsonToArrayDataMapper.h */ = {isa = PBXFileReference; fileEncoding = 4; lastKnownFileType = sourcecode.c.h; path = XBJsonToArrayDataMapper.h; sourceTree = "<group>"; };
		5409576F1710A87F00B006B0 /* XBJsonToArrayDataMapper.m */ = {isa = PBXFileReference; fileEncoding = 4; lastKnownFileType = sourcecode.c.objc; path = XBJsonToArrayDataMapper.m; sourceTree = "<group>"; };
		540957711710A87F00B006B0 /* XBArrayDataMerger.h */ = {isa = PBXFileReference; fileEncoding = 4; lastKnownFileType = sourcecode.c.h; path = XBArrayDataMerger.h; sourceTree = "<group>"; };
		540957721710A87F00B006B0 /* XBArrayDataMerger.m */ = {isa = PBXFileReference; fileEncoding = 4; lastKnownFileType = sourcecode.c.objc; path = XBArrayDataMerger.m; sourceTree = "<group>"; };
		540957731710A87F00B006B0 /* XBDataMerger.h */ = {isa = PBXFileReference; fileEncoding = 4; lastKnownFileType = sourcecode.c.h; path = XBDataMerger.h; sourceTree = "<group>"; };
		540957741710A87F00B006B0 /* XBDictionaryDataMerger.h */ = {isa = PBXFileReference; fileEncoding = 4; lastKnownFileType = sourcecode.c.h; path = XBDictionaryDataMerger.h; sourceTree = "<group>"; };
		540957751710A87F00B006B0 /* XBDictionaryDataMerger.m */ = {isa = PBXFileReference; fileEncoding = 4; lastKnownFileType = sourcecode.c.objc; path = XBDictionaryDataMerger.m; sourceTree = "<group>"; };
		540957791710A87F00B006B0 /* XBDataPager.h */ = {isa = PBXFileReference; fileEncoding = 4; lastKnownFileType = sourcecode.c.h; path = XBDataPager.h; sourceTree = "<group>"; };
		540957841710A87F00B006B0 /* XBHttpClient.h */ = {isa = PBXFileReference; fileEncoding = 4; lastKnownFileType = sourcecode.c.h; path = XBHttpClient.h; sourceTree = "<group>"; };
		540957851710A87F00B006B0 /* XBHttpClient.m */ = {isa = PBXFileReference; fileEncoding = 4; lastKnownFileType = sourcecode.c.objc; path = XBHttpClient.m; sourceTree = "<group>"; };
		5409578A1710A87F00B006B0 /* XBToolkit.h */ = {isa = PBXFileReference; fileEncoding = 4; lastKnownFileType = sourcecode.c.h; path = XBToolkit.h; sourceTree = "<group>"; };
		54095B181711ABDA00B006B0 /* XBLogging.h */ = {isa = PBXFileReference; fileEncoding = 4; lastKnownFileType = sourcecode.c.h; path = XBLogging.h; sourceTree = "<group>"; };
		54095B1B17120CE600B006B0 /* XBDate.h */ = {isa = PBXFileReference; fileEncoding = 4; lastKnownFileType = sourcecode.c.h; path = XBDate.h; sourceTree = "<group>"; };
		54095B1C17120CE600B006B0 /* XBDate.m */ = {isa = PBXFileReference; fileEncoding = 4; lastKnownFileType = sourcecode.c.objc; path = XBDate.m; sourceTree = "<group>"; };
		5420831117074CCC00290AEF /* XBToolkit-osx.framework */ = {isa = PBXFileReference; explicitFileType = wrapper.framework; includeInIndex = 0; path = "XBToolkit-osx.framework"; sourceTree = BUILT_PRODUCTS_DIR; };
		5420831417074CCC00290AEF /* Cocoa.framework */ = {isa = PBXFileReference; lastKnownFileType = wrapper.framework; name = Cocoa.framework; path = System/Library/Frameworks/Cocoa.framework; sourceTree = SDKROOT; };
		5420831717074CCC00290AEF /* AppKit.framework */ = {isa = PBXFileReference; lastKnownFileType = wrapper.framework; name = AppKit.framework; path = System/Library/Frameworks/AppKit.framework; sourceTree = SDKROOT; };
		5420831817074CCC00290AEF /* CoreData.framework */ = {isa = PBXFileReference; lastKnownFileType = wrapper.framework; name = CoreData.framework; path = System/Library/Frameworks/CoreData.framework; sourceTree = SDKROOT; };
		5420831917074CCC00290AEF /* Foundation.framework */ = {isa = PBXFileReference; lastKnownFileType = wrapper.framework; name = Foundation.framework; path = System/Library/Frameworks/Foundation.framework; sourceTree = SDKROOT; };
		5420831C17074CCC00290AEF /* XBToolkit-osx-Info.plist */ = {isa = PBXFileReference; lastKnownFileType = text.plist.xml; path = "XBToolkit-osx-Info.plist"; sourceTree = "<group>"; };
		5420831E17074CCC00290AEF /* en */ = {isa = PBXFileReference; lastKnownFileType = text.plist.strings; name = en; path = en.lproj/InfoPlist.strings; sourceTree = "<group>"; };
		5420832017074CCC00290AEF /* XBToolkit-osx-Prefix.pch */ = {isa = PBXFileReference; lastKnownFileType = sourcecode.c.h; path = "XBToolkit-osx-Prefix.pch"; sourceTree = "<group>"; };
		5420833217074CCD00290AEF /* XBToolkit-osxTests-Info.plist */ = {isa = PBXFileReference; lastKnownFileType = text.plist.xml; path = "XBToolkit-osxTests-Info.plist"; sourceTree = "<group>"; };
		5420833417074CCD00290AEF /* en */ = {isa = PBXFileReference; lastKnownFileType = text.plist.strings; name = en; path = en.lproj/InfoPlist.strings; sourceTree = "<group>"; };
		5420857D1707555B00290AEF /* XBBundleArrayDataSourceTest.m */ = {isa = PBXFileReference; fileEncoding = 4; lastKnownFileType = sourcecode.c.objc; path = XBBundleArrayDataSourceTest.m; sourceTree = "<group>"; };
		5420857F1707555B00290AEF /* XBPagedCompositeArrayDataSourceTest.m */ = {isa = PBXFileReference; fileEncoding = 4; lastKnownFileType = sourcecode.c.objc; path = XBPagedCompositeArrayDataSourceTest.m; sourceTree = "<group>"; };
		542085871707572C00290AEF /* WPAuthor.h */ = {isa = PBXFileReference; fileEncoding = 4; lastKnownFileType = sourcecode.c.h; path = WPAuthor.h; sourceTree = "<group>"; };
		542085881707572C00290AEF /* WPAuthor.m */ = {isa = PBXFileReference; fileEncoding = 4; lastKnownFileType = sourcecode.c.objc; path = WPAuthor.m; sourceTree = "<group>"; };
		549B75B817078E4500190FEB /* XBToolkit-osxTests.app */ = {isa = PBXFileReference; explicitFileType = wrapper.application; includeInIndex = 0; path = "XBToolkit-osxTests.app"; sourceTree = BUILT_PRODUCTS_DIR; };
		54C534031707913E001DB282 /* GHTestApp.xib */ = {isa = PBXFileReference; fileEncoding = 4; lastKnownFileType = file.xib; name = GHTestApp.xib; path = "Pods/GHUnitOSX/Classes-MacOSX/UI/GHTestApp.xib"; sourceTree = SOURCE_ROOT; };
		54C534061707913E001DB282 /* GHTestView.xib */ = {isa = PBXFileReference; fileEncoding = 4; lastKnownFileType = file.xib; name = GHTestView.xib; path = "Pods/GHUnitOSX/Classes-MacOSX/UI/GHTestView.xib"; sourceTree = SOURCE_ROOT; };
		54C534091707913E001DB282 /* GHTestWindow.xib */ = {isa = PBXFileReference; fileEncoding = 4; lastKnownFileType = file.xib; name = GHTestWindow.xib; path = "Pods/GHUnitOSX/Classes-MacOSX/UI/GHTestWindow.xib"; sourceTree = SOURCE_ROOT; };
		54C534131707923F001DB282 /* GHUnitTestMain.m */ = {isa = PBXFileReference; fileEncoding = 4; lastKnownFileType = sourcecode.c.objc; path = GHUnitTestMain.m; sourceTree = "<group>"; };
		54C5343117079744001DB282 /* SystemConfiguration.framework */ = {isa = PBXFileReference; lastKnownFileType = wrapper.framework; name = SystemConfiguration.framework; path = System/Library/Frameworks/SystemConfiguration.framework; sourceTree = SDKROOT; };
		54C5343B1707B547001DB282 /* XBToolkit-osxTests-Prefix.pch */ = {isa = PBXFileReference; fileEncoding = 4; lastKnownFileType = sourcecode.c.h; path = "XBToolkit-osxTests-Prefix.pch"; sourceTree = "<group>"; };
		5BAC8487F5AA4D4F8B5E182B /* Pods.xcconfig */ = {isa = PBXFileReference; includeInIndex = 1; lastKnownFileType = text.xcconfig; name = Pods.xcconfig; path = Pods/Pods.xcconfig; sourceTree = SOURCE_ROOT; };
		72B3824529A54E39954194F6 /* libPods-XBToolkit-osxTests.a */ = {isa = PBXFileReference; explicitFileType = archive.ar; includeInIndex = 0; path = "libPods-XBToolkit-osxTests.a"; sourceTree = BUILT_PRODUCTS_DIR; };
		AE88119C5B574B80B47C72FC /* Pods-XBToolkit-osxTests.xcconfig */ = {isa = PBXFileReference; includeInIndex = 1; lastKnownFileType = text.xcconfig; name = "Pods-XBToolkit-osxTests.xcconfig"; path = "Pods/Pods-XBToolkit-osxTests.xcconfig"; sourceTree = SOURCE_ROOT; };
		BEE6E5ECACDD49AAA2B0ECE6 /* Pods-XBToolkit-osxTests.xcconfig */ = {isa = PBXFileReference; includeInIndex = 1; lastKnownFileType = text.xcconfig; name = "Pods-XBToolkit-osxTests.xcconfig"; path = "Pods/Pods-XBToolkit-osxTests.xcconfig"; sourceTree = SOURCE_ROOT; };
		D026A35469DD4A979A24A9C4 /* libPods.a */ = {isa = PBXFileReference; explicitFileType = archive.ar; includeInIndex = 0; path = libPods.a; sourceTree = BUILT_PRODUCTS_DIR; };
		DB34D01415ACD2C195BABF70 /* NSIndexSet+XBAdditions.h */ = {isa = PBXFileReference; fileEncoding = 4; lastKnownFileType = sourcecode.c.h; path = "NSIndexSet+XBAdditions.h"; sourceTree = "<group>"; };
		DB34D093A8CEB7E3B12F1597 /* wp-author-index-p2.json */ = {isa = PBXFileReference; lastKnownFileType = file.json; path = "wp-author-index-p2.json"; sourceTree = "<group>"; };
		DB34D1E885637177A9361457 /* XBTestUtils.m */ = {isa = PBXFileReference; fileEncoding = 4; lastKnownFileType = sourcecode.c.objc; path = XBTestUtils.m; sourceTree = "<group>"; };
		DB34D200ABC384E9F3B4F466 /* XBTestUtils.h */ = {isa = PBXFileReference; fileEncoding = 4; lastKnownFileType = sourcecode.c.h; path = XBTestUtils.h; sourceTree = "<group>"; };
		DB34D22CCF72505A6BFD7C94 /* NSString+XBAdditions.m */ = {isa = PBXFileReference; fileEncoding = 4; lastKnownFileType = sourcecode.c.objc; path = "NSString+XBAdditions.m"; sourceTree = "<group>"; };
		DB34D27D6AF155BB72D016C9 /* NSIndexSetTest.m */ = {isa = PBXFileReference; fileEncoding = 4; lastKnownFileType = sourcecode.c.objc; path = NSIndexSetTest.m; sourceTree = "<group>"; };
		DB34D2CE403BAB7810F2D545 /* NSIndexSet+XBAdditions.m */ = {isa = PBXFileReference; fileEncoding = 4; lastKnownFileType = sourcecode.c.objc; path = "NSIndexSet+XBAdditions.m"; sourceTree = "<group>"; };
		DB34D2E1FD74187E4F6E485C /* wp-author-index-p3.json */ = {isa = PBXFileReference; lastKnownFileType = file.json; path = "wp-author-index-p3.json"; sourceTree = "<group>"; };
		DB34D2F33FBCB81270505952 /* XBCacheableDataLoaderTest.m */ = {isa = PBXFileReference; fileEncoding = 4; lastKnownFileType = sourcecode.c.objc; path = XBCacheableDataLoaderTest.m; sourceTree = "<group>"; };
		DB34D354E27FE054948B1F84 /* XBHttpArrayDataSourceTest.m */ = {isa = PBXFileReference; fileEncoding = 4; lastKnownFileType = sourcecode.c.objc; path = XBHttpArrayDataSourceTest.m; sourceTree = "<group>"; };
		DB34D3640E36DBFF1FB9F8E5 /* XBJsonToArrayDataMapperTest.m */ = {isa = PBXFileReference; fileEncoding = 4; lastKnownFileType = sourcecode.c.objc; path = XBJsonToArrayDataMapperTest.m; sourceTree = "<group>"; };
		DB34D3837469B508DF52EB33 /* XBBundleJsonDataLoaderTest.m */ = {isa = PBXFileReference; fileEncoding = 4; lastKnownFileType = sourcecode.c.objc; path = XBBundleJsonDataLoaderTest.m; sourceTree = "<group>"; };
		DB34D44FA052A7B927E1BBAB /* XBArrayDataMergerTest.m */ = {isa = PBXFileReference; fileEncoding = 4; lastKnownFileType = sourcecode.c.objc; path = XBArrayDataMergerTest.m; sourceTree = "<group>"; };
		DB34D48B7FAE2311FB3BA7E7 /* XBHttpDataLoaderCacheKeyBuilderTest.m */ = {isa = PBXFileReference; fileEncoding = 4; lastKnownFileType = sourcecode.c.objc; path = XBHttpDataLoaderCacheKeyBuilderTest.m; sourceTree = "<group>"; };
		DB34D55351B8BBAEF8280175 /* NSString+XBAdditions.h */ = {isa = PBXFileReference; fileEncoding = 4; lastKnownFileType = sourcecode.c.h; path = "NSString+XBAdditions.h"; sourceTree = "<group>"; };
		DB34D5543B1242172F9F2D2B /* wp-author-index-p1.json */ = {isa = PBXFileReference; lastKnownFileType = file.json; path = "wp-author-index-p1.json"; sourceTree = "<group>"; };
		DB34D781B65895F1EC46A4AF /* XBBasicHttpQueryParamBuilderTest.m */ = {isa = PBXFileReference; fileEncoding = 4; lastKnownFileType = sourcecode.c.objc; path = XBBasicHttpQueryParamBuilderTest.m; sourceTree = "<group>"; };
		DB34D7BD84C3B2E15179DC5B /* XBDictionaryDataMergerTest.m */ = {isa = PBXFileReference; fileEncoding = 4; lastKnownFileType = sourcecode.c.objc; path = XBDictionaryDataMergerTest.m; sourceTree = "<group>"; };
		DB34DC6E7779C0160C7E440B /* wp-author-index.json */ = {isa = PBXFileReference; lastKnownFileType = file.json; path = "wp-author-index.json"; sourceTree = "<group>"; };
		DB34DEB569802BBD30554F7C /* NSStringTest.m */ = {isa = PBXFileReference; fileEncoding = 4; lastKnownFileType = sourcecode.c.objc; path = NSStringTest.m; sourceTree = "<group>"; };
		DB34DF19B2924CD7B234A10A /* XBHttpJsonDataLoaderTest.m */ = {isa = PBXFileReference; fileEncoding = 4; lastKnownFileType = sourcecode.c.objc; path = XBHttpJsonDataLoaderTest.m; sourceTree = "<group>"; };
/* End PBXFileReference section */

/* Begin PBXFrameworksBuildPhase section */
		5420830D17074CCC00290AEF /* Frameworks */ = {
			isa = PBXFrameworksBuildPhase;
			buildActionMask = 2147483647;
			files = (
				5420831517074CCC00290AEF /* Cocoa.framework in Frameworks */,
				423F73C81757B7880023783F /* SystemConfiguration.framework in Frameworks */,
				0D9E8E90BA24418F9196858E /* libPods.a in Frameworks */,
			);
			runOnlyForDeploymentPostprocessing = 0;
		};
		549B75B517078E4500190FEB /* Frameworks */ = {
			isa = PBXFrameworksBuildPhase;
			buildActionMask = 2147483647;
			files = (
				54C5343917079C95001DB282 /* libPods.a in Frameworks */,
				54C5343417079B22001DB282 /* libPods-XBToolkit-osxTests.a in Frameworks */,
				54C5343217079744001DB282 /* SystemConfiguration.framework in Frameworks */,
				549B75B917078E4500190FEB /* Cocoa.framework in Frameworks */,
			);
			runOnlyForDeploymentPostprocessing = 0;
		};
/* End PBXFrameworksBuildPhase section */

/* Begin PBXGroup section */
		423F73A01757B7280023783F /* Array */ = {
			isa = PBXGroup;
			children = (
				429E6C9E198960EB00EFF372 /* XBInfiniteArrayDataSource.h */,
				429E6C9F198960EB00EFF372 /* XBInfiniteArrayDataSource.m */,
				429E6CA0198960EB00EFF372 /* XBInfiniteArrayDataSource+protected.h */,
				423F73A11757B7280023783F /* XBArrayDataSource+protected.h */,
				423F73A21757B7280023783F /* XBArrayDataSource.h */,
				423F73A31757B7280023783F /* XBArrayDataSource.m */,
				423F73A71757B7280023783F /* XBReloadableArrayDataSource+protected.h */,
				423F73A81757B7280023783F /* XBReloadableArrayDataSource.h */,
				423F73A91757B7280023783F /* XBReloadableArrayDataSource.m */,
			);
			path = Array;
			sourceTree = "<group>";
		};
		423F73AA1757B7280023783F /* Object */ = {
			isa = PBXGroup;
			children = (
				423F73AB1757B7280023783F /* XBObjectDataSource+protected.h */,
				423F73AC1757B7280023783F /* XBObjectDataSource.h */,
				423F73AD1757B7280023783F /* XBObjectDataSource.m */,
				423F73AE1757B7280023783F /* XBReloadableObjectDataSource.h */,
				423F73AF1757B7280023783F /* XBReloadableObjectDataSource.m */,
			);
			path = Object;
			sourceTree = "<group>";
		};
		429E6CA51989610C00EFF372 /* RequestData */ = {
			isa = PBXGroup;
			children = (
				429E6CA61989610C00EFF372 /* XBBasicHttpQueryParamBuilder.h */,
				429E6CA71989610C00EFF372 /* XBBasicHttpQueryParamBuilder.m */,
				429E6CA81989610C00EFF372 /* XBDataPagerHttpQueryDataBuilder.h */,
				429E6CA91989610C00EFF372 /* XBDataPagerHttpQueryDataBuilder.m */,
				429E6CAA1989610C00EFF372 /* XBHTTPMappedRequestDataBuilder.h */,
				429E6CAB1989610C00EFF372 /* XBHttpRequestDataBuilder.h */,
			);
			path = RequestData;
			sourceTree = "<group>";
		};
		429E6CB71989621E00EFF372 /* Transformation */ = {
			isa = PBXGroup;
			children = (
				429E6CB81989621E00EFF372 /* XBArrayTransformationOperation.h */,
				429E6CB91989621E00EFF372 /* XBArrayTransformationOperation.m */,
			);
			path = Transformation;
			sourceTree = "<group>";
		};
		429E6CBD1989623A00EFF372 /* Operation */ = {
			isa = PBXGroup;
			children = (
				429E6CBE1989623A00EFF372 /* XBToolkitOperation.h */,
			);
			path = Operation;
			sourceTree = "<group>";
		};
		429E6CC01989625F00EFF372 /* Bundle */ = {
			isa = PBXGroup;
			children = (
				429E6CC11989625F00EFF372 /* XBBundleJsonReadingOperation.h */,
				429E6CC21989625F00EFF372 /* XBBundleJsonReadingOperation.m */,
			);
			path = Bundle;
			sourceTree = "<group>";
		};
		42E8363E18BF99E700FEDF17 /* GCJSONKit */ = {
			isa = PBXGroup;
			children = (
				42E8363F18BF99E700FEDF17 /* JSONKit.h */,
				42E8364018BF99E700FEDF17 /* JSONKit.m */,
			);
			name = GCJSONKit;
			path = ../Frameworks/GCJSONKit;
			sourceTree = "<group>";
		};
		5409573B1710A87E00B006B0 /* XBToolkit-common */ = {
			isa = PBXGroup;
			children = (
				5409573C1710A87F00B006B0 /* Cache */,
				540957441710A87F00B006B0 /* Category */,
				540957511710A87F00B006B0 /* DataSource */,
				540957831710A87F00B006B0 /* Http */,
				54095B171711ABDA00B006B0 /* Logging */,
				54095B1A17120CE600B006B0 /* Utils */,
				5409578A1710A87F00B006B0 /* XBToolkit.h */,
			);
			name = "XBToolkit-common";
			path = "../XBToolkit-common";
			sourceTree = "<group>";
		};
		5409573C1710A87F00B006B0 /* Cache */ = {
			isa = PBXGroup;
			children = (
				5409573D1710A87F00B006B0 /* XBCache.h */,
				5409573E1710A87F00B006B0 /* XBCache.m */,
				5409573F1710A87F00B006B0 /* XBCacheElement.h */,
				540957401710A87F00B006B0 /* XBCacheElement.m */,
				540957411710A87F00B006B0 /* XBCacheSupport.h */,
				540957421710A87F00B006B0 /* XBFileSystemCacheSupport.h */,
				540957431710A87F00B006B0 /* XBFileSystemCacheSupport.m */,
			);
			path = Cache;
			sourceTree = "<group>";
		};
		540957441710A87F00B006B0 /* Category */ = {
			isa = PBXGroup;
			children = (
				540957471710A87F00B006B0 /* NSDateFormatter+XBAdditions.h */,
				540957481710A87F00B006B0 /* NSDateFormatter+XBAdditions.m */,
				540957491710A87F00B006B0 /* NSDictionary+XBAdditions.h */,
				5409574A1710A87F00B006B0 /* NSDictionary+XBAdditions.m */,
				5409574B1710A87F00B006B0 /* NSError+XBAdditions.h */,
				5409574C1710A87F00B006B0 /* NSError+XBAdditions.m */,
				5409574D1710A87F00B006B0 /* NSNumber+XBAdditions.h */,
				5409574E1710A87F00B006B0 /* NSNumber+XBAdditions.m */,
				5409574F1710A87F00B006B0 /* NSURL+XBAdditions.h */,
				540957501710A87F00B006B0 /* NSURL+XBAdditions.m */,
				DB34D01415ACD2C195BABF70 /* NSIndexSet+XBAdditions.h */,
				DB34D55351B8BBAEF8280175 /* NSString+XBAdditions.h */,
				DB34D22CCF72505A6BFD7C94 /* NSString+XBAdditions.m */,
				DB34D2CE403BAB7810F2D545 /* NSIndexSet+XBAdditions.m */,
			);
			path = Category;
			sourceTree = "<group>";
		};
		540957511710A87F00B006B0 /* DataSource */ = {
			isa = PBXGroup;
			children = (
				429E6CC01989625F00EFF372 /* Bundle */,
				429E6CB71989621E00EFF372 /* Transformation */,
				423F73A01757B7280023783F /* Array */,
				423F73AA1757B7280023783F /* Object */,
				540957531710A87F00B006B0 /* Composite */,
				540957591710A87F00B006B0 /* Http */,
				540957601710A87F00B006B0 /* Loader */,
				5409576C1710A87F00B006B0 /* Mapper */,
				540957701710A87F00B006B0 /* Merger */,
				429E6CBD1989623A00EFF372 /* Operation */,
				540957761710A87F00B006B0 /* Paging */,
			);
			path = DataSource;
			sourceTree = "<group>";
		};
		540957531710A87F00B006B0 /* Composite */ = {
			isa = PBXGroup;
			children = (
				540957541710A87F00B006B0 /* XBCompositeArrayDataSource+protected.h */,
				540957551710A87F00B006B0 /* XBCompositeArrayDataSource.h */,
				540957561710A87F00B006B0 /* XBCompositeArrayDataSource.m */,
				540957571710A87F00B006B0 /* XBPagedCompositeArrayDataSource.h */,
				540957581710A87F00B006B0 /* XBPagedCompositeArrayDataSource.m */,
			);
			path = Composite;
			sourceTree = "<group>";
		};
		540957591710A87F00B006B0 /* Http */ = {
			isa = PBXGroup;
			children = (
				429E6CA51989610C00EFF372 /* RequestData */,
			);
			path = Http;
			sourceTree = "<group>";
		};
		540957601710A87F00B006B0 /* Loader */ = {
			isa = PBXGroup;
			children = (
				429E6C94198960C400EFF372 /* XBHttpMappedDataLoader.h */,
				429E6C95198960C400EFF372 /* XBArrayBridgeDataLoader.h */,
				429E6C96198960C400EFF372 /* XBArrayBridgeDataLoader.m */,
				429E6C97198960C400EFF372 /* XBHttpMappedDataLoader.m */,
				540957611710A87F00B006B0 /* XBBundleJsonDataLoader.h */,
				540957621710A87F00B006B0 /* XBBundleJsonDataLoader.m */,
				540957631710A87F00B006B0 /* XBCacheableDataLoader.h */,
				540957641710A87F00B006B0 /* XBCacheableDataLoader.m */,
				540957651710A87F00B006B0 /* XBCacheKeyBuilder.h */,
				540957661710A87F00B006B0 /* XBDataLoader.h */,
				540957671710A87F00B006B0 /* XBHttpDataLoader.h */,
				540957681710A87F00B006B0 /* XBHttpDataLoaderCacheKeyBuilder.h */,
				540957691710A87F00B006B0 /* XBHttpDataLoaderCacheKeyBuilder.m */,
			);
			path = Loader;
			sourceTree = "<group>";
		};
		5409576C1710A87F00B006B0 /* Mapper */ = {
			isa = PBXGroup;
			children = (
				5409576D1710A87F00B006B0 /* XBDataMapper.h */,
				423F73CA1757B88C0023783F /* XBJsonToObjectDataMapper.h */,
				423F73C91757B88C0023783F /* XBJsonToObjectDataMapper.m */,
				5409576E1710A87F00B006B0 /* XBJsonToArrayDataMapper.h */,
				5409576F1710A87F00B006B0 /* XBJsonToArrayDataMapper.m */,
			);
			path = Mapper;
			sourceTree = "<group>";
		};
		540957701710A87F00B006B0 /* Merger */ = {
			isa = PBXGroup;
			children = (
				540957711710A87F00B006B0 /* XBArrayDataMerger.h */,
				540957721710A87F00B006B0 /* XBArrayDataMerger.m */,
				540957731710A87F00B006B0 /* XBDataMerger.h */,
				540957741710A87F00B006B0 /* XBDictionaryDataMerger.h */,
				540957751710A87F00B006B0 /* XBDictionaryDataMerger.m */,
			);
			path = Merger;
			sourceTree = "<group>";
		};
		540957761710A87F00B006B0 /* Paging */ = {
			isa = PBXGroup;
			children = (
				429E6C8F198960B000EFF372 /* XBArrayDataSourcePager.h */,
				429E6C90198960B000EFF372 /* XBArrayDataSourcePager.m */,
				540957791710A87F00B006B0 /* XBDataPager.h */,
			);
			path = Paging;
			sourceTree = "<group>";
		};
		540957831710A87F00B006B0 /* Http */ = {
			isa = PBXGroup;
			children = (
				540957841710A87F00B006B0 /* XBHttpClient.h */,
				540957851710A87F00B006B0 /* XBHttpClient.m */,
			);
			path = Http;
			sourceTree = "<group>";
		};
		54095B171711ABDA00B006B0 /* Logging */ = {
			isa = PBXGroup;
			children = (
				429E6CC6198962B700EFF372 /* XBLogger.h */,
				429E6CC7198962B700EFF372 /* XBLogger.m */,
				54095B181711ABDA00B006B0 /* XBLogging.h */,
			);
			path = Logging;
			sourceTree = "<group>";
		};
		54095B1A17120CE600B006B0 /* Utils */ = {
			isa = PBXGroup;
			children = (
				54095B1B17120CE600B006B0 /* XBDate.h */,
				54095B1C17120CE600B006B0 /* XBDate.m */,
			);
			path = Utils;
			sourceTree = "<group>";
		};
		5420830717074CCC00290AEF = {
			isa = PBXGroup;
			children = (
				5409573B1710A87E00B006B0 /* XBToolkit-common */,
				5420857A1707555B00290AEF /* XBToolkit-commonTests */,
				5420831A17074CCC00290AEF /* XBToolkit-osx */,
				5420833017074CCD00290AEF /* XBToolkit-osxTests */,
				5420831317074CCC00290AEF /* Frameworks */,
				5420831217074CCC00290AEF /* Products */,
				5BAC8487F5AA4D4F8B5E182B /* Pods.xcconfig */,
				AE88119C5B574B80B47C72FC /* Pods-XBToolkit-osxTests.xcconfig */,
				BEE6E5ECACDD49AAA2B0ECE6 /* Pods-XBToolkit-osxTests.xcconfig */,
			);
			sourceTree = "<group>";
		};
		5420831217074CCC00290AEF /* Products */ = {
			isa = PBXGroup;
			children = (
				5420831117074CCC00290AEF /* XBToolkit-osx.framework */,
				549B75B817078E4500190FEB /* XBToolkit-osxTests.app */,
			);
			name = Products;
			sourceTree = "<group>";
		};
		5420831317074CCC00290AEF /* Frameworks */ = {
			isa = PBXGroup;
			children = (
				42E8363E18BF99E700FEDF17 /* GCJSONKit */,
				54C5343117079744001DB282 /* SystemConfiguration.framework */,
				5420831417074CCC00290AEF /* Cocoa.framework */,
				5420831617074CCC00290AEF /* Other Frameworks */,
				D026A35469DD4A979A24A9C4 /* libPods.a */,
				72B3824529A54E39954194F6 /* libPods-XBToolkit-osxTests.a */,
				000C6175096E46839CA6FDB8 /* libPods-XBToolkit-osxTests.a */,
			);
			name = Frameworks;
			sourceTree = "<group>";
		};
		5420831617074CCC00290AEF /* Other Frameworks */ = {
			isa = PBXGroup;
			children = (
				5420831717074CCC00290AEF /* AppKit.framework */,
				5420831817074CCC00290AEF /* CoreData.framework */,
				5420831917074CCC00290AEF /* Foundation.framework */,
			);
			name = "Other Frameworks";
			sourceTree = "<group>";
		};
		5420831A17074CCC00290AEF /* XBToolkit-osx */ = {
			isa = PBXGroup;
			children = (
				5420831B17074CCC00290AEF /* Supporting Files */,
			);
			path = "XBToolkit-osx";
			sourceTree = "<group>";
		};
		5420831B17074CCC00290AEF /* Supporting Files */ = {
			isa = PBXGroup;
			children = (
				5420831C17074CCC00290AEF /* XBToolkit-osx-Info.plist */,
				5420831D17074CCC00290AEF /* InfoPlist.strings */,
				5420832017074CCC00290AEF /* XBToolkit-osx-Prefix.pch */,
			);
			name = "Supporting Files";
			sourceTree = "<group>";
		};
		5420833017074CCD00290AEF /* XBToolkit-osxTests */ = {
			isa = PBXGroup;
			children = (
				54C534131707923F001DB282 /* GHUnitTestMain.m */,
				54C534031707913E001DB282 /* GHTestApp.xib */,
				54C534061707913E001DB282 /* GHTestView.xib */,
				54C534091707913E001DB282 /* GHTestWindow.xib */,
				5420833117074CCD00290AEF /* Supporting Files */,
			);
			path = "XBToolkit-osxTests";
			sourceTree = "<group>";
		};
		5420833117074CCD00290AEF /* Supporting Files */ = {
			isa = PBXGroup;
			children = (
				54C5343B1707B547001DB282 /* XBToolkit-osxTests-Prefix.pch */,
				5420833217074CCD00290AEF /* XBToolkit-osxTests-Info.plist */,
				5420833317074CCD00290AEF /* InfoPlist.strings */,
			);
			name = "Supporting Files";
			sourceTree = "<group>";
		};
		5420857A1707555B00290AEF /* XBToolkit-commonTests */ = {
			isa = PBXGroup;
			children = (
				5420857B1707555B00290AEF /* DataSource */,
				542085851707572C00290AEF /* Model */,
				DB34D736E4E5BBB69614E871 /* Resources */,
				DB34D1E885637177A9361457 /* XBTestUtils.m */,
				DB34D200ABC384E9F3B4F466 /* XBTestUtils.h */,
				DB34D2DD9C9E770972912E43 /* Category */,
			);
			name = "XBToolkit-commonTests";
			path = "../XBToolkit-commonTests";
			sourceTree = "<group>";
		};
		5420857B1707555B00290AEF /* DataSource */ = {
			isa = PBXGroup;
			children = (
				429E6CB4198961CE00EFF372 /* XBInfiniteArrayDataSourceTest.m */,
				5420857C1707555B00290AEF /* Bundle */,
				5420857E1707555B00290AEF /* Composite */,
				542085801707555B00290AEF /* Http */,
				DB34D9636A42926988E2253A /* Mapper */,
				DB34D6DFFF6D20B911C390F8 /* Loader */,
				DB34DD69979B3373C7A44FDB /* Merger */,
			);
			path = DataSource;
			sourceTree = "<group>";
		};
		5420857C1707555B00290AEF /* Bundle */ = {
			isa = PBXGroup;
			children = (
				5420857D1707555B00290AEF /* XBBundleArrayDataSourceTest.m */,
			);
			path = Bundle;
			sourceTree = "<group>";
		};
		5420857E1707555B00290AEF /* Composite */ = {
			isa = PBXGroup;
			children = (
				5420857F1707555B00290AEF /* XBPagedCompositeArrayDataSourceTest.m */,
			);
			path = Composite;
			sourceTree = "<group>";
		};
		542085801707555B00290AEF /* Http */ = {
			isa = PBXGroup;
			children = (
				423F73C31757B7410023783F /* XBHttpObjectDataSourceTest.m */,
				DB34D354E27FE054948B1F84 /* XBHttpArrayDataSourceTest.m */,
				DB34D484A379C0BDB811C559 /* QueryParam */,
			);
			path = Http;
			sourceTree = "<group>";
		};
		542085851707572C00290AEF /* Model */ = {
			isa = PBXGroup;
			children = (
				542085861707572C00290AEF /* WordPress */,
			);
			path = Model;
			sourceTree = "<group>";
		};
		542085861707572C00290AEF /* WordPress */ = {
			isa = PBXGroup;
			children = (
				542085871707572C00290AEF /* WPAuthor.h */,
				542085881707572C00290AEF /* WPAuthor.m */,
				423F73C51757B74C0023783F /* WPPost.h */,
				423F73C61757B74C0023783F /* WPPost.m */,
			);
			path = WordPress;
			sourceTree = "<group>";
		};
		DB34D2DD9C9E770972912E43 /* Category */ = {
			isa = PBXGroup;
			children = (
				DB34D27D6AF155BB72D016C9 /* NSIndexSetTest.m */,
				DB34DEB569802BBD30554F7C /* NSStringTest.m */,
			);
			path = Category;
			sourceTree = "<group>";
		};
		DB34D484A379C0BDB811C559 /* QueryParam */ = {
			isa = PBXGroup;
			children = (
				DB34D781B65895F1EC46A4AF /* XBBasicHttpQueryParamBuilderTest.m */,
			);
			path = QueryParam;
			sourceTree = "<group>";
		};
		DB34D6DFFF6D20B911C390F8 /* Loader */ = {
			isa = PBXGroup;
			children = (
				DB34DF19B2924CD7B234A10A /* XBHttpJsonDataLoaderTest.m */,
				DB34D3837469B508DF52EB33 /* XBBundleJsonDataLoaderTest.m */,
				DB34D2F33FBCB81270505952 /* XBCacheableDataLoaderTest.m */,
				DB34D48B7FAE2311FB3BA7E7 /* XBHttpDataLoaderCacheKeyBuilderTest.m */,
			);
			path = Loader;
			sourceTree = "<group>";
		};
		DB34D736E4E5BBB69614E871 /* Resources */ = {
			isa = PBXGroup;
			children = (
				DB34DCF0C8B0DD53FD220133 /* Data */,
			);
			path = Resources;
			sourceTree = "<group>";
		};
		DB34D9636A42926988E2253A /* Mapper */ = {
			isa = PBXGroup;
			children = (
				DB34D3640E36DBFF1FB9F8E5 /* XBJsonToArrayDataMapperTest.m */,
			);
			path = Mapper;
			sourceTree = "<group>";
		};
		DB34DCF0C8B0DD53FD220133 /* Data */ = {
			isa = PBXGroup;
			children = (
				423F73CE1757B9C60023783F /* wp-post.json */,
				DB34DC6E7779C0160C7E440B /* wp-author-index.json */,
				DB34D5543B1242172F9F2D2B /* wp-author-index-p1.json */,
				DB34D093A8CEB7E3B12F1597 /* wp-author-index-p2.json */,
				DB34D2E1FD74187E4F6E485C /* wp-author-index-p3.json */,
			);
			path = Data;
			sourceTree = "<group>";
		};
		DB34DD69979B3373C7A44FDB /* Merger */ = {
			isa = PBXGroup;
			children = (
				DB34D7BD84C3B2E15179DC5B /* XBDictionaryDataMergerTest.m */,
				DB34D44FA052A7B927E1BBAB /* XBArrayDataMergerTest.m */,
			);
			path = Merger;
			sourceTree = "<group>";
		};
/* End PBXGroup section */

/* Begin PBXHeadersBuildPhase section */
		5420830E17074CCC00290AEF /* Headers */ = {
			isa = PBXHeadersBuildPhase;
			buildActionMask = 2147483647;
			files = (
				DB34D0B9257643367AC3DFB4 /* XBToolkit-osx-Prefix.pch in Headers */,
				429E6CC8198962B700EFF372 /* XBLogger.h in Headers */,
				540957981710A87F00B006B0 /* NSDateFormatter+XBAdditions.h in Headers */,
				5409579B1710A87F00B006B0 /* NSDictionary+XBAdditions.h in Headers */,
				5409579E1710A87F00B006B0 /* NSError+XBAdditions.h in Headers */,
				540957A11710A87F00B006B0 /* NSNumber+XBAdditions.h in Headers */,
				429E6CC31989625F00EFF372 /* XBBundleJsonReadingOperation.h in Headers */,
				540957A41710A87F00B006B0 /* NSURL+XBAdditions.h in Headers */,
				540957A71710A87F00B006B0 /* XBCompositeArrayDataSource+protected.h in Headers */,
				429E6CB31989610C00EFF372 /* XBHttpRequestDataBuilder.h in Headers */,
				540957A81710A87F00B006B0 /* XBCompositeArrayDataSource.h in Headers */,
				42E8364118BF99E700FEDF17 /* JSONKit.h in Headers */,
				540957AB1710A87F00B006B0 /* XBPagedCompositeArrayDataSource.h in Headers */,
				540957B51710A87F00B006B0 /* XBBundleJsonDataLoader.h in Headers */,
				540957B81710A87F00B006B0 /* XBCacheableDataLoader.h in Headers */,
				5409578B1710A87F00B006B0 /* XBCache.h in Headers */,
				540957BB1710A87F00B006B0 /* XBCacheKeyBuilder.h in Headers */,
				540957E81710B4D300B006B0 /* XBFileSystemCacheSupport.h in Headers */,
				429E6CA1198960EB00EFF372 /* XBInfiniteArrayDataSource.h in Headers */,
				5409578E1710A87F00B006B0 /* XBCacheElement.h in Headers */,
				540957911710A87F00B006B0 /* XBCacheSupport.h in Headers */,
				540957BC1710A87F00B006B0 /* XBDataLoader.h in Headers */,
				540957BD1710A87F00B006B0 /* XBHttpDataLoader.h in Headers */,
				540957BE1710A87F00B006B0 /* XBHttpDataLoaderCacheKeyBuilder.h in Headers */,
				540957C41710A87F00B006B0 /* XBDataMapper.h in Headers */,
				540957C51710A87F00B006B0 /* XBJsonToArrayDataMapper.h in Headers */,
				540957C81710A87F00B006B0 /* XBArrayDataMerger.h in Headers */,
				429E6CAF1989610C00EFF372 /* XBDataPagerHttpQueryDataBuilder.h in Headers */,
				540957CB1710A87F00B006B0 /* XBDataMerger.h in Headers */,
				540957CC1710A87F00B006B0 /* XBDictionaryDataMerger.h in Headers */,
				540957D21710A87F00B006B0 /* XBDataPager.h in Headers */,
				540957DF1710A87F00B006B0 /* XBHttpClient.h in Headers */,
				429E6CBA1989621E00EFF372 /* XBArrayTransformationOperation.h in Headers */,
				429E6C99198960C400EFF372 /* XBArrayBridgeDataLoader.h in Headers */,
				429E6CA4198960EB00EFF372 /* XBInfiniteArrayDataSource+protected.h in Headers */,
				540957E61710A87F00B006B0 /* XBToolkit.h in Headers */,
				54095B191711ABDA00B006B0 /* XBLogging.h in Headers */,
				429E6CB21989610C00EFF372 /* XBHTTPMappedRequestDataBuilder.h in Headers */,
				54095B1D17120CE600B006B0 /* XBDate.h in Headers */,
				DB34DB128C2B68E122CE6B90 /* NSIndexSet+XBAdditions.h in Headers */,
				DB34D4F984B6F73695E9A331 /* NSString+XBAdditions.h in Headers */,
				423F73B01757B7280023783F /* XBArrayDataSource+protected.h in Headers */,
				423F73B11757B7280023783F /* XBArrayDataSource.h in Headers */,
				423F73B81757B7280023783F /* XBReloadableArrayDataSource+protected.h in Headers */,
				429E6CBF1989623A00EFF372 /* XBToolkitOperation.h in Headers */,
				423F73B91757B7280023783F /* XBReloadableArrayDataSource.h in Headers */,
				423F73BC1757B7280023783F /* XBObjectDataSource+protected.h in Headers */,
				423F73BD1757B7280023783F /* XBObjectDataSource.h in Headers */,
				429E6CAC1989610C00EFF372 /* XBBasicHttpQueryParamBuilder.h in Headers */,
				429E6C98198960C400EFF372 /* XBHttpMappedDataLoader.h in Headers */,
				429E6C91198960B000EFF372 /* XBArrayDataSourcePager.h in Headers */,
				423F73C01757B7280023783F /* XBReloadableObjectDataSource.h in Headers */,
				423F73CD1757B88C0023783F /* XBJsonToObjectDataMapper.h in Headers */,
			);
			runOnlyForDeploymentPostprocessing = 0;
		};
/* End PBXHeadersBuildPhase section */

/* Begin PBXNativeTarget section */
		5420831017074CCC00290AEF /* XBToolkit-osx */ = {
			isa = PBXNativeTarget;
			buildConfigurationList = 5420833B17074CCD00290AEF /* Build configuration list for PBXNativeTarget "XBToolkit-osx" */;
			buildPhases = (
				5420830C17074CCC00290AEF /* Sources */,
				5420830D17074CCC00290AEF /* Frameworks */,
				5420830E17074CCC00290AEF /* Headers */,
				5420830F17074CCC00290AEF /* Resources */,
				1EA3215C7E5D427F8C6F7781 /* Copy Pods Resources */,
			);
			buildRules = (
			);
			dependencies = (
			);
			name = "XBToolkit-osx";
			productName = "XBToolkit-osx";
			productReference = 5420831117074CCC00290AEF /* XBToolkit-osx.framework */;
			productType = "com.apple.product-type.framework";
		};
		549B75B717078E4500190FEB /* XBToolkit-osxTests */ = {
			isa = PBXNativeTarget;
			buildConfigurationList = 549B75CC17078E4500190FEB /* Build configuration list for PBXNativeTarget "XBToolkit-osxTests" */;
			buildPhases = (
				549B75B417078E4500190FEB /* Sources */,
				549B75B517078E4500190FEB /* Frameworks */,
				549B75B617078E4500190FEB /* Resources */,
				95EBD40ACDFE4B43BAC6667B /* Copy Pods Resources */,
			);
			buildRules = (
			);
			dependencies = (
			);
			name = "XBToolkit-osxTests";
			productName = "XBToolkit-osxTests";
			productReference = 549B75B817078E4500190FEB /* XBToolkit-osxTests.app */;
			productType = "com.apple.product-type.application";
		};
/* End PBXNativeTarget section */

/* Begin PBXProject section */
		5420830817074CCC00290AEF /* Project object */ = {
			isa = PBXProject;
			attributes = {
				LastUpgradeCheck = 0510;
				ORGANIZATIONNAME = Xebia;
			};
			buildConfigurationList = 5420830B17074CCC00290AEF /* Build configuration list for PBXProject "XBToolkit-osx" */;
			compatibilityVersion = "Xcode 3.2";
			developmentRegion = English;
			hasScannedForEncodings = 0;
			knownRegions = (
				en,
			);
			mainGroup = 5420830717074CCC00290AEF;
			productRefGroup = 5420831217074CCC00290AEF /* Products */;
			projectDirPath = "";
			projectRoot = "";
			targets = (
				5420831017074CCC00290AEF /* XBToolkit-osx */,
				549B75B717078E4500190FEB /* XBToolkit-osxTests */,
			);
		};
/* End PBXProject section */

/* Begin PBXResourcesBuildPhase section */
		5420830F17074CCC00290AEF /* Resources */ = {
			isa = PBXResourcesBuildPhase;
			buildActionMask = 2147483647;
			files = (
				5420831F17074CCC00290AEF /* InfoPlist.strings in Resources */,
				DB34D337ED94131B8A5DCF91 /* wp-author-index.json in Resources */,
				DB34DD05CCBE17EF0AD7218E /* wp-author-index-p1.json in Resources */,
				DB34D01A437E96370ACCBB88 /* wp-author-index-p2.json in Resources */,
				DB34D962BC488135F686A8F2 /* wp-author-index-p3.json in Resources */,
			);
			runOnlyForDeploymentPostprocessing = 0;
		};
		549B75B617078E4500190FEB /* Resources */ = {
			isa = PBXResourcesBuildPhase;
			buildActionMask = 2147483647;
			files = (
				54C5343A1707A95B001DB282 /* wp-author-index.json in Resources */,
				54C5340D1707913F001DB282 /* GHTestApp.xib in Resources */,
				54C5340F1707913F001DB282 /* GHTestView.xib in Resources */,
				54C534111707913F001DB282 /* GHTestWindow.xib in Resources */,
				DB34DE9B190D13FE4FC7A01D /* wp-author-index-p1.json in Resources */,
				DB34DD155DD032187E7AA101 /* wp-author-index-p2.json in Resources */,
				DB34D4F2EB302DBDC6CDD742 /* wp-author-index-p3.json in Resources */,
				423F73CF1757B9C60023783F /* wp-post.json in Resources */,
			);
			runOnlyForDeploymentPostprocessing = 0;
		};
/* End PBXResourcesBuildPhase section */

/* Begin PBXShellScriptBuildPhase section */
		1EA3215C7E5D427F8C6F7781 /* Copy Pods Resources */ = {
			isa = PBXShellScriptBuildPhase;
			buildActionMask = 2147483647;
			files = (
			);
			inputPaths = (
			);
			name = "Copy Pods Resources";
			outputPaths = (
			);
			runOnlyForDeploymentPostprocessing = 0;
			shellPath = /bin/sh;
			shellScript = "\"${SRCROOT}/Pods/Pods-resources.sh\"\n";
		};
		95EBD40ACDFE4B43BAC6667B /* Copy Pods Resources */ = {
			isa = PBXShellScriptBuildPhase;
			buildActionMask = 2147483647;
			files = (
			);
			inputPaths = (
			);
			name = "Copy Pods Resources";
			outputPaths = (
			);
			runOnlyForDeploymentPostprocessing = 0;
			shellPath = /bin/sh;
			shellScript = "\"${SRCROOT}/Pods/Pods-XBToolkit-osxTests-resources.sh\"\n";
		};
/* End PBXShellScriptBuildPhase section */

/* Begin PBXSourcesBuildPhase section */
		5420830C17074CCC00290AEF /* Sources */ = {
			isa = PBXSourcesBuildPhase;
			buildActionMask = 2147483647;
			files = (
				5409578C1710A87F00B006B0 /* XBCache.m in Sources */,
				5409578F1710A87F00B006B0 /* XBCacheElement.m in Sources */,
				540957931710A87F00B006B0 /* XBFileSystemCacheSupport.m in Sources */,
				540957991710A87F00B006B0 /* NSDateFormatter+XBAdditions.m in Sources */,
				5409579C1710A87F00B006B0 /* NSDictionary+XBAdditions.m in Sources */,
				5409579F1710A87F00B006B0 /* NSError+XBAdditions.m in Sources */,
				429E6CC41989625F00EFF372 /* XBBundleJsonReadingOperation.m in Sources */,
				540957A21710A87F00B006B0 /* NSNumber+XBAdditions.m in Sources */,
				540957A51710A87F00B006B0 /* NSURL+XBAdditions.m in Sources */,
				429E6CBB1989621E00EFF372 /* XBArrayTransformationOperation.m in Sources */,
				429E6CB5198961CE00EFF372 /* XBInfiniteArrayDataSourceTest.m in Sources */,
				540957A91710A87F00B006B0 /* XBCompositeArrayDataSource.m in Sources */,
				540957AC1710A87F00B006B0 /* XBPagedCompositeArrayDataSource.m in Sources */,
				429E6CA2198960EB00EFF372 /* XBInfiniteArrayDataSource.m in Sources */,
				540957B61710A87F00B006B0 /* XBBundleJsonDataLoader.m in Sources */,
				540957B91710A87F00B006B0 /* XBCacheableDataLoader.m in Sources */,
				540957BF1710A87F00B006B0 /* XBHttpDataLoaderCacheKeyBuilder.m in Sources */,
				429E6C92198960B000EFF372 /* XBArrayDataSourcePager.m in Sources */,
				540957C61710A87F00B006B0 /* XBJsonToArrayDataMapper.m in Sources */,
				540957C91710A87F00B006B0 /* XBArrayDataMerger.m in Sources */,
				540957CD1710A87F00B006B0 /* XBDictionaryDataMerger.m in Sources */,
				540957E01710A87F00B006B0 /* XBHttpClient.m in Sources */,
				54095B1E17120CE600B006B0 /* XBDate.m in Sources */,
				DB34D20205EE00F691B5CEAA /* NSString+XBAdditions.m in Sources */,
				DB34D28BAAC83F02AF7A6DA2 /* NSIndexSet+XBAdditions.m in Sources */,
				423F73B21757B7280023783F /* XBArrayDataSource.m in Sources */,
				423F73BA1757B7280023783F /* XBReloadableArrayDataSource.m in Sources */,
				429E6CC9198962B700EFF372 /* XBLogger.m in Sources */,
				423F73BE1757B7280023783F /* XBObjectDataSource.m in Sources */,
				423F73C11757B7280023783F /* XBReloadableObjectDataSource.m in Sources */,
				429E6CAD1989610C00EFF372 /* XBBasicHttpQueryParamBuilder.m in Sources */,
				423F73CB1757B88C0023783F /* XBJsonToObjectDataMapper.m in Sources */,
				429E6CB01989610C00EFF372 /* XBDataPagerHttpQueryDataBuilder.m in Sources */,
				429E6C9C198960C400EFF372 /* XBHttpMappedDataLoader.m in Sources */,
				429E6C9A198960C400EFF372 /* XBArrayBridgeDataLoader.m in Sources */,
				42E8364218BF99E700FEDF17 /* JSONKit.m in Sources */,
			);
			runOnlyForDeploymentPostprocessing = 0;
		};
		549B75B417078E4500190FEB /* Sources */ = {
			isa = PBXSourcesBuildPhase;
			buildActionMask = 2147483647;
			files = (
				54C534141707923F001DB282 /* GHUnitTestMain.m in Sources */,
				54C5341517079438001DB282 /* XBBundleArrayDataSourceTest.m in Sources */,
				54C5341617079438001DB282 /* XBPagedCompositeArrayDataSourceTest.m in Sources */,
				54C5341817079460001DB282 /* WPAuthor.m in Sources */,
				DB34D2FB071FDDEEF44CF10E /* XBHttpArrayDataSourceTest.m in Sources */,
				DB34D0CEAB99A3AD8E7F7697 /* XBJsonToArrayDataMapperTest.m in Sources */,
				429E6C9D198960C400EFF372 /* XBHttpMappedDataLoader.m in Sources */,
				429E6C93198960B000EFF372 /* XBArrayDataSourcePager.m in Sources */,
				42E8364318BF99E700FEDF17 /* JSONKit.m in Sources */,
				DB34D43B3203D16B05182880 /* XBTestUtils.m in Sources */,
				DB34D8A11F8195A86232C5F1 /* XBHttpJsonDataLoaderTest.m in Sources */,
				DB34DE8FB6266CA85C780E9D /* XBBundleJsonDataLoaderTest.m in Sources */,
				429E6CB6198961CE00EFF372 /* XBInfiniteArrayDataSourceTest.m in Sources */,
				DB34DD6A6DA347B85019895F /* XBCacheableDataLoaderTest.m in Sources */,
				DB34DF8E883E20633E2351DB /* XBHttpDataLoaderCacheKeyBuilderTest.m in Sources */,
				429E6CA3198960EB00EFF372 /* XBInfiniteArrayDataSource.m in Sources */,
				429E6CC51989625F00EFF372 /* XBBundleJsonReadingOperation.m in Sources */,
				DB34D862ABADFD078BDFB93D /* XBBasicHttpQueryParamBuilderTest.m in Sources */,
				DB34D981408059A0C826C3FE /* XBDictionaryDataMergerTest.m in Sources */,
				DB34DF2D8A76DD45DF219B35 /* XBArrayDataMergerTest.m in Sources */,
				5409578D1710A87F00B006B0 /* XBCache.m in Sources */,
				540957901710A87F00B006B0 /* XBCacheElement.m in Sources */,
				540957941710A87F00B006B0 /* XBFileSystemCacheSupport.m in Sources */,
				5409579A1710A87F00B006B0 /* NSDateFormatter+XBAdditions.m in Sources */,
				429E6C9B198960C400EFF372 /* XBArrayBridgeDataLoader.m in Sources */,
				5409579D1710A87F00B006B0 /* NSDictionary+XBAdditions.m in Sources */,
				540957A01710A87F00B006B0 /* NSError+XBAdditions.m in Sources */,
				540957A31710A87F00B006B0 /* NSNumber+XBAdditions.m in Sources */,
				540957A61710A87F00B006B0 /* NSURL+XBAdditions.m in Sources */,
				540957AA1710A87F00B006B0 /* XBCompositeArrayDataSource.m in Sources */,
				540957AD1710A87F00B006B0 /* XBPagedCompositeArrayDataSource.m in Sources */,
				540957B71710A87F00B006B0 /* XBBundleJsonDataLoader.m in Sources */,
				540957BA1710A87F00B006B0 /* XBCacheableDataLoader.m in Sources */,
				540957C01710A87F00B006B0 /* XBHttpDataLoaderCacheKeyBuilder.m in Sources */,
				429E6CB11989610C00EFF372 /* XBDataPagerHttpQueryDataBuilder.m in Sources */,
				540957C71710A87F00B006B0 /* XBJsonToArrayDataMapper.m in Sources */,
				540957CA1710A87F00B006B0 /* XBArrayDataMerger.m in Sources */,
				540957CE1710A87F00B006B0 /* XBDictionaryDataMerger.m in Sources */,
				429E6CCA198962B700EFF372 /* XBLogger.m in Sources */,
				540957E11710A87F00B006B0 /* XBHttpClient.m in Sources */,
				DB34DB03ACF9A36933375184 /* NSString+XBAdditions.m in Sources */,
				429E6CBC1989621E00EFF372 /* XBArrayTransformationOperation.m in Sources */,
				DB34DC6FCA6CD5829A8A634A /* NSIndexSet+XBAdditions.m in Sources */,
				DB34DFB95EEE53D0BDE5D877 /* NSIndexSetTest.m in Sources */,
				DB34D46A66485F9AFF325604 /* NSStringTest.m in Sources */,
				423F73B31757B7280023783F /* XBArrayDataSource.m in Sources */,
				423F73BB1757B7280023783F /* XBReloadableArrayDataSource.m in Sources */,
				423F73BF1757B7280023783F /* XBObjectDataSource.m in Sources */,
				429E6CAE1989610C00EFF372 /* XBBasicHttpQueryParamBuilder.m in Sources */,
				423F73C21757B7280023783F /* XBReloadableObjectDataSource.m in Sources */,
				423F73C41757B7410023783F /* XBHttpObjectDataSourceTest.m in Sources */,
				423F73C71757B74C0023783F /* WPPost.m in Sources */,
				423F73CC1757B88C0023783F /* XBJsonToObjectDataMapper.m in Sources */,
			);
			runOnlyForDeploymentPostprocessing = 0;
		};
/* End PBXSourcesBuildPhase section */

/* Begin PBXVariantGroup section */
		5420831D17074CCC00290AEF /* InfoPlist.strings */ = {
			isa = PBXVariantGroup;
			children = (
				5420831E17074CCC00290AEF /* en */,
			);
			name = InfoPlist.strings;
			sourceTree = "<group>";
		};
		5420833317074CCD00290AEF /* InfoPlist.strings */ = {
			isa = PBXVariantGroup;
			children = (
				5420833417074CCD00290AEF /* en */,
			);
			name = InfoPlist.strings;
			sourceTree = "<group>";
		};
/* End PBXVariantGroup section */

/* Begin XCBuildConfiguration section */
		5420833917074CCD00290AEF /* Debug */ = {
			isa = XCBuildConfiguration;
			buildSettings = {
				ALWAYS_SEARCH_USER_PATHS = NO;
				CLANG_CXX_LANGUAGE_STANDARD = "gnu++0x";
				CLANG_CXX_LIBRARY = "libc++";
				CLANG_ENABLE_OBJC_ARC = YES;
				CLANG_WARN_CONSTANT_CONVERSION = YES;
				CLANG_WARN_EMPTY_BODY = YES;
				CLANG_WARN_ENUM_CONVERSION = YES;
				CLANG_WARN_INT_CONVERSION = YES;
				CLANG_WARN__DUPLICATE_METHOD_MATCH = YES;
				COPY_PHASE_STRIP = NO;
				GCC_C_LANGUAGE_STANDARD = gnu99;
				GCC_DYNAMIC_NO_PIC = NO;
				GCC_ENABLE_OBJC_EXCEPTIONS = YES;
				GCC_OPTIMIZATION_LEVEL = 0;
				GCC_PREPROCESSOR_DEFINITIONS = (
					"DEBUG=1",
					"$(inherited)",
				);
				GCC_SYMBOLS_PRIVATE_EXTERN = NO;
				GCC_WARN_64_TO_32_BIT_CONVERSION = YES;
				GCC_WARN_ABOUT_RETURN_TYPE = YES;
				GCC_WARN_UNINITIALIZED_AUTOS = YES;
				GCC_WARN_UNUSED_VARIABLE = YES;
				MACOSX_DEPLOYMENT_TARGET = 10.8;
				ONLY_ACTIVE_ARCH = YES;
				SDKROOT = macosx;
			};
			name = Debug;
		};
		5420833A17074CCD00290AEF /* Release */ = {
			isa = XCBuildConfiguration;
			buildSettings = {
				ALWAYS_SEARCH_USER_PATHS = NO;
				CLANG_CXX_LANGUAGE_STANDARD = "gnu++0x";
				CLANG_CXX_LIBRARY = "libc++";
				CLANG_ENABLE_OBJC_ARC = YES;
				CLANG_WARN_CONSTANT_CONVERSION = YES;
				CLANG_WARN_EMPTY_BODY = YES;
				CLANG_WARN_ENUM_CONVERSION = YES;
				CLANG_WARN_INT_CONVERSION = YES;
				CLANG_WARN__DUPLICATE_METHOD_MATCH = YES;
				COPY_PHASE_STRIP = YES;
				DEBUG_INFORMATION_FORMAT = "dwarf-with-dsym";
				GCC_C_LANGUAGE_STANDARD = gnu99;
				GCC_ENABLE_OBJC_EXCEPTIONS = YES;
				GCC_WARN_64_TO_32_BIT_CONVERSION = YES;
				GCC_WARN_ABOUT_RETURN_TYPE = YES;
				GCC_WARN_UNINITIALIZED_AUTOS = YES;
				GCC_WARN_UNUSED_VARIABLE = YES;
				MACOSX_DEPLOYMENT_TARGET = 10.8;
				SDKROOT = macosx;
			};
			name = Release;
		};
		5420833C17074CCD00290AEF /* Debug */ = {
			isa = XCBuildConfiguration;
			baseConfigurationReference = 5BAC8487F5AA4D4F8B5E182B /* Pods.xcconfig */;
			buildSettings = {
				COMBINE_HIDPI_IMAGES = YES;
				DYLIB_COMPATIBILITY_VERSION = 1;
				DYLIB_CURRENT_VERSION = 1;
				FRAMEWORK_VERSION = A;
				GCC_PRECOMPILE_PREFIX_HEADER = YES;
				GCC_PREFIX_HEADER = "XBToolkit-osx/XBToolkit-osx-Prefix.pch";
				INFOPLIST_FILE = "XBToolkit-osx/XBToolkit-osx-Info.plist";
				PRODUCT_NAME = "$(TARGET_NAME)";
				WRAPPER_EXTENSION = framework;
			};
			name = Debug;
		};
		5420833D17074CCD00290AEF /* Release */ = {
			isa = XCBuildConfiguration;
			baseConfigurationReference = 5BAC8487F5AA4D4F8B5E182B /* Pods.xcconfig */;
			buildSettings = {
				COMBINE_HIDPI_IMAGES = YES;
				DYLIB_COMPATIBILITY_VERSION = 1;
				DYLIB_CURRENT_VERSION = 1;
				FRAMEWORK_VERSION = A;
				GCC_PRECOMPILE_PREFIX_HEADER = YES;
				GCC_PREFIX_HEADER = "XBToolkit-osx/XBToolkit-osx-Prefix.pch";
				INFOPLIST_FILE = "XBToolkit-osx/XBToolkit-osx-Info.plist";
				PRODUCT_NAME = "$(TARGET_NAME)";
				WRAPPER_EXTENSION = framework;
			};
			name = Release;
		};
		549B75CD17078E4500190FEB /* Debug */ = {
			isa = XCBuildConfiguration;
			baseConfigurationReference = BEE6E5ECACDD49AAA2B0ECE6 /* Pods-XBToolkit-osxTests.xcconfig */;
			buildSettings = {
				COMBINE_HIDPI_IMAGES = YES;
				GCC_PRECOMPILE_PREFIX_HEADER = YES;
				GCC_PREFIX_HEADER = "XBToolkit-osxTests/XBToolkit-osxTests-Prefix.pch";
				INFOPLIST_FILE = "XBToolkit-osxTests/XBToolkit-osxTests-Info.plist";
				MACOSX_DEPLOYMENT_TARGET = 10.8;
				PRODUCT_NAME = "$(TARGET_NAME)";
				WRAPPER_EXTENSION = app;
			};
			name = Debug;
		};
		549B75CE17078E4500190FEB /* Release */ = {
			isa = XCBuildConfiguration;
			baseConfigurationReference = BEE6E5ECACDD49AAA2B0ECE6 /* Pods-XBToolkit-osxTests.xcconfig */;
			buildSettings = {
				COMBINE_HIDPI_IMAGES = YES;
				GCC_PRECOMPILE_PREFIX_HEADER = YES;
				GCC_PREFIX_HEADER = "XBToolkit-osxTests/XBToolkit-osxTests-Prefix.pch";
				INFOPLIST_FILE = "XBToolkit-osxTests/XBToolkit-osxTests-Info.plist";
				MACOSX_DEPLOYMENT_TARGET = 10.8;
				PRODUCT_NAME = "$(TARGET_NAME)";
				WRAPPER_EXTENSION = app;
			};
			name = Release;
		};
/* End XCBuildConfiguration section */

/* Begin XCConfigurationList section */
		5420830B17074CCC00290AEF /* Build configuration list for PBXProject "XBToolkit-osx" */ = {
			isa = XCConfigurationList;
			buildConfigurations = (
				5420833917074CCD00290AEF /* Debug */,
				5420833A17074CCD00290AEF /* Release */,
			);
			defaultConfigurationIsVisible = 0;
			defaultConfigurationName = Release;
		};
		5420833B17074CCD00290AEF /* Build configuration list for PBXNativeTarget "XBToolkit-osx" */ = {
			isa = XCConfigurationList;
			buildConfigurations = (
				5420833C17074CCD00290AEF /* Debug */,
				5420833D17074CCD00290AEF /* Release */,
			);
			defaultConfigurationIsVisible = 0;
			defaultConfigurationName = Release;
		};
		549B75CC17078E4500190FEB /* Build configuration list for PBXNativeTarget "XBToolkit-osxTests" */ = {
			isa = XCConfigurationList;
			buildConfigurations = (
				549B75CD17078E4500190FEB /* Debug */,
				549B75CE17078E4500190FEB /* Release */,
			);
			defaultConfigurationIsVisible = 0;
			defaultConfigurationName = Release;
		};
/* End XCConfigurationList section */
	};
	rootObject = 5420830817074CCC00290AEF /* Project object */;
}
