// !$*UTF8*$!
{
	archiveVersion = 1;
	classes = {
	};
	objectVersion = 46;
	objects = {

/* Begin PBXBuildFile section */
		2EE4457803A157E08212C108 /* XBReloadableArrayDataSource.m in Sources */ = {isa = PBXBuildFile; fileRef = 2EE44407B82824CD95E6A125 /* XBReloadableArrayDataSource.m */; };
		2EE446E8A83EB17AC1FBF6C4 /* XBJsonToObjectDataMapper.m in Sources */ = {isa = PBXBuildFile; fileRef = 2EE44C80B7F48D514C648CD3 /* XBJsonToObjectDataMapper.m */; };
		2EE4471006EB87E3CF61BC15 /* XBReloadableObjectDataSource.m in Sources */ = {isa = PBXBuildFile; fileRef = 2EE44777CC51AAA7A58B0DC9 /* XBReloadableObjectDataSource.m */; };
		2EE44747820E392B8BB33DDD /* XBArrayDataSource.m in Sources */ = {isa = PBXBuildFile; fileRef = 2EE44F8C56F6A1CA0068C65F /* XBArrayDataSource.m */; };
		2EE4493CCE1C75A7A5528A36 /* XBReloadableArrayDataSource.m in Sources */ = {isa = PBXBuildFile; fileRef = 2EE44407B82824CD95E6A125 /* XBReloadableArrayDataSource.m */; };
		2EE4494730F3BDFF798DECCD /* XBReloadableObjectDataSource.m in Sources */ = {isa = PBXBuildFile; fileRef = 2EE44777CC51AAA7A58B0DC9 /* XBReloadableObjectDataSource.m */; };
		2EE449B9B47B10B0870E24B7 /* XBJsonToObjectDataMapper.m in Sources */ = {isa = PBXBuildFile; fileRef = 2EE44C80B7F48D514C648CD3 /* XBJsonToObjectDataMapper.m */; };
		2EE449E0CF34F97768E31269 /* XBObjectDataSource.m in Sources */ = {isa = PBXBuildFile; fileRef = 2EE44137C386C88B43A22C99 /* XBObjectDataSource.m */; };
		2EE44AB95C98B07C8090F881 /* XBInfiniteArrayDataSource.m in Sources */ = {isa = PBXBuildFile; fileRef = 2EE441EA74025CB94C0ABAE1 /* XBInfiniteArrayDataSource.m */; };
		2EE44C3BD12C9466266E397E /* XBHttpObjectDataSourceTest.m in Sources */ = {isa = PBXBuildFile; fileRef = 2EE44A554FA12F9125C3E867 /* XBHttpObjectDataSourceTest.m */; };
		2EE44C76AE4C284B4A83D0AE /* XBInfiniteArrayDataSource.m in Sources */ = {isa = PBXBuildFile; fileRef = 2EE441EA74025CB94C0ABAE1 /* XBInfiniteArrayDataSource.m */; };
		2EE44D5916BD39CCEF3139AA /* XBArrayDataSourcePagerTest.m in Sources */ = {isa = PBXBuildFile; fileRef = 2EE44569E1FB5381B5E7B57A /* XBArrayDataSourcePagerTest.m */; };
		2EE44D8858DDDA132A7B427F /* XBObjectDataSource.m in Sources */ = {isa = PBXBuildFile; fileRef = 2EE44137C386C88B43A22C99 /* XBObjectDataSource.m */; };
		2EE44F1683533D617CE914E8 /* WPPost.m in Sources */ = {isa = PBXBuildFile; fileRef = 2EE440ACABAF83FFFB8FF85F /* WPPost.m */; };
		2EE44FC7E0BB507B89EC0DB5 /* XBArrayDataSource.m in Sources */ = {isa = PBXBuildFile; fileRef = 2EE44F8C56F6A1CA0068C65F /* XBArrayDataSource.m */; };
		423F739D1757797A0023783F /* QuartzCore.framework in Frameworks */ = {isa = PBXBuildFile; fileRef = 423F739B175779710023783F /* QuartzCore.framework */; };
		423F739F1757AE510023783F /* wp-post.json in Resources */ = {isa = PBXBuildFile; fileRef = 423F739E1757AE510023783F /* wp-post.json */; };
		4261A4931855C26C003461AA /* article.xml in Resources */ = {isa = PBXBuildFile; fileRef = 4261A4921855C26C003461AA /* article.xml */; };
		426D143F184E312700A9D2DB /* Security.framework in Frameworks */ = {isa = PBXBuildFile; fileRef = 426D143E184E312700A9D2DB /* Security.framework */; };
		426D1480184E80AE00A9D2DB /* XBBundleJsonReadingOperation.m in Sources */ = {isa = PBXBuildFile; fileRef = 426D147F184E80AE00A9D2DB /* XBBundleJsonReadingOperation.m */; };
		426D1481184E80AE00A9D2DB /* XBBundleJsonReadingOperation.m in Sources */ = {isa = PBXBuildFile; fileRef = 426D147F184E80AE00A9D2DB /* XBBundleJsonReadingOperation.m */; };
		540956A41707C2DE00B006B0 /* WPAuthor.m in Sources */ = {isa = PBXBuildFile; fileRef = 540956A31707C2DE00B006B0 /* WPAuthor.m */; };
		540956A81707C39C00B006B0 /* SystemConfiguration.framework in Frameworks */ = {isa = PBXBuildFile; fileRef = 540956A71707C39C00B006B0 /* SystemConfiguration.framework */; };
		540956AA1707C3CD00B006B0 /* MobileCoreServices.framework in Frameworks */ = {isa = PBXBuildFile; fileRef = 540956A91707C3CD00B006B0 /* MobileCoreServices.framework */; };
		540956AC1707C48400B006B0 /* libPods.a in Frameworks */ = {isa = PBXBuildFile; fileRef = 540956AB1707C48400B006B0 /* libPods.a */; };
		540956B11707C66A00B006B0 /* wp-author-index.json in Resources */ = {isa = PBXBuildFile; fileRef = 540956B01707C66A00B006B0 /* wp-author-index.json */; };
		540957071710A85F00B006B0 /* XBCache.m in Sources */ = {isa = PBXBuildFile; fileRef = 540956BA1710A85E00B006B0 /* XBCache.m */; };
		540957081710A85F00B006B0 /* XBCache.m in Sources */ = {isa = PBXBuildFile; fileRef = 540956BA1710A85E00B006B0 /* XBCache.m */; };
		540957091710A85F00B006B0 /* XBCacheElement.m in Sources */ = {isa = PBXBuildFile; fileRef = 540956BC1710A85E00B006B0 /* XBCacheElement.m */; };
		5409570A1710A85F00B006B0 /* XBCacheElement.m in Sources */ = {isa = PBXBuildFile; fileRef = 540956BC1710A85E00B006B0 /* XBCacheElement.m */; };
		5409570B1710A85F00B006B0 /* XBFileSystemCacheSupport.m in Sources */ = {isa = PBXBuildFile; fileRef = 540956BF1710A85E00B006B0 /* XBFileSystemCacheSupport.m */; };
		5409570C1710A85F00B006B0 /* XBFileSystemCacheSupport.m in Sources */ = {isa = PBXBuildFile; fileRef = 540956BF1710A85E00B006B0 /* XBFileSystemCacheSupport.m */; };
		5409570D1710A85F00B006B0 /* DCParserConfiguration+XBAdditions.m in Sources */ = {isa = PBXBuildFile; fileRef = 540956C21710A85F00B006B0 /* DCParserConfiguration+XBAdditions.m */; };
		5409570E1710A85F00B006B0 /* DCParserConfiguration+XBAdditions.m in Sources */ = {isa = PBXBuildFile; fileRef = 540956C21710A85F00B006B0 /* DCParserConfiguration+XBAdditions.m */; };
		5409570F1710A85F00B006B0 /* NSDateFormatter+XBAdditions.m in Sources */ = {isa = PBXBuildFile; fileRef = 540956C41710A85F00B006B0 /* NSDateFormatter+XBAdditions.m */; };
		540957101710A85F00B006B0 /* NSDateFormatter+XBAdditions.m in Sources */ = {isa = PBXBuildFile; fileRef = 540956C41710A85F00B006B0 /* NSDateFormatter+XBAdditions.m */; };
		540957111710A85F00B006B0 /* NSDictionary+XBAdditions.m in Sources */ = {isa = PBXBuildFile; fileRef = 540956C61710A85F00B006B0 /* NSDictionary+XBAdditions.m */; };
		540957121710A85F00B006B0 /* NSDictionary+XBAdditions.m in Sources */ = {isa = PBXBuildFile; fileRef = 540956C61710A85F00B006B0 /* NSDictionary+XBAdditions.m */; };
		540957131710A85F00B006B0 /* NSError+XBAdditions.m in Sources */ = {isa = PBXBuildFile; fileRef = 540956C81710A85F00B006B0 /* NSError+XBAdditions.m */; };
		540957141710A85F00B006B0 /* NSError+XBAdditions.m in Sources */ = {isa = PBXBuildFile; fileRef = 540956C81710A85F00B006B0 /* NSError+XBAdditions.m */; };
		540957151710A85F00B006B0 /* NSNumber+XBAdditions.m in Sources */ = {isa = PBXBuildFile; fileRef = 540956CA1710A85F00B006B0 /* NSNumber+XBAdditions.m */; };
		540957161710A85F00B006B0 /* NSNumber+XBAdditions.m in Sources */ = {isa = PBXBuildFile; fileRef = 540956CA1710A85F00B006B0 /* NSNumber+XBAdditions.m */; };
		540957171710A85F00B006B0 /* NSURL+XBAdditions.m in Sources */ = {isa = PBXBuildFile; fileRef = 540956CC1710A85F00B006B0 /* NSURL+XBAdditions.m */; };
		540957181710A85F00B006B0 /* NSURL+XBAdditions.m in Sources */ = {isa = PBXBuildFile; fileRef = 540956CC1710A85F00B006B0 /* NSURL+XBAdditions.m */; };
		540957191710A85F00B006B0 /* XBCompositeArrayDataSource.m in Sources */ = {isa = PBXBuildFile; fileRef = 540956D21710A85F00B006B0 /* XBCompositeArrayDataSource.m */; };
		5409571A1710A85F00B006B0 /* XBCompositeArrayDataSource.m in Sources */ = {isa = PBXBuildFile; fileRef = 540956D21710A85F00B006B0 /* XBCompositeArrayDataSource.m */; };
		5409571B1710A85F00B006B0 /* XBPagedCompositeArrayDataSource.m in Sources */ = {isa = PBXBuildFile; fileRef = 540956D41710A85F00B006B0 /* XBPagedCompositeArrayDataSource.m */; };
		5409571C1710A85F00B006B0 /* XBPagedCompositeArrayDataSource.m in Sources */ = {isa = PBXBuildFile; fileRef = 540956D41710A85F00B006B0 /* XBPagedCompositeArrayDataSource.m */; };
		5409571D1710A85F00B006B0 /* XBBasicHttpQueryParamBuilder.m in Sources */ = {isa = PBXBuildFile; fileRef = 540956D81710A85F00B006B0 /* XBBasicHttpQueryParamBuilder.m */; };
		5409571E1710A85F00B006B0 /* XBBasicHttpQueryParamBuilder.m in Sources */ = {isa = PBXBuildFile; fileRef = 540956D81710A85F00B006B0 /* XBBasicHttpQueryParamBuilder.m */; };
		5409571F1710A85F00B006B0 /* XBDataPagerHttpQueryDataBuilder.m in Sources */ = {isa = PBXBuildFile; fileRef = 540956DB1710A85F00B006B0 /* XBDataPagerHttpQueryDataBuilder.m */; };
		540957201710A85F00B006B0 /* XBDataPagerHttpQueryDataBuilder.m in Sources */ = {isa = PBXBuildFile; fileRef = 540956DB1710A85F00B006B0 /* XBDataPagerHttpQueryDataBuilder.m */; };
		540957211710A85F00B006B0 /* XBBundleJsonDataLoader.m in Sources */ = {isa = PBXBuildFile; fileRef = 540956DE1710A85F00B006B0 /* XBBundleJsonDataLoader.m */; };
		540957221710A85F00B006B0 /* XBBundleJsonDataLoader.m in Sources */ = {isa = PBXBuildFile; fileRef = 540956DE1710A85F00B006B0 /* XBBundleJsonDataLoader.m */; };
		540957231710A85F00B006B0 /* XBCacheableDataLoader.m in Sources */ = {isa = PBXBuildFile; fileRef = 540956E01710A85F00B006B0 /* XBCacheableDataLoader.m */; };
		540957241710A85F00B006B0 /* XBCacheableDataLoader.m in Sources */ = {isa = PBXBuildFile; fileRef = 540956E01710A85F00B006B0 /* XBCacheableDataLoader.m */; };
		540957251710A85F00B006B0 /* XBHttpDataLoaderCacheKeyBuilder.m in Sources */ = {isa = PBXBuildFile; fileRef = 540956E51710A85F00B006B0 /* XBHttpDataLoaderCacheKeyBuilder.m */; };
		540957261710A85F00B006B0 /* XBHttpDataLoaderCacheKeyBuilder.m in Sources */ = {isa = PBXBuildFile; fileRef = 540956E51710A85F00B006B0 /* XBHttpDataLoaderCacheKeyBuilder.m */; };
		540957271710A85F00B006B0 /* XBHttpMappedDataLoader.m in Sources */ = {isa = PBXBuildFile; fileRef = 540956E71710A85F00B006B0 /* XBHttpMappedDataLoader.m */; };
		540957281710A85F00B006B0 /* XBHttpMappedDataLoader.m in Sources */ = {isa = PBXBuildFile; fileRef = 540956E71710A85F00B006B0 /* XBHttpMappedDataLoader.m */; };
		540957291710A85F00B006B0 /* XBJsonToArrayDataMapper.m in Sources */ = {isa = PBXBuildFile; fileRef = 540956EB1710A85F00B006B0 /* XBJsonToArrayDataMapper.m */; };
		5409572A1710A85F00B006B0 /* XBJsonToArrayDataMapper.m in Sources */ = {isa = PBXBuildFile; fileRef = 540956EB1710A85F00B006B0 /* XBJsonToArrayDataMapper.m */; };
		5409572B1710A85F00B006B0 /* XBArrayDataMerger.m in Sources */ = {isa = PBXBuildFile; fileRef = 540956EE1710A85F00B006B0 /* XBArrayDataMerger.m */; };
		5409572C1710A85F00B006B0 /* XBArrayDataMerger.m in Sources */ = {isa = PBXBuildFile; fileRef = 540956EE1710A85F00B006B0 /* XBArrayDataMerger.m */; };
		5409572D1710A85F00B006B0 /* XBDictionaryDataMerger.m in Sources */ = {isa = PBXBuildFile; fileRef = 540956F11710A85F00B006B0 /* XBDictionaryDataMerger.m */; };
		5409572E1710A85F00B006B0 /* XBDictionaryDataMerger.m in Sources */ = {isa = PBXBuildFile; fileRef = 540956F11710A85F00B006B0 /* XBDictionaryDataMerger.m */; };
		5409572F1710A85F00B006B0 /* XBArrayDataSourcePager.m in Sources */ = {isa = PBXBuildFile; fileRef = 540956F41710A85F00B006B0 /* XBArrayDataSourcePager.m */; };
		540957301710A85F00B006B0 /* XBArrayDataSourcePager.m in Sources */ = {isa = PBXBuildFile; fileRef = 540956F41710A85F00B006B0 /* XBArrayDataSourcePager.m */; };
		540957371710A85F00B006B0 /* XBHTTPClient.m in Sources */ = {isa = PBXBuildFile; fileRef = 540957011710A85F00B006B0 /* XBHTTPClient.m */; };
		540957381710A85F00B006B0 /* XBHTTPClient.m in Sources */ = {isa = PBXBuildFile; fileRef = 540957011710A85F00B006B0 /* XBHTTPClient.m */; };
		540957391710A85F00B006B0 /* XBMapper.m in Sources */ = {isa = PBXBuildFile; fileRef = 540957041710A85F00B006B0 /* XBMapper.m */; };
		5409573A1710A85F00B006B0 /* XBMapper.m in Sources */ = {isa = PBXBuildFile; fileRef = 540957041710A85F00B006B0 /* XBMapper.m */; };
		540957EB1710B90E00B006B0 /* XBTestUtils.m in Sources */ = {isa = PBXBuildFile; fileRef = 540957EA1710B90E00B006B0 /* XBTestUtils.m */; };
		54095AF11710C54500B006B0 /* wp-author-index-p1.json in Resources */ = {isa = PBXBuildFile; fileRef = 54095AEE1710C54500B006B0 /* wp-author-index-p1.json */; };
		54095AF21710C54500B006B0 /* wp-author-index-p2.json in Resources */ = {isa = PBXBuildFile; fileRef = 54095AEF1710C54500B006B0 /* wp-author-index-p2.json */; };
		54095AF31710C54500B006B0 /* wp-author-index-p3.json in Resources */ = {isa = PBXBuildFile; fileRef = 54095AF01710C54500B006B0 /* wp-author-index-p3.json */; };
		54095AF71710C62E00B006B0 /* XBBasicHttpQueryParamBuilderTest.m in Sources */ = {isa = PBXBuildFile; fileRef = 54095AF61710C62E00B006B0 /* XBBasicHttpQueryParamBuilderTest.m */; };
		54095B091710C65C00B006B0 /* XBBundleJsonDataLoaderTest.m in Sources */ = {isa = PBXBuildFile; fileRef = 54095AFA1710C65C00B006B0 /* XBBundleJsonDataLoaderTest.m */; };
		54095B0A1710C65C00B006B0 /* XBCacheableDataLoaderTest.m in Sources */ = {isa = PBXBuildFile; fileRef = 54095AFC1710C65C00B006B0 /* XBCacheableDataLoaderTest.m */; };
		54095B0B1710C65C00B006B0 /* XBHttpDataLoaderCacheKeyBuilderTest.m in Sources */ = {isa = PBXBuildFile; fileRef = 54095AFE1710C65C00B006B0 /* XBHttpDataLoaderCacheKeyBuilderTest.m */; };
		54095B0C1710C65C00B006B0 /* XBHttpJsonDataLoaderTest.m in Sources */ = {isa = PBXBuildFile; fileRef = 54095B001710C65C00B006B0 /* XBHttpJsonDataLoaderTest.m */; };
		54095B0D1710C65C00B006B0 /* XBJsonToArrayDataMapperTest.m in Sources */ = {isa = PBXBuildFile; fileRef = 54095B031710C65C00B006B0 /* XBJsonToArrayDataMapperTest.m */; };
		54095B0E1710C65C00B006B0 /* XBArrayDataMergerTest.m in Sources */ = {isa = PBXBuildFile; fileRef = 54095B061710C65C00B006B0 /* XBArrayDataMergerTest.m */; };
		54095B0F1710C65C00B006B0 /* XBDictionaryDataMergerTest.m in Sources */ = {isa = PBXBuildFile; fileRef = 54095B081710C65C00B006B0 /* XBDictionaryDataMergerTest.m */; };
		54095B121710C68700B006B0 /* XBInfiniteArrayDataSourceTest.m in Sources */ = {isa = PBXBuildFile; fileRef = 54095B111710C68700B006B0 /* XBInfiniteArrayDataSourceTest.m */; };
		542082E017074C9B00290AEF /* Foundation.framework in Frameworks */ = {isa = PBXBuildFile; fileRef = 542082DF17074C9B00290AEF /* Foundation.framework */; };
		54C5346D1707BA31001DB282 /* Foundation.framework in Frameworks */ = {isa = PBXBuildFile; fileRef = 542082DF17074C9B00290AEF /* Foundation.framework */; };
		54C5346F1707BA31001DB282 /* CoreGraphics.framework in Frameworks */ = {isa = PBXBuildFile; fileRef = 54C5346E1707BA31001DB282 /* CoreGraphics.framework */; };
		54C534751707BA31001DB282 /* InfoPlist.strings in Resources */ = {isa = PBXBuildFile; fileRef = 54C534731707BA31001DB282 /* InfoPlist.strings */; };
		54C534771707BA31001DB282 /* main.m in Sources */ = {isa = PBXBuildFile; fileRef = 54C534761707BA31001DB282 /* main.m */; };
		54C5347D1707BA31001DB282 /* Default.png in Resources */ = {isa = PBXBuildFile; fileRef = 54C5347C1707BA31001DB282 /* Default.png */; };
		54C5347F1707BA31001DB282 /* Default@2x.png in Resources */ = {isa = PBXBuildFile; fileRef = 54C5347E1707BA31001DB282 /* Default@2x.png */; };
		54C534811707BA31001DB282 /* Default-568h@2x.png in Resources */ = {isa = PBXBuildFile; fileRef = 54C534801707BA31001DB282 /* Default-568h@2x.png */; };
		54C534851707BA4D001DB282 /* UIKit.framework in Frameworks */ = {isa = PBXBuildFile; fileRef = 54C5343F1707B8E6001DB282 /* UIKit.framework */; };
		54C534961707BCA2001DB282 /* XBBundleArrayDataSourceTest.m in Sources */ = {isa = PBXBuildFile; fileRef = 542085721707554500290AEF /* XBBundleArrayDataSourceTest.m */; };
		54C534971707BCA5001DB282 /* XBPagedCompositeArrayDataSourceTest.m in Sources */ = {isa = PBXBuildFile; fileRef = 542085741707554500290AEF /* XBPagedCompositeArrayDataSourceTest.m */; };
		54C534981707BCA8001DB282 /* XBHttpArrayDataSourceTest.m in Sources */ = {isa = PBXBuildFile; fileRef = 542085761707554500290AEF /* XBHttpArrayDataSourceTest.m */; };
		871849EDE14F46F9B3DC9F72 /* libPods.a in Frameworks */ = {isa = PBXBuildFile; fileRef = A72D9672488D4A1AB2EB4940 /* libPods.a */; };
		DB34D94C56FCCFF073839CB4 /* XBLogging.h in CopyFiles */ = {isa = PBXBuildFile; fileRef = DB34D4B0D8798E3D8D76E1BC /* XBLogging.h */; };
		DB34DB4E214FD2A180146277 /* XBToolkit-ios-Prefix.pch in CopyFiles */ = {isa = PBXBuildFile; fileRef = 542082E317074C9B00290AEF /* XBToolkit-ios-Prefix.pch */; };
		E48D455BB88E451993552315 /* libPods-XBToolkit-iosTests.a in Frameworks */ = {isa = PBXBuildFile; fileRef = BB089F6D419944DFABA5C2B9 /* libPods-XBToolkit-iosTests.a */; };
/* End PBXBuildFile section */

/* Begin PBXCopyFilesBuildPhase section */
		542082DA17074C9B00290AEF /* CopyFiles */ = {
			isa = PBXCopyFilesBuildPhase;
			buildActionMask = 2147483647;
			dstPath = "include/${PRODUCT_NAME}";
			dstSubfolderSpec = 16;
			files = (
				DB34DB4E214FD2A180146277 /* XBToolkit-ios-Prefix.pch in CopyFiles */,
				DB34D94C56FCCFF073839CB4 /* XBLogging.h in CopyFiles */,
			);
			runOnlyForDeploymentPostprocessing = 0;
		};
/* End PBXCopyFilesBuildPhase section */

/* Begin PBXFileReference section */
		15FE6A34E0074C17BFB8F0B4 /* Pods-XBToolkit-iosTests.xcconfig */ = {isa = PBXFileReference; includeInIndex = 1; lastKnownFileType = text.xcconfig; name = "Pods-XBToolkit-iosTests.xcconfig"; path = "Pods/Pods-XBToolkit-iosTests.xcconfig"; sourceTree = SOURCE_ROOT; };
		2EE4402DAE9B967CCABAC7C9 /* XBReloadableArrayDataSource+Protected.h */ = {isa = PBXFileReference; fileEncoding = 4; lastKnownFileType = sourcecode.c.h; path = "XBReloadableArrayDataSource+Protected.h"; sourceTree = "<group>"; };
		2EE440ACABAF83FFFB8FF85F /* WPPost.m */ = {isa = PBXFileReference; fileEncoding = 4; lastKnownFileType = sourcecode.c.objc; path = WPPost.m; sourceTree = "<group>"; };
		2EE440CF012183F26BD6E128 /* XBReloadableObjectDataSource.h */ = {isa = PBXFileReference; fileEncoding = 4; lastKnownFileType = sourcecode.c.h; path = XBReloadableObjectDataSource.h; sourceTree = "<group>"; };
		2EE44137C386C88B43A22C99 /* XBObjectDataSource.m */ = {isa = PBXFileReference; fileEncoding = 4; lastKnownFileType = sourcecode.c.objc; path = XBObjectDataSource.m; sourceTree = "<group>"; };
		2EE441EA74025CB94C0ABAE1 /* XBInfiniteArrayDataSource.m */ = {isa = PBXFileReference; fileEncoding = 4; lastKnownFileType = sourcecode.c.objc; path = XBInfiniteArrayDataSource.m; sourceTree = "<group>"; };
		2EE4433F618D9A124F4DCADF /* XBInfiniteArrayDataSource.h */ = {isa = PBXFileReference; fileEncoding = 4; lastKnownFileType = sourcecode.c.h; path = XBInfiniteArrayDataSource.h; sourceTree = "<group>"; };
		2EE443ACD9545873F4AB199A /* WPPost.h */ = {isa = PBXFileReference; fileEncoding = 4; lastKnownFileType = sourcecode.c.h; path = WPPost.h; sourceTree = "<group>"; };
		2EE44407B82824CD95E6A125 /* XBReloadableArrayDataSource.m */ = {isa = PBXFileReference; fileEncoding = 4; lastKnownFileType = sourcecode.c.objc; path = XBReloadableArrayDataSource.m; sourceTree = "<group>"; };
		2EE44569E1FB5381B5E7B57A /* XBArrayDataSourcePagerTest.m */ = {isa = PBXFileReference; fileEncoding = 4; lastKnownFileType = sourcecode.c.objc; path = XBArrayDataSourcePagerTest.m; sourceTree = "<group>"; };
		2EE44777CC51AAA7A58B0DC9 /* XBReloadableObjectDataSource.m */ = {isa = PBXFileReference; fileEncoding = 4; lastKnownFileType = sourcecode.c.objc; path = XBReloadableObjectDataSource.m; sourceTree = "<group>"; };
		2EE447DE06ED8D3799866B95 /* XBInfiniteArrayDataSource+Protected.h */ = {isa = PBXFileReference; fileEncoding = 4; lastKnownFileType = sourcecode.c.h; path = "XBInfiniteArrayDataSource+Protected.h"; sourceTree = "<group>"; };
		2EE44A4B4125DF30257A4590 /* XBObjectDataSource+Protected.h */ = {isa = PBXFileReference; fileEncoding = 4; lastKnownFileType = sourcecode.c.h; path = "XBObjectDataSource+Protected.h"; sourceTree = "<group>"; };
		2EE44A554FA12F9125C3E867 /* XBHttpObjectDataSourceTest.m */ = {isa = PBXFileReference; fileEncoding = 4; lastKnownFileType = sourcecode.c.objc; path = XBHttpObjectDataSourceTest.m; sourceTree = "<group>"; };
		2EE44A7AE1E7C929B453B7C9 /* XBArrayDataSource.h */ = {isa = PBXFileReference; fileEncoding = 4; lastKnownFileType = sourcecode.c.h; path = XBArrayDataSource.h; sourceTree = "<group>"; };
		2EE44B474968A30287F17904 /* XBReloadableArrayDataSource.h */ = {isa = PBXFileReference; fileEncoding = 4; lastKnownFileType = sourcecode.c.h; path = XBReloadableArrayDataSource.h; sourceTree = "<group>"; };
		2EE44B59D45758A516F474D2 /* XBJsonToObjectDataMapper.h */ = {isa = PBXFileReference; fileEncoding = 4; lastKnownFileType = sourcecode.c.h; path = XBJsonToObjectDataMapper.h; sourceTree = "<group>"; };
		2EE44C80B7F48D514C648CD3 /* XBJsonToObjectDataMapper.m */ = {isa = PBXFileReference; fileEncoding = 4; lastKnownFileType = sourcecode.c.objc; path = XBJsonToObjectDataMapper.m; sourceTree = "<group>"; };
		2EE44F52A6F49049AB531D91 /* XBObjectDataSource.h */ = {isa = PBXFileReference; fileEncoding = 4; lastKnownFileType = sourcecode.c.h; path = XBObjectDataSource.h; sourceTree = "<group>"; };
		2EE44F61273D399DA8827BFB /* XBArrayDataSource+Protected.h */ = {isa = PBXFileReference; fileEncoding = 4; lastKnownFileType = sourcecode.c.h; path = "XBArrayDataSource+Protected.h"; sourceTree = "<group>"; };
		2EE44F8C56F6A1CA0068C65F /* XBArrayDataSource.m */ = {isa = PBXFileReference; fileEncoding = 4; lastKnownFileType = sourcecode.c.objc; path = XBArrayDataSource.m; sourceTree = "<group>"; };
		34C980E2E53144DDA719FE08 /* libPods-XBToolkit-iosTests.a */ = {isa = PBXFileReference; explicitFileType = archive.ar; includeInIndex = 0; path = "libPods-XBToolkit-iosTests.a"; sourceTree = BUILT_PRODUCTS_DIR; };
		3FFB9FEC204A413CBEA44721 /* Pods-XBToolkit-iosTests.xcconfig */ = {isa = PBXFileReference; includeInIndex = 1; lastKnownFileType = text.xcconfig; name = "Pods-XBToolkit-iosTests.xcconfig"; path = "Pods/Pods-XBToolkit-iosTests.xcconfig"; sourceTree = SOURCE_ROOT; };
		423F739B175779710023783F /* QuartzCore.framework */ = {isa = PBXFileReference; lastKnownFileType = wrapper.framework; name = QuartzCore.framework; path = System/Library/Frameworks/QuartzCore.framework; sourceTree = SDKROOT; };
		423F739E1757AE510023783F /* wp-post.json */ = {isa = PBXFileReference; fileEncoding = 4; lastKnownFileType = text.json; name = "wp-post.json"; path = "Resources/Data/wp-post.json"; sourceTree = "<group>"; };
		4261A4921855C26C003461AA /* article.xml */ = {isa = PBXFileReference; fileEncoding = 4; lastKnownFileType = text.xml; name = article.xml; path = Resources/Data/article.xml; sourceTree = "<group>"; };
		4261A4A918561B71003461AA /* libxml2.dylib */ = {isa = PBXFileReference; lastKnownFileType = "compiled.mach-o.dylib"; name = libxml2.dylib; path = usr/lib/libxml2.dylib; sourceTree = SDKROOT; };
		4261A4AB18561B7F003461AA /* libPods-KissXML.a */ = {isa = PBXFileReference; lastKnownFileType = archive.ar; name = "libPods-KissXML.a"; path = "Pods/build/Debug-iphoneos/libPods-KissXML.a"; sourceTree = "<group>"; };
		426D143E184E312700A9D2DB /* Security.framework */ = {isa = PBXFileReference; lastKnownFileType = wrapper.framework; name = Security.framework; path = System/Library/Frameworks/Security.framework; sourceTree = SDKROOT; };
		426D147E184E80AE00A9D2DB /* XBBundleJsonReadingOperation.h */ = {isa = PBXFileReference; fileEncoding = 4; lastKnownFileType = sourcecode.c.h; path = XBBundleJsonReadingOperation.h; sourceTree = "<group>"; };
		426D147F184E80AE00A9D2DB /* XBBundleJsonReadingOperation.m */ = {isa = PBXFileReference; fileEncoding = 4; lastKnownFileType = sourcecode.c.objc; path = XBBundleJsonReadingOperation.m; sourceTree = "<group>"; };
		426D1483184E80DF00A9D2DB /* XBToolkitOperation.h */ = {isa = PBXFileReference; fileEncoding = 4; lastKnownFileType = sourcecode.c.h; path = XBToolkitOperation.h; sourceTree = "<group>"; };
		540956A21707C2DE00B006B0 /* WPAuthor.h */ = {isa = PBXFileReference; fileEncoding = 4; lastKnownFileType = sourcecode.c.h; path = WPAuthor.h; sourceTree = "<group>"; };
		540956A31707C2DE00B006B0 /* WPAuthor.m */ = {isa = PBXFileReference; fileEncoding = 4; lastKnownFileType = sourcecode.c.objc; path = WPAuthor.m; sourceTree = "<group>"; };
		540956A71707C39C00B006B0 /* SystemConfiguration.framework */ = {isa = PBXFileReference; lastKnownFileType = wrapper.framework; name = SystemConfiguration.framework; path = System/Library/Frameworks/SystemConfiguration.framework; sourceTree = SDKROOT; };
		540956A91707C3CD00B006B0 /* MobileCoreServices.framework */ = {isa = PBXFileReference; lastKnownFileType = wrapper.framework; name = MobileCoreServices.framework; path = System/Library/Frameworks/MobileCoreServices.framework; sourceTree = SDKROOT; };
		540956AB1707C48400B006B0 /* libPods.a */ = {isa = PBXFileReference; lastKnownFileType = archive.ar; name = libPods.a; path = "Pods/build/Release-iphoneos/libPods.a"; sourceTree = "<group>"; };
		540956B01707C66A00B006B0 /* wp-author-index.json */ = {isa = PBXFileReference; fileEncoding = 4; lastKnownFileType = text.json; name = "wp-author-index.json"; path = "Resources/Data/wp-author-index.json"; sourceTree = "<group>"; };
		540956B91710A85E00B006B0 /* XBCache.h */ = {isa = PBXFileReference; fileEncoding = 4; lastKnownFileType = sourcecode.c.h; path = XBCache.h; sourceTree = "<group>"; };
		540956BA1710A85E00B006B0 /* XBCache.m */ = {isa = PBXFileReference; fileEncoding = 4; lastKnownFileType = sourcecode.c.objc; path = XBCache.m; sourceTree = "<group>"; };
		540956BB1710A85E00B006B0 /* XBCacheElement.h */ = {isa = PBXFileReference; fileEncoding = 4; lastKnownFileType = sourcecode.c.h; path = XBCacheElement.h; sourceTree = "<group>"; };
		540956BC1710A85E00B006B0 /* XBCacheElement.m */ = {isa = PBXFileReference; fileEncoding = 4; lastKnownFileType = sourcecode.c.objc; path = XBCacheElement.m; sourceTree = "<group>"; };
		540956BD1710A85E00B006B0 /* XBCacheSupport.h */ = {isa = PBXFileReference; fileEncoding = 4; lastKnownFileType = sourcecode.c.h; path = XBCacheSupport.h; sourceTree = "<group>"; };
		540956BE1710A85E00B006B0 /* XBFileSystemCacheSupport.h */ = {isa = PBXFileReference; fileEncoding = 4; lastKnownFileType = sourcecode.c.h; path = XBFileSystemCacheSupport.h; sourceTree = "<group>"; };
		540956BF1710A85E00B006B0 /* XBFileSystemCacheSupport.m */ = {isa = PBXFileReference; fileEncoding = 4; lastKnownFileType = sourcecode.c.objc; path = XBFileSystemCacheSupport.m; sourceTree = "<group>"; };
		540956C11710A85F00B006B0 /* DCParserConfiguration+XBAdditions.h */ = {isa = PBXFileReference; fileEncoding = 4; lastKnownFileType = sourcecode.c.h; path = "DCParserConfiguration+XBAdditions.h"; sourceTree = "<group>"; };
		540956C21710A85F00B006B0 /* DCParserConfiguration+XBAdditions.m */ = {isa = PBXFileReference; fileEncoding = 4; lastKnownFileType = sourcecode.c.objc; path = "DCParserConfiguration+XBAdditions.m"; sourceTree = "<group>"; };
		540956C31710A85F00B006B0 /* NSDateFormatter+XBAdditions.h */ = {isa = PBXFileReference; fileEncoding = 4; lastKnownFileType = sourcecode.c.h; path = "NSDateFormatter+XBAdditions.h"; sourceTree = "<group>"; };
		540956C41710A85F00B006B0 /* NSDateFormatter+XBAdditions.m */ = {isa = PBXFileReference; fileEncoding = 4; lastKnownFileType = sourcecode.c.objc; path = "NSDateFormatter+XBAdditions.m"; sourceTree = "<group>"; };
		540956C51710A85F00B006B0 /* NSDictionary+XBAdditions.h */ = {isa = PBXFileReference; fileEncoding = 4; lastKnownFileType = sourcecode.c.h; path = "NSDictionary+XBAdditions.h"; sourceTree = "<group>"; };
		540956C61710A85F00B006B0 /* NSDictionary+XBAdditions.m */ = {isa = PBXFileReference; fileEncoding = 4; lastKnownFileType = sourcecode.c.objc; path = "NSDictionary+XBAdditions.m"; sourceTree = "<group>"; };
		540956C71710A85F00B006B0 /* NSError+XBAdditions.h */ = {isa = PBXFileReference; fileEncoding = 4; lastKnownFileType = sourcecode.c.h; path = "NSError+XBAdditions.h"; sourceTree = "<group>"; };
		540956C81710A85F00B006B0 /* NSError+XBAdditions.m */ = {isa = PBXFileReference; fileEncoding = 4; lastKnownFileType = sourcecode.c.objc; path = "NSError+XBAdditions.m"; sourceTree = "<group>"; };
		540956C91710A85F00B006B0 /* NSNumber+XBAdditions.h */ = {isa = PBXFileReference; fileEncoding = 4; lastKnownFileType = sourcecode.c.h; path = "NSNumber+XBAdditions.h"; sourceTree = "<group>"; };
		540956CA1710A85F00B006B0 /* NSNumber+XBAdditions.m */ = {isa = PBXFileReference; fileEncoding = 4; lastKnownFileType = sourcecode.c.objc; path = "NSNumber+XBAdditions.m"; sourceTree = "<group>"; };
		540956CB1710A85F00B006B0 /* NSURL+XBAdditions.h */ = {isa = PBXFileReference; fileEncoding = 4; lastKnownFileType = sourcecode.c.h; path = "NSURL+XBAdditions.h"; sourceTree = "<group>"; };
		540956CC1710A85F00B006B0 /* NSURL+XBAdditions.m */ = {isa = PBXFileReference; fileEncoding = 4; lastKnownFileType = sourcecode.c.objc; path = "NSURL+XBAdditions.m"; sourceTree = "<group>"; };
		540956D01710A85F00B006B0 /* XBCompositeArrayDataSource+Protected.h */ = {isa = PBXFileReference; fileEncoding = 4; lastKnownFileType = sourcecode.c.h; path = "XBCompositeArrayDataSource+Protected.h"; sourceTree = "<group>"; };
		540956D11710A85F00B006B0 /* XBCompositeArrayDataSource.h */ = {isa = PBXFileReference; fileEncoding = 4; lastKnownFileType = sourcecode.c.h; path = XBCompositeArrayDataSource.h; sourceTree = "<group>"; };
		540956D21710A85F00B006B0 /* XBCompositeArrayDataSource.m */ = {isa = PBXFileReference; fileEncoding = 4; lastKnownFileType = sourcecode.c.objc; path = XBCompositeArrayDataSource.m; sourceTree = "<group>"; };
		540956D31710A85F00B006B0 /* XBPagedCompositeArrayDataSource.h */ = {isa = PBXFileReference; fileEncoding = 4; lastKnownFileType = sourcecode.c.h; path = XBPagedCompositeArrayDataSource.h; sourceTree = "<group>"; };
		540956D41710A85F00B006B0 /* XBPagedCompositeArrayDataSource.m */ = {isa = PBXFileReference; fileEncoding = 4; lastKnownFileType = sourcecode.c.objc; path = XBPagedCompositeArrayDataSource.m; sourceTree = "<group>"; };
		540956D71710A85F00B006B0 /* XBBasicHttpQueryParamBuilder.h */ = {isa = PBXFileReference; fileEncoding = 4; lastKnownFileType = sourcecode.c.h; path = XBBasicHttpQueryParamBuilder.h; sourceTree = "<group>"; };
		540956D81710A85F00B006B0 /* XBBasicHttpQueryParamBuilder.m */ = {isa = PBXFileReference; fileEncoding = 4; lastKnownFileType = sourcecode.c.objc; path = XBBasicHttpQueryParamBuilder.m; sourceTree = "<group>"; };
		540956D91710A85F00B006B0 /* XBHTTPRequestDataBuilder.h */ = {isa = PBXFileReference; fileEncoding = 4; lastKnownFileType = sourcecode.c.h; path = XBHTTPRequestDataBuilder.h; sourceTree = "<group>"; };
		540956DA1710A85F00B006B0 /* XBDataPagerHttpQueryDataBuilder.h */ = {isa = PBXFileReference; fileEncoding = 4; lastKnownFileType = sourcecode.c.h; path = XBDataPagerHttpQueryDataBuilder.h; sourceTree = "<group>"; };
		540956DB1710A85F00B006B0 /* XBDataPagerHttpQueryDataBuilder.m */ = {isa = PBXFileReference; fileEncoding = 4; lastKnownFileType = sourcecode.c.objc; path = XBDataPagerHttpQueryDataBuilder.m; sourceTree = "<group>"; };
		540956DD1710A85F00B006B0 /* XBBundleJsonDataLoader.h */ = {isa = PBXFileReference; fileEncoding = 4; lastKnownFileType = sourcecode.c.h; path = XBBundleJsonDataLoader.h; sourceTree = "<group>"; };
		540956DE1710A85F00B006B0 /* XBBundleJsonDataLoader.m */ = {isa = PBXFileReference; fileEncoding = 4; lastKnownFileType = sourcecode.c.objc; path = XBBundleJsonDataLoader.m; sourceTree = "<group>"; };
		540956DF1710A85F00B006B0 /* XBCacheableDataLoader.h */ = {isa = PBXFileReference; fileEncoding = 4; lastKnownFileType = sourcecode.c.h; path = XBCacheableDataLoader.h; sourceTree = "<group>"; };
		540956E01710A85F00B006B0 /* XBCacheableDataLoader.m */ = {isa = PBXFileReference; fileEncoding = 4; lastKnownFileType = sourcecode.c.objc; path = XBCacheableDataLoader.m; sourceTree = "<group>"; };
		540956E11710A85F00B006B0 /* XBCacheKeyBuilder.h */ = {isa = PBXFileReference; fileEncoding = 4; lastKnownFileType = sourcecode.c.h; path = XBCacheKeyBuilder.h; sourceTree = "<group>"; };
		540956E21710A85F00B006B0 /* XBDataLoader.h */ = {isa = PBXFileReference; fileEncoding = 4; lastKnownFileType = sourcecode.c.h; path = XBDataLoader.h; sourceTree = "<group>"; };
		540956E31710A85F00B006B0 /* XBHttpDataLoader.h */ = {isa = PBXFileReference; fileEncoding = 4; lastKnownFileType = sourcecode.c.h; path = XBHttpDataLoader.h; sourceTree = "<group>"; };
		540956E41710A85F00B006B0 /* XBHttpDataLoaderCacheKeyBuilder.h */ = {isa = PBXFileReference; fileEncoding = 4; lastKnownFileType = sourcecode.c.h; path = XBHttpDataLoaderCacheKeyBuilder.h; sourceTree = "<group>"; };
		540956E51710A85F00B006B0 /* XBHttpDataLoaderCacheKeyBuilder.m */ = {isa = PBXFileReference; fileEncoding = 4; lastKnownFileType = sourcecode.c.objc; path = XBHttpDataLoaderCacheKeyBuilder.m; sourceTree = "<group>"; };
		540956E61710A85F00B006B0 /* XBHttpMappedDataLoader.h */ = {isa = PBXFileReference; fileEncoding = 4; lastKnownFileType = sourcecode.c.h; path = XBHttpMappedDataLoader.h; sourceTree = "<group>"; };
		540956E71710A85F00B006B0 /* XBHttpMappedDataLoader.m */ = {isa = PBXFileReference; fileEncoding = 4; lastKnownFileType = sourcecode.c.objc; path = XBHttpMappedDataLoader.m; sourceTree = "<group>"; };
		540956E91710A85F00B006B0 /* XBDataMapper.h */ = {isa = PBXFileReference; fileEncoding = 4; lastKnownFileType = sourcecode.c.h; path = XBDataMapper.h; sourceTree = "<group>"; };
		540956EA1710A85F00B006B0 /* XBJsonToArrayDataMapper.h */ = {isa = PBXFileReference; fileEncoding = 4; lastKnownFileType = sourcecode.c.h; path = XBJsonToArrayDataMapper.h; sourceTree = "<group>"; };
		540956EB1710A85F00B006B0 /* XBJsonToArrayDataMapper.m */ = {isa = PBXFileReference; fileEncoding = 4; lastKnownFileType = sourcecode.c.objc; path = XBJsonToArrayDataMapper.m; sourceTree = "<group>"; };
		540956ED1710A85F00B006B0 /* XBArrayDataMerger.h */ = {isa = PBXFileReference; fileEncoding = 4; lastKnownFileType = sourcecode.c.h; path = XBArrayDataMerger.h; sourceTree = "<group>"; };
		540956EE1710A85F00B006B0 /* XBArrayDataMerger.m */ = {isa = PBXFileReference; fileEncoding = 4; lastKnownFileType = sourcecode.c.objc; path = XBArrayDataMerger.m; sourceTree = "<group>"; };
		540956EF1710A85F00B006B0 /* XBDataMerger.h */ = {isa = PBXFileReference; fileEncoding = 4; lastKnownFileType = sourcecode.c.h; path = XBDataMerger.h; sourceTree = "<group>"; };
		540956F01710A85F00B006B0 /* XBDictionaryDataMerger.h */ = {isa = PBXFileReference; fileEncoding = 4; lastKnownFileType = sourcecode.c.h; path = XBDictionaryDataMerger.h; sourceTree = "<group>"; };
		540956F11710A85F00B006B0 /* XBDictionaryDataMerger.m */ = {isa = PBXFileReference; fileEncoding = 4; lastKnownFileType = sourcecode.c.objc; path = XBDictionaryDataMerger.m; sourceTree = "<group>"; };
		540956F31710A85F00B006B0 /* XBArrayDataSourcePager.h */ = {isa = PBXFileReference; fileEncoding = 4; lastKnownFileType = sourcecode.c.h; path = XBArrayDataSourcePager.h; sourceTree = "<group>"; };
		540956F41710A85F00B006B0 /* XBArrayDataSourcePager.m */ = {isa = PBXFileReference; fileEncoding = 4; lastKnownFileType = sourcecode.c.objc; path = XBArrayDataSourcePager.m; sourceTree = "<group>"; };
		540956F51710A85F00B006B0 /* XBDataPager.h */ = {isa = PBXFileReference; fileEncoding = 4; lastKnownFileType = sourcecode.c.h; path = XBDataPager.h; sourceTree = "<group>"; };
		540957001710A85F00B006B0 /* XBHTTPClient.h */ = {isa = PBXFileReference; fileEncoding = 4; lastKnownFileType = sourcecode.c.h; path = XBHTTPClient.h; sourceTree = "<group>"; };
		540957011710A85F00B006B0 /* XBHTTPClient.m */ = {isa = PBXFileReference; fileEncoding = 4; lastKnownFileType = sourcecode.c.objc; path = XBHTTPClient.m; sourceTree = "<group>"; };
		540957031710A85F00B006B0 /* XBMapper.h */ = {isa = PBXFileReference; fileEncoding = 4; lastKnownFileType = sourcecode.c.h; path = XBMapper.h; sourceTree = "<group>"; };
		540957041710A85F00B006B0 /* XBMapper.m */ = {isa = PBXFileReference; fileEncoding = 4; lastKnownFileType = sourcecode.c.objc; path = XBMapper.m; sourceTree = "<group>"; };
		540957051710A85F00B006B0 /* XBMappingProvider.h */ = {isa = PBXFileReference; fileEncoding = 4; lastKnownFileType = sourcecode.c.h; path = XBMappingProvider.h; sourceTree = "<group>"; };
		540957061710A85F00B006B0 /* XBToolkit.h */ = {isa = PBXFileReference; fileEncoding = 4; lastKnownFileType = sourcecode.c.h; path = XBToolkit.h; sourceTree = "<group>"; };
		540957E91710B90E00B006B0 /* XBTestUtils.h */ = {isa = PBXFileReference; fileEncoding = 4; lastKnownFileType = sourcecode.c.h; path = XBTestUtils.h; sourceTree = "<group>"; };
		540957EA1710B90E00B006B0 /* XBTestUtils.m */ = {isa = PBXFileReference; fileEncoding = 4; lastKnownFileType = sourcecode.c.objc; path = XBTestUtils.m; sourceTree = "<group>"; };
		54095AEB1710C47A00B006B0 /* XBToolkit-ios-Info.plist */ = {isa = PBXFileReference; fileEncoding = 4; lastKnownFileType = text.plist.xml; path = "XBToolkit-ios-Info.plist"; sourceTree = "<group>"; };
		54095AED1710C49A00B006B0 /* en */ = {isa = PBXFileReference; lastKnownFileType = text.plist.strings; name = en; path = en.lproj/InfoPlist.strings; sourceTree = "<group>"; };
		54095AEE1710C54500B006B0 /* wp-author-index-p1.json */ = {isa = PBXFileReference; fileEncoding = 4; lastKnownFileType = text.json; name = "wp-author-index-p1.json"; path = "Resources/Data/wp-author-index-p1.json"; sourceTree = "<group>"; };
		54095AEF1710C54500B006B0 /* wp-author-index-p2.json */ = {isa = PBXFileReference; fileEncoding = 4; lastKnownFileType = text.json; name = "wp-author-index-p2.json"; path = "Resources/Data/wp-author-index-p2.json"; sourceTree = "<group>"; };
		54095AF01710C54500B006B0 /* wp-author-index-p3.json */ = {isa = PBXFileReference; fileEncoding = 4; lastKnownFileType = text.json; name = "wp-author-index-p3.json"; path = "Resources/Data/wp-author-index-p3.json"; sourceTree = "<group>"; };
		54095AF61710C62E00B006B0 /* XBBasicHttpQueryParamBuilderTest.m */ = {isa = PBXFileReference; fileEncoding = 4; lastKnownFileType = sourcecode.c.objc; path = XBBasicHttpQueryParamBuilderTest.m; sourceTree = "<group>"; };
		54095AFA1710C65C00B006B0 /* XBBundleJsonDataLoaderTest.m */ = {isa = PBXFileReference; fileEncoding = 4; lastKnownFileType = sourcecode.c.objc; path = XBBundleJsonDataLoaderTest.m; sourceTree = "<group>"; };
		54095AFC1710C65C00B006B0 /* XBCacheableDataLoaderTest.m */ = {isa = PBXFileReference; fileEncoding = 4; lastKnownFileType = sourcecode.c.objc; path = XBCacheableDataLoaderTest.m; sourceTree = "<group>"; };
		54095AFE1710C65C00B006B0 /* XBHttpDataLoaderCacheKeyBuilderTest.m */ = {isa = PBXFileReference; fileEncoding = 4; lastKnownFileType = sourcecode.c.objc; path = XBHttpDataLoaderCacheKeyBuilderTest.m; sourceTree = "<group>"; };
		54095B001710C65C00B006B0 /* XBHttpJsonDataLoaderTest.m */ = {isa = PBXFileReference; fileEncoding = 4; lastKnownFileType = sourcecode.c.objc; path = XBHttpJsonDataLoaderTest.m; sourceTree = "<group>"; };
		54095B031710C65C00B006B0 /* XBJsonToArrayDataMapperTest.m */ = {isa = PBXFileReference; fileEncoding = 4; lastKnownFileType = sourcecode.c.objc; path = XBJsonToArrayDataMapperTest.m; sourceTree = "<group>"; };
		54095B061710C65C00B006B0 /* XBArrayDataMergerTest.m */ = {isa = PBXFileReference; fileEncoding = 4; lastKnownFileType = sourcecode.c.objc; path = XBArrayDataMergerTest.m; sourceTree = "<group>"; };
		54095B081710C65C00B006B0 /* XBDictionaryDataMergerTest.m */ = {isa = PBXFileReference; fileEncoding = 4; lastKnownFileType = sourcecode.c.objc; path = XBDictionaryDataMergerTest.m; sourceTree = "<group>"; };
		54095B111710C68700B006B0 /* XBInfiniteArrayDataSourceTest.m */ = {isa = PBXFileReference; fileEncoding = 4; lastKnownFileType = sourcecode.c.objc; path = XBInfiniteArrayDataSourceTest.m; sourceTree = "<group>"; };
		542082DC17074C9B00290AEF /* libXBToolkit-ios.a */ = {isa = PBXFileReference; explicitFileType = archive.ar; includeInIndex = 0; path = "libXBToolkit-ios.a"; sourceTree = BUILT_PRODUCTS_DIR; };
		542082DF17074C9B00290AEF /* Foundation.framework */ = {isa = PBXFileReference; lastKnownFileType = wrapper.framework; name = Foundation.framework; path = System/Library/Frameworks/Foundation.framework; sourceTree = SDKROOT; };
		542082E317074C9B00290AEF /* XBToolkit-ios-Prefix.pch */ = {isa = PBXFileReference; lastKnownFileType = sourcecode.c.h; path = "XBToolkit-ios-Prefix.pch"; sourceTree = "<group>"; };
		542082EE17074C9C00290AEF /* SenTestingKit.framework */ = {isa = PBXFileReference; lastKnownFileType = wrapper.framework; name = SenTestingKit.framework; path = Library/Frameworks/SenTestingKit.framework; sourceTree = DEVELOPER_DIR; };
		542085721707554500290AEF /* XBBundleArrayDataSourceTest.m */ = {isa = PBXFileReference; fileEncoding = 4; lastKnownFileType = sourcecode.c.objc; path = XBBundleArrayDataSourceTest.m; sourceTree = "<group>"; };
		542085741707554500290AEF /* XBPagedCompositeArrayDataSourceTest.m */ = {isa = PBXFileReference; fileEncoding = 4; lastKnownFileType = sourcecode.c.objc; path = XBPagedCompositeArrayDataSourceTest.m; sourceTree = "<group>"; };
		542085761707554500290AEF /* XBHttpArrayDataSourceTest.m */ = {isa = PBXFileReference; fileEncoding = 4; lastKnownFileType = sourcecode.c.objc; path = XBHttpArrayDataSourceTest.m; sourceTree = "<group>"; };
		54C5343F1707B8E6001DB282 /* UIKit.framework */ = {isa = PBXFileReference; lastKnownFileType = wrapper.framework; name = UIKit.framework; path = System/Library/Frameworks/UIKit.framework; sourceTree = SDKROOT; };
		54C534651707B9C5001DB282 /* Cocoa.framework */ = {isa = PBXFileReference; lastKnownFileType = wrapper.framework; name = Cocoa.framework; path = Platforms/MacOSX.platform/Developer/SDKs/MacOSX10.8.sdk/System/Library/Frameworks/Cocoa.framework; sourceTree = DEVELOPER_DIR; };
		54C5346B1707BA31001DB282 /* XBToolkit-iosTests.app */ = {isa = PBXFileReference; explicitFileType = wrapper.application; includeInIndex = 0; path = "XBToolkit-iosTests.app"; sourceTree = BUILT_PRODUCTS_DIR; };
		54C5346E1707BA31001DB282 /* CoreGraphics.framework */ = {isa = PBXFileReference; lastKnownFileType = wrapper.framework; name = CoreGraphics.framework; path = System/Library/Frameworks/CoreGraphics.framework; sourceTree = SDKROOT; };
		54C534721707BA31001DB282 /* XBToolkit-iosTests-Info.plist */ = {isa = PBXFileReference; lastKnownFileType = text.plist.xml; path = "XBToolkit-iosTests-Info.plist"; sourceTree = "<group>"; };
		54C534741707BA31001DB282 /* en */ = {isa = PBXFileReference; lastKnownFileType = text.plist.strings; name = en; path = en.lproj/InfoPlist.strings; sourceTree = "<group>"; };
		54C534761707BA31001DB282 /* main.m */ = {isa = PBXFileReference; lastKnownFileType = sourcecode.c.objc; path = main.m; sourceTree = "<group>"; };
		54C534781707BA31001DB282 /* XBToolkit-iosTests-Prefix.pch */ = {isa = PBXFileReference; lastKnownFileType = sourcecode.c.h; path = "XBToolkit-iosTests-Prefix.pch"; sourceTree = "<group>"; };
		54C5347C1707BA31001DB282 /* Default.png */ = {isa = PBXFileReference; lastKnownFileType = image.png; path = Default.png; sourceTree = "<group>"; };
		54C5347E1707BA31001DB282 /* Default@2x.png */ = {isa = PBXFileReference; lastKnownFileType = image.png; path = "Default@2x.png"; sourceTree = "<group>"; };
		54C534801707BA31001DB282 /* Default-568h@2x.png */ = {isa = PBXFileReference; lastKnownFileType = image.png; path = "Default-568h@2x.png"; sourceTree = "<group>"; };
		A72D9672488D4A1AB2EB4940 /* libPods.a */ = {isa = PBXFileReference; explicitFileType = archive.ar; includeInIndex = 0; path = libPods.a; sourceTree = BUILT_PRODUCTS_DIR; };
		BB089F6D419944DFABA5C2B9 /* libPods-XBToolkit-iosTests.a */ = {isa = PBXFileReference; explicitFileType = archive.ar; includeInIndex = 0; path = "libPods-XBToolkit-iosTests.a"; sourceTree = BUILT_PRODUCTS_DIR; };
		D9D15A5AAF9548C8A27C7AE1 /* Pods.xcconfig */ = {isa = PBXFileReference; includeInIndex = 1; lastKnownFileType = text.xcconfig; name = Pods.xcconfig; path = Pods/Pods.xcconfig; sourceTree = SOURCE_ROOT; };
		DB34D4B0D8798E3D8D76E1BC /* XBLogging.h */ = {isa = PBXFileReference; fileEncoding = 4; lastKnownFileType = sourcecode.c.h; path = XBLogging.h; sourceTree = "<group>"; };
/* End PBXFileReference section */

/* Begin PBXFrameworksBuildPhase section */
		542082D917074C9B00290AEF /* Frameworks */ = {
			isa = PBXFrameworksBuildPhase;
			buildActionMask = 2147483647;
			files = (
				542082E017074C9B00290AEF /* Foundation.framework in Frameworks */,
				871849EDE14F46F9B3DC9F72 /* libPods.a in Frameworks */,
			);
			runOnlyForDeploymentPostprocessing = 0;
		};
		54C534681707BA31001DB282 /* Frameworks */ = {
			isa = PBXFrameworksBuildPhase;
			buildActionMask = 2147483647;
			files = (
				426D143F184E312700A9D2DB /* Security.framework in Frameworks */,
				423F739D1757797A0023783F /* QuartzCore.framework in Frameworks */,
				540956AA1707C3CD00B006B0 /* MobileCoreServices.framework in Frameworks */,
				540956A81707C39C00B006B0 /* SystemConfiguration.framework in Frameworks */,
				54C534851707BA4D001DB282 /* UIKit.framework in Frameworks */,
				54C5346D1707BA31001DB282 /* Foundation.framework in Frameworks */,
				54C5346F1707BA31001DB282 /* CoreGraphics.framework in Frameworks */,
				540956AC1707C48400B006B0 /* libPods.a in Frameworks */,
				E48D455BB88E451993552315 /* libPods-XBToolkit-iosTests.a in Frameworks */,
			);
			runOnlyForDeploymentPostprocessing = 0;
		};
/* End PBXFrameworksBuildPhase section */

/* Begin PBXGroup section */
		2EE440E9CB48A7E652B3C621 /* Object */ = {
			isa = PBXGroup;
			children = (
				2EE44F52A6F49049AB531D91 /* XBObjectDataSource.h */,
				2EE44777CC51AAA7A58B0DC9 /* XBReloadableObjectDataSource.m */,
				2EE440CF012183F26BD6E128 /* XBReloadableObjectDataSource.h */,
				2EE44137C386C88B43A22C99 /* XBObjectDataSource.m */,
				2EE44A4B4125DF30257A4590 /* XBObjectDataSource+Protected.h */,
			);
			path = Object;
			sourceTree = "<group>";
		};
		2EE4487479AF9B3F8072D7FF /* Array */ = {
			isa = PBXGroup;
			children = (
				2EE447DE06ED8D3799866B95 /* XBInfiniteArrayDataSource+Protected.h */,
				2EE44B474968A30287F17904 /* XBReloadableArrayDataSource.h */,
				2EE44F8C56F6A1CA0068C65F /* XBArrayDataSource.m */,
				2EE44A7AE1E7C929B453B7C9 /* XBArrayDataSource.h */,
				2EE44F61273D399DA8827BFB /* XBArrayDataSource+Protected.h */,
				2EE4402DAE9B967CCABAC7C9 /* XBReloadableArrayDataSource+Protected.h */,
				2EE4433F618D9A124F4DCADF /* XBInfiniteArrayDataSource.h */,
				2EE44407B82824CD95E6A125 /* XBReloadableArrayDataSource.m */,
				2EE441EA74025CB94C0ABAE1 /* XBInfiniteArrayDataSource.m */,
			);
			path = Array;
			sourceTree = "<group>";
		};
		2EE449CF50B91EAB16F3D7C8 /* Paging */ = {
			isa = PBXGroup;
			children = (
				2EE44569E1FB5381B5E7B57A /* XBArrayDataSourcePagerTest.m */,
			);
			path = Paging;
			sourceTree = "<group>";
		};
		426D147D184E809B00A9D2DB /* Bundle */ = {
			isa = PBXGroup;
			children = (
				426D147E184E80AE00A9D2DB /* XBBundleJsonReadingOperation.h */,
				426D147F184E80AE00A9D2DB /* XBBundleJsonReadingOperation.m */,
			);
			path = Bundle;
			sourceTree = "<group>";
		};
		426D1482184E80C800A9D2DB /* Operation */ = {
			isa = PBXGroup;
			children = (
				426D1483184E80DF00A9D2DB /* XBToolkitOperation.h */,
			);
			name = Operation;
			path = DataSource/Operation;
			sourceTree = "<group>";
		};
		540956A01707C2DE00B006B0 /* Model */ = {
			isa = PBXGroup;
			children = (
				540956A11707C2DE00B006B0 /* WordPress */,
			);
			path = Model;
			sourceTree = "<group>";
		};
		540956A11707C2DE00B006B0 /* WordPress */ = {
			isa = PBXGroup;
			children = (
				540956A21707C2DE00B006B0 /* WPAuthor.h */,
				540956A31707C2DE00B006B0 /* WPAuthor.m */,
				2EE440ACABAF83FFFB8FF85F /* WPPost.m */,
				2EE443ACD9545873F4AB199A /* WPPost.h */,
			);
			path = WordPress;
			sourceTree = "<group>";
		};
		540956AE1707C5C800B006B0 /* Resources */ = {
			isa = PBXGroup;
			children = (
				540956AF1707C5CF00B006B0 /* Data */,
			);
			name = Resources;
			sourceTree = "<group>";
		};
		540956AF1707C5CF00B006B0 /* Data */ = {
			isa = PBXGroup;
			children = (
				4261A4921855C26C003461AA /* article.xml */,
				423F739E1757AE510023783F /* wp-post.json */,
				540956B01707C66A00B006B0 /* wp-author-index.json */,
				54095AEE1710C54500B006B0 /* wp-author-index-p1.json */,
				54095AEF1710C54500B006B0 /* wp-author-index-p2.json */,
				54095AF01710C54500B006B0 /* wp-author-index-p3.json */,
			);
			name = Data;
			sourceTree = "<group>";
		};
		540956B71710A85E00B006B0 /* XBToolkit-common */ = {
			isa = PBXGroup;
			children = (
				426D1482184E80C800A9D2DB /* Operation */,
				540956B81710A85E00B006B0 /* Cache */,
				540956C01710A85E00B006B0 /* Category */,
				540956CD1710A85F00B006B0 /* DataSource */,
				540956FF1710A85F00B006B0 /* Http */,
				540957021710A85F00B006B0 /* Mapping */,
				540957061710A85F00B006B0 /* XBToolkit.h */,
				DB34D5C86CABC7F1ED74A596 /* Logging */,
			);
			name = "XBToolkit-common";
			path = "../XBToolkit-common";
			sourceTree = "<group>";
		};
		540956B81710A85E00B006B0 /* Cache */ = {
			isa = PBXGroup;
			children = (
				540956B91710A85E00B006B0 /* XBCache.h */,
				540956BA1710A85E00B006B0 /* XBCache.m */,
				540956BB1710A85E00B006B0 /* XBCacheElement.h */,
				540956BC1710A85E00B006B0 /* XBCacheElement.m */,
				540956BD1710A85E00B006B0 /* XBCacheSupport.h */,
				540956BE1710A85E00B006B0 /* XBFileSystemCacheSupport.h */,
				540956BF1710A85E00B006B0 /* XBFileSystemCacheSupport.m */,
			);
			path = Cache;
			sourceTree = "<group>";
		};
		540956C01710A85E00B006B0 /* Category */ = {
			isa = PBXGroup;
			children = (
				540956C11710A85F00B006B0 /* DCParserConfiguration+XBAdditions.h */,
				540956C21710A85F00B006B0 /* DCParserConfiguration+XBAdditions.m */,
				540956C31710A85F00B006B0 /* NSDateFormatter+XBAdditions.h */,
				540956C41710A85F00B006B0 /* NSDateFormatter+XBAdditions.m */,
				540956C51710A85F00B006B0 /* NSDictionary+XBAdditions.h */,
				540956C61710A85F00B006B0 /* NSDictionary+XBAdditions.m */,
				540956C71710A85F00B006B0 /* NSError+XBAdditions.h */,
				540956C81710A85F00B006B0 /* NSError+XBAdditions.m */,
				540956C91710A85F00B006B0 /* NSNumber+XBAdditions.h */,
				540956CA1710A85F00B006B0 /* NSNumber+XBAdditions.m */,
				540956CB1710A85F00B006B0 /* NSURL+XBAdditions.h */,
				540956CC1710A85F00B006B0 /* NSURL+XBAdditions.m */,
			);
			path = Category;
			sourceTree = "<group>";
		};
		540956CD1710A85F00B006B0 /* DataSource */ = {
			isa = PBXGroup;
			children = (
				426D147D184E809B00A9D2DB /* Bundle */,
				540956CF1710A85F00B006B0 /* Composite */,
				540956D51710A85F00B006B0 /* Http */,
				540956DC1710A85F00B006B0 /* Loader */,
				540956E81710A85F00B006B0 /* Mapper */,
				540956EC1710A85F00B006B0 /* Merger */,
				540956F21710A85F00B006B0 /* Paging */,
				2EE4487479AF9B3F8072D7FF /* Array */,
				2EE440E9CB48A7E652B3C621 /* Object */,
			);
			path = DataSource;
			sourceTree = "<group>";
		};
		540956CF1710A85F00B006B0 /* Composite */ = {
			isa = PBXGroup;
			children = (
				540956D01710A85F00B006B0 /* XBCompositeArrayDataSource+Protected.h */,
				540956D11710A85F00B006B0 /* XBCompositeArrayDataSource.h */,
				540956D21710A85F00B006B0 /* XBCompositeArrayDataSource.m */,
				540956D31710A85F00B006B0 /* XBPagedCompositeArrayDataSource.h */,
				540956D41710A85F00B006B0 /* XBPagedCompositeArrayDataSource.m */,
			);
			path = Composite;
			sourceTree = "<group>";
		};
		540956D51710A85F00B006B0 /* Http */ = {
			isa = PBXGroup;
			children = (
				540956D61710A85F00B006B0 /* Request Data */,
			);
			path = Http;
			sourceTree = "<group>";
		};
		540956D61710A85F00B006B0 /* Request Data */ = {
			isa = PBXGroup;
			children = (
				540956D71710A85F00B006B0 /* XBBasicHttpQueryParamBuilder.h */,
				540956D81710A85F00B006B0 /* XBBasicHttpQueryParamBuilder.m */,
				540956D91710A85F00B006B0 /* XBHTTPRequestDataBuilder.h */,
				540956DA1710A85F00B006B0 /* XBDataPagerHttpQueryDataBuilder.h */,
				540956DB1710A85F00B006B0 /* XBDataPagerHttpQueryDataBuilder.m */,
			);
			path = "Request Data";
			sourceTree = "<group>";
		};
		540956DC1710A85F00B006B0 /* Loader */ = {
			isa = PBXGroup;
			children = (
				540956DD1710A85F00B006B0 /* XBBundleJsonDataLoader.h */,
				540956DE1710A85F00B006B0 /* XBBundleJsonDataLoader.m */,
				540956DF1710A85F00B006B0 /* XBCacheableDataLoader.h */,
				540956E01710A85F00B006B0 /* XBCacheableDataLoader.m */,
				540956E11710A85F00B006B0 /* XBCacheKeyBuilder.h */,
				540956E21710A85F00B006B0 /* XBDataLoader.h */,
				540956E31710A85F00B006B0 /* XBHttpDataLoader.h */,
				540956E41710A85F00B006B0 /* XBHttpDataLoaderCacheKeyBuilder.h */,
				540956E51710A85F00B006B0 /* XBHttpDataLoaderCacheKeyBuilder.m */,
				540956E61710A85F00B006B0 /* XBHttpMappedDataLoader.h */,
				540956E71710A85F00B006B0 /* XBHttpMappedDataLoader.m */,
			);
			path = Loader;
			sourceTree = "<group>";
		};
		540956E81710A85F00B006B0 /* Mapper */ = {
			isa = PBXGroup;
			children = (
				540956E91710A85F00B006B0 /* XBDataMapper.h */,
				540956EA1710A85F00B006B0 /* XBJsonToArrayDataMapper.h */,
				540956EB1710A85F00B006B0 /* XBJsonToArrayDataMapper.m */,
				2EE44C80B7F48D514C648CD3 /* XBJsonToObjectDataMapper.m */,
				2EE44B59D45758A516F474D2 /* XBJsonToObjectDataMapper.h */,
			);
			path = Mapper;
			sourceTree = "<group>";
		};
		540956EC1710A85F00B006B0 /* Merger */ = {
			isa = PBXGroup;
			children = (
				540956ED1710A85F00B006B0 /* XBArrayDataMerger.h */,
				540956EE1710A85F00B006B0 /* XBArrayDataMerger.m */,
				540956EF1710A85F00B006B0 /* XBDataMerger.h */,
				540956F01710A85F00B006B0 /* XBDictionaryDataMerger.h */,
				540956F11710A85F00B006B0 /* XBDictionaryDataMerger.m */,
			);
			path = Merger;
			sourceTree = "<group>";
		};
		540956F21710A85F00B006B0 /* Paging */ = {
			isa = PBXGroup;
			children = (
				540956F31710A85F00B006B0 /* XBArrayDataSourcePager.h */,
				540956F41710A85F00B006B0 /* XBArrayDataSourcePager.m */,
				540956F51710A85F00B006B0 /* XBDataPager.h */,
			);
			path = Paging;
			sourceTree = "<group>";
		};
		540956FF1710A85F00B006B0 /* Http */ = {
			isa = PBXGroup;
			children = (
				540957001710A85F00B006B0 /* XBHTTPClient.h */,
				540957011710A85F00B006B0 /* XBHTTPClient.m */,
			);
			path = Http;
			sourceTree = "<group>";
		};
		540957021710A85F00B006B0 /* Mapping */ = {
			isa = PBXGroup;
			children = (
				540957031710A85F00B006B0 /* XBMapper.h */,
				540957041710A85F00B006B0 /* XBMapper.m */,
				540957051710A85F00B006B0 /* XBMappingProvider.h */,
			);
			path = Mapping;
			sourceTree = "<group>";
		};
		54095AF41710C62E00B006B0 /* QueryParam */ = {
			isa = PBXGroup;
			children = (
				54095AF61710C62E00B006B0 /* XBBasicHttpQueryParamBuilderTest.m */,
			);
			path = QueryParam;
			sourceTree = "<group>";
		};
		54095AF81710C65C00B006B0 /* Loader */ = {
			isa = PBXGroup;
			children = (
				54095AFA1710C65C00B006B0 /* XBBundleJsonDataLoaderTest.m */,
				54095AFC1710C65C00B006B0 /* XBCacheableDataLoaderTest.m */,
				54095AFE1710C65C00B006B0 /* XBHttpDataLoaderCacheKeyBuilderTest.m */,
				54095B001710C65C00B006B0 /* XBHttpJsonDataLoaderTest.m */,
			);
			path = Loader;
			sourceTree = "<group>";
		};
		54095B011710C65C00B006B0 /* Mapper */ = {
			isa = PBXGroup;
			children = (
				54095B031710C65C00B006B0 /* XBJsonToArrayDataMapperTest.m */,
			);
			path = Mapper;
			sourceTree = "<group>";
		};
		54095B041710C65C00B006B0 /* Merger */ = {
			isa = PBXGroup;
			children = (
				54095B061710C65C00B006B0 /* XBArrayDataMergerTest.m */,
				54095B081710C65C00B006B0 /* XBDictionaryDataMergerTest.m */,
			);
			path = Merger;
			sourceTree = "<group>";
		};
		542082D317074C9B00290AEF = {
			isa = PBXGroup;
			children = (
				540956AB1707C48400B006B0 /* libPods.a */,
				540956B71710A85E00B006B0 /* XBToolkit-common */,
				5420856F170754EC00290AEF /* XBToolkit-commonTests */,
				542082E117074C9B00290AEF /* XBToolkit-ios */,
				54C534701707BA31001DB282 /* XBToolkit-iosTests */,
				542082DE17074C9B00290AEF /* Frameworks */,
				542082DD17074C9B00290AEF /* Products */,
				D9D15A5AAF9548C8A27C7AE1 /* Pods.xcconfig */,
				3FFB9FEC204A413CBEA44721 /* Pods-XBToolkit-iosTests.xcconfig */,
				15FE6A34E0074C17BFB8F0B4 /* Pods-XBToolkit-iosTests.xcconfig */,
			);
			sourceTree = "<group>";
		};
		542082DD17074C9B00290AEF /* Products */ = {
			isa = PBXGroup;
			children = (
				542082DC17074C9B00290AEF /* libXBToolkit-ios.a */,
				54C5346B1707BA31001DB282 /* XBToolkit-iosTests.app */,
			);
			name = Products;
			sourceTree = "<group>";
		};
		542082DE17074C9B00290AEF /* Frameworks */ = {
			isa = PBXGroup;
			children = (
				4261A4AB18561B7F003461AA /* libPods-KissXML.a */,
				4261A4A918561B71003461AA /* libxml2.dylib */,
				426D143E184E312700A9D2DB /* Security.framework */,
				423F739B175779710023783F /* QuartzCore.framework */,
				540956A91707C3CD00B006B0 /* MobileCoreServices.framework */,
				540956A71707C39C00B006B0 /* SystemConfiguration.framework */,
				54C534651707B9C5001DB282 /* Cocoa.framework */,
				54C5343F1707B8E6001DB282 /* UIKit.framework */,
				542082DF17074C9B00290AEF /* Foundation.framework */,
				542082EE17074C9C00290AEF /* SenTestingKit.framework */,
				54C5346E1707BA31001DB282 /* CoreGraphics.framework */,
				A72D9672488D4A1AB2EB4940 /* libPods.a */,
				BB089F6D419944DFABA5C2B9 /* libPods-XBToolkit-iosTests.a */,
				34C980E2E53144DDA719FE08 /* libPods-XBToolkit-iosTests.a */,
			);
			name = Frameworks;
			sourceTree = "<group>";
		};
		542082E117074C9B00290AEF /* XBToolkit-ios */ = {
			isa = PBXGroup;
			children = (
				542082E217074C9B00290AEF /* Supporting Files */,
			);
			path = "XBToolkit-ios";
			sourceTree = "<group>";
		};
		542082E217074C9B00290AEF /* Supporting Files */ = {
			isa = PBXGroup;
			children = (
				54095AEC1710C49A00B006B0 /* InfoPlist.strings */,
				54095AEB1710C47A00B006B0 /* XBToolkit-ios-Info.plist */,
				542082E317074C9B00290AEF /* XBToolkit-ios-Prefix.pch */,
			);
			name = "Supporting Files";
			sourceTree = "<group>";
		};
		5420856F170754EC00290AEF /* XBToolkit-commonTests */ = {
			isa = PBXGroup;
			children = (
				540957E91710B90E00B006B0 /* XBTestUtils.h */,
				540957EA1710B90E00B006B0 /* XBTestUtils.m */,
				540956AE1707C5C800B006B0 /* Resources */,
				542085701707554500290AEF /* DataSource */,
				540956A01707C2DE00B006B0 /* Model */,
			);
			name = "XBToolkit-commonTests";
			path = "../XBToolkit-commonTests";
			sourceTree = "<group>";
		};
		542085701707554500290AEF /* DataSource */ = {
			isa = PBXGroup;
			children = (
				54095B111710C68700B006B0 /* XBInfiniteArrayDataSourceTest.m */,
				542085711707554500290AEF /* Bundle */,
				542085731707554500290AEF /* Composite */,
				542085751707554500290AEF /* Http */,
				54095AF81710C65C00B006B0 /* Loader */,
				54095B011710C65C00B006B0 /* Mapper */,
				54095B041710C65C00B006B0 /* Merger */,
				2EE449CF50B91EAB16F3D7C8 /* Paging */,
			);
			path = DataSource;
			sourceTree = "<group>";
		};
		542085711707554500290AEF /* Bundle */ = {
			isa = PBXGroup;
			children = (
				542085721707554500290AEF /* XBBundleArrayDataSourceTest.m */,
			);
			path = Bundle;
			sourceTree = "<group>";
		};
		542085731707554500290AEF /* Composite */ = {
			isa = PBXGroup;
			children = (
				542085741707554500290AEF /* XBPagedCompositeArrayDataSourceTest.m */,
			);
			path = Composite;
			sourceTree = "<group>";
		};
		542085751707554500290AEF /* Http */ = {
			isa = PBXGroup;
			children = (
				54095AF41710C62E00B006B0 /* QueryParam */,
				542085761707554500290AEF /* XBHttpArrayDataSourceTest.m */,
				2EE44A554FA12F9125C3E867 /* XBHttpObjectDataSourceTest.m */,
			);
			path = Http;
			sourceTree = "<group>";
		};
		54C534701707BA31001DB282 /* XBToolkit-iosTests */ = {
			isa = PBXGroup;
			children = (
				54C534711707BA31001DB282 /* Supporting Files */,
			);
			path = "XBToolkit-iosTests";
			sourceTree = "<group>";
		};
		54C534711707BA31001DB282 /* Supporting Files */ = {
			isa = PBXGroup;
			children = (
				54C534721707BA31001DB282 /* XBToolkit-iosTests-Info.plist */,
				54C534731707BA31001DB282 /* InfoPlist.strings */,
				54C534761707BA31001DB282 /* main.m */,
				54C534781707BA31001DB282 /* XBToolkit-iosTests-Prefix.pch */,
				54C5347C1707BA31001DB282 /* Default.png */,
				54C5347E1707BA31001DB282 /* Default@2x.png */,
				54C534801707BA31001DB282 /* Default-568h@2x.png */,
			);
			name = "Supporting Files";
			sourceTree = "<group>";
		};
		DB34D5C86CABC7F1ED74A596 /* Logging */ = {
			isa = PBXGroup;
			children = (
				DB34D4B0D8798E3D8D76E1BC /* XBLogging.h */,
			);
			path = Logging;
			sourceTree = "<group>";
		};
/* End PBXGroup section */

/* Begin PBXNativeTarget section */
		542082DB17074C9B00290AEF /* XBToolkit-ios */ = {
			isa = PBXNativeTarget;
			buildConfigurationList = 5420830117074C9C00290AEF /* Build configuration list for PBXNativeTarget "XBToolkit-ios" */;
			buildPhases = (
				542082D817074C9B00290AEF /* Sources */,
				542082D917074C9B00290AEF /* Frameworks */,
				542082DA17074C9B00290AEF /* CopyFiles */,
				16B3CC323B5B47FF9B5D2D98 /* Copy Pods Resources */,
			);
			buildRules = (
			);
			dependencies = (
			);
			name = "XBToolkit-ios";
			productName = "XBToolkit-ios";
			productReference = 542082DC17074C9B00290AEF /* libXBToolkit-ios.a */;
			productType = "com.apple.product-type.library.static";
		};
		54C5346A1707BA31001DB282 /* XBToolkit-iosTests */ = {
			isa = PBXNativeTarget;
			buildConfigurationList = 54C534821707BA31001DB282 /* Build configuration list for PBXNativeTarget "XBToolkit-iosTests" */;
			buildPhases = (
				54C534671707BA31001DB282 /* Sources */,
				54C534681707BA31001DB282 /* Frameworks */,
				54C534691707BA31001DB282 /* Resources */,
				85A146E7348D4A71B3DBAC2F /* Copy Pods Resources */,
			);
			buildRules = (
			);
			dependencies = (
			);
			name = "XBToolkit-iosTests";
			productName = "XBToolkit-iosTests";
			productReference = 54C5346B1707BA31001DB282 /* XBToolkit-iosTests.app */;
			productType = "com.apple.product-type.application";
		};
/* End PBXNativeTarget section */

/* Begin PBXProject section */
		542082D417074C9B00290AEF /* Project object */ = {
			isa = PBXProject;
			attributes = {
				LastUpgradeCheck = 0460;
				ORGANIZATIONNAME = Xebia;
			};
			buildConfigurationList = 542082D717074C9B00290AEF /* Build configuration list for PBXProject "XBToolkit-ios" */;
			compatibilityVersion = "Xcode 3.2";
			developmentRegion = English;
			hasScannedForEncodings = 0;
			knownRegions = (
				en,
			);
			mainGroup = 542082D317074C9B00290AEF;
			productRefGroup = 542082DD17074C9B00290AEF /* Products */;
			projectDirPath = "";
			projectRoot = "";
			targets = (
				542082DB17074C9B00290AEF /* XBToolkit-ios */,
				54C5346A1707BA31001DB282 /* XBToolkit-iosTests */,
			);
		};
/* End PBXProject section */

/* Begin PBXResourcesBuildPhase section */
		54C534691707BA31001DB282 /* Resources */ = {
			isa = PBXResourcesBuildPhase;
			buildActionMask = 2147483647;
			files = (
				54C534751707BA31001DB282 /* InfoPlist.strings in Resources */,
				54C5347D1707BA31001DB282 /* Default.png in Resources */,
				54C5347F1707BA31001DB282 /* Default@2x.png in Resources */,
				54C534811707BA31001DB282 /* Default-568h@2x.png in Resources */,
				540956B11707C66A00B006B0 /* wp-author-index.json in Resources */,
				54095AF11710C54500B006B0 /* wp-author-index-p1.json in Resources */,
				54095AF21710C54500B006B0 /* wp-author-index-p2.json in Resources */,
				54095AF31710C54500B006B0 /* wp-author-index-p3.json in Resources */,
				423F739F1757AE510023783F /* wp-post.json in Resources */,
				4261A4931855C26C003461AA /* article.xml in Resources */,
			);
			runOnlyForDeploymentPostprocessing = 0;
		};
/* End PBXResourcesBuildPhase section */

/* Begin PBXShellScriptBuildPhase section */
		16B3CC323B5B47FF9B5D2D98 /* Copy Pods Resources */ = {
			isa = PBXShellScriptBuildPhase;
			buildActionMask = 2147483647;
			files = (
			);
			inputPaths = (
			);
			name = "Copy Pods Resources";
			outputPaths = (
			);
			runOnlyForDeploymentPostprocessing = 0;
			shellPath = /bin/sh;
			shellScript = "\"${SRCROOT}/Pods/Pods-resources.sh\"\n";
		};
		85A146E7348D4A71B3DBAC2F /* Copy Pods Resources */ = {
			isa = PBXShellScriptBuildPhase;
			buildActionMask = 2147483647;
			files = (
			);
			inputPaths = (
			);
			name = "Copy Pods Resources";
			outputPaths = (
			);
			runOnlyForDeploymentPostprocessing = 0;
			shellPath = /bin/sh;
			shellScript = "\"${SRCROOT}/Pods/Pods-XBToolkit-iosTests-resources.sh\"\n";
		};
/* End PBXShellScriptBuildPhase section */

/* Begin PBXSourcesBuildPhase section */
		542082D817074C9B00290AEF /* Sources */ = {
			isa = PBXSourcesBuildPhase;
			buildActionMask = 2147483647;
			files = (
				540957071710A85F00B006B0 /* XBCache.m in Sources */,
				540957091710A85F00B006B0 /* XBCacheElement.m in Sources */,
				5409570B1710A85F00B006B0 /* XBFileSystemCacheSupport.m in Sources */,
				5409570D1710A85F00B006B0 /* DCParserConfiguration+XBAdditions.m in Sources */,
				5409570F1710A85F00B006B0 /* NSDateFormatter+XBAdditions.m in Sources */,
				540957111710A85F00B006B0 /* NSDictionary+XBAdditions.m in Sources */,
				426D1480184E80AE00A9D2DB /* XBBundleJsonReadingOperation.m in Sources */,
				540957131710A85F00B006B0 /* NSError+XBAdditions.m in Sources */,
				540957151710A85F00B006B0 /* NSNumber+XBAdditions.m in Sources */,
				540957171710A85F00B006B0 /* NSURL+XBAdditions.m in Sources */,
				540957191710A85F00B006B0 /* XBCompositeArrayDataSource.m in Sources */,
				5409571B1710A85F00B006B0 /* XBPagedCompositeArrayDataSource.m in Sources */,
				5409571D1710A85F00B006B0 /* XBBasicHttpQueryParamBuilder.m in Sources */,
				5409571F1710A85F00B006B0 /* XBDataPagerHttpQueryDataBuilder.m in Sources */,
				540957211710A85F00B006B0 /* XBBundleJsonDataLoader.m in Sources */,
				540957231710A85F00B006B0 /* XBCacheableDataLoader.m in Sources */,
				540957251710A85F00B006B0 /* XBHttpDataLoaderCacheKeyBuilder.m in Sources */,
				540957271710A85F00B006B0 /* XBHttpMappedDataLoader.m in Sources */,
				540957291710A85F00B006B0 /* XBJsonToArrayDataMapper.m in Sources */,
				5409572B1710A85F00B006B0 /* XBArrayDataMerger.m in Sources */,
				5409572D1710A85F00B006B0 /* XBDictionaryDataMerger.m in Sources */,
				5409572F1710A85F00B006B0 /* XBArrayDataSourcePager.m in Sources */,
				540957371710A85F00B006B0 /* XBHTTPClient.m in Sources */,
				540957391710A85F00B006B0 /* XBMapper.m in Sources */,
				2EE44FC7E0BB507B89EC0DB5 /* XBArrayDataSource.m in Sources */,
				2EE4493CCE1C75A7A5528A36 /* XBReloadableArrayDataSource.m in Sources */,
				2EE44C76AE4C284B4A83D0AE /* XBInfiniteArrayDataSource.m in Sources */,
				2EE4494730F3BDFF798DECCD /* XBReloadableObjectDataSource.m in Sources */,
				2EE44D8858DDDA132A7B427F /* XBObjectDataSource.m in Sources */,
				2EE449B9B47B10B0870E24B7 /* XBJsonToObjectDataMapper.m in Sources */,
			);
			runOnlyForDeploymentPostprocessing = 0;
		};
		54C534671707BA31001DB282 /* Sources */ = {
			isa = PBXSourcesBuildPhase;
			buildActionMask = 2147483647;
			files = (
				54C534771707BA31001DB282 /* main.m in Sources */,
				54C534961707BCA2001DB282 /* XBBundleArrayDataSourceTest.m in Sources */,
				540956A41707C2DE00B006B0 /* WPAuthor.m in Sources */,
				54C534971707BCA5001DB282 /* XBPagedCompositeArrayDataSourceTest.m in Sources */,
				54C534981707BCA8001DB282 /* XBHttpArrayDataSourceTest.m in Sources */,
				540957081710A85F00B006B0 /* XBCache.m in Sources */,
				5409570A1710A85F00B006B0 /* XBCacheElement.m in Sources */,
				5409570C1710A85F00B006B0 /* XBFileSystemCacheSupport.m in Sources */,
				5409570E1710A85F00B006B0 /* DCParserConfiguration+XBAdditions.m in Sources */,
				540957101710A85F00B006B0 /* NSDateFormatter+XBAdditions.m in Sources */,
				540957121710A85F00B006B0 /* NSDictionary+XBAdditions.m in Sources */,
				540957141710A85F00B006B0 /* NSError+XBAdditions.m in Sources */,
				540957161710A85F00B006B0 /* NSNumber+XBAdditions.m in Sources */,
				540957181710A85F00B006B0 /* NSURL+XBAdditions.m in Sources */,
				5409571A1710A85F00B006B0 /* XBCompositeArrayDataSource.m in Sources */,
				5409571C1710A85F00B006B0 /* XBPagedCompositeArrayDataSource.m in Sources */,
				5409571E1710A85F00B006B0 /* XBBasicHttpQueryParamBuilder.m in Sources */,
				540957201710A85F00B006B0 /* XBDataPagerHttpQueryDataBuilder.m in Sources */,
				540957221710A85F00B006B0 /* XBBundleJsonDataLoader.m in Sources */,
				426D1481184E80AE00A9D2DB /* XBBundleJsonReadingOperation.m in Sources */,
				540957241710A85F00B006B0 /* XBCacheableDataLoader.m in Sources */,
				540957261710A85F00B006B0 /* XBHttpDataLoaderCacheKeyBuilder.m in Sources */,
				540957281710A85F00B006B0 /* XBHttpMappedDataLoader.m in Sources */,
				5409572A1710A85F00B006B0 /* XBJsonToArrayDataMapper.m in Sources */,
				5409572C1710A85F00B006B0 /* XBArrayDataMerger.m in Sources */,
				5409572E1710A85F00B006B0 /* XBDictionaryDataMerger.m in Sources */,
				540957301710A85F00B006B0 /* XBArrayDataSourcePager.m in Sources */,
				540957381710A85F00B006B0 /* XBHTTPClient.m in Sources */,
				5409573A1710A85F00B006B0 /* XBMapper.m in Sources */,
				540957EB1710B90E00B006B0 /* XBTestUtils.m in Sources */,
				54095AF71710C62E00B006B0 /* XBBasicHttpQueryParamBuilderTest.m in Sources */,
				54095B091710C65C00B006B0 /* XBBundleJsonDataLoaderTest.m in Sources */,
				54095B0A1710C65C00B006B0 /* XBCacheableDataLoaderTest.m in Sources */,
				54095B0B1710C65C00B006B0 /* XBHttpDataLoaderCacheKeyBuilderTest.m in Sources */,
				54095B0C1710C65C00B006B0 /* XBHttpJsonDataLoaderTest.m in Sources */,
				54095B0D1710C65C00B006B0 /* XBJsonToArrayDataMapperTest.m in Sources */,
				54095B0E1710C65C00B006B0 /* XBArrayDataMergerTest.m in Sources */,
				54095B0F1710C65C00B006B0 /* XBDictionaryDataMergerTest.m in Sources */,
				54095B121710C68700B006B0 /* XBInfiniteArrayDataSourceTest.m in Sources */,
				2EE44747820E392B8BB33DDD /* XBArrayDataSource.m in Sources */,
				2EE4457803A157E08212C108 /* XBReloadableArrayDataSource.m in Sources */,
				2EE44AB95C98B07C8090F881 /* XBInfiniteArrayDataSource.m in Sources */,
				2EE4471006EB87E3CF61BC15 /* XBReloadableObjectDataSource.m in Sources */,
				2EE449E0CF34F97768E31269 /* XBObjectDataSource.m in Sources */,
				2EE44C3BD12C9466266E397E /* XBHttpObjectDataSourceTest.m in Sources */,
				2EE44F1683533D617CE914E8 /* WPPost.m in Sources */,
				2EE446E8A83EB17AC1FBF6C4 /* XBJsonToObjectDataMapper.m in Sources */,
				2EE44D5916BD39CCEF3139AA /* XBArrayDataSourcePagerTest.m in Sources */,
			);
			runOnlyForDeploymentPostprocessing = 0;
		};
/* End PBXSourcesBuildPhase section */

/* Begin PBXVariantGroup section */
		54095AEC1710C49A00B006B0 /* InfoPlist.strings */ = {
			isa = PBXVariantGroup;
			children = (
				54095AED1710C49A00B006B0 /* en */,
			);
			name = InfoPlist.strings;
			sourceTree = "<group>";
		};
		54C534731707BA31001DB282 /* InfoPlist.strings */ = {
			isa = PBXVariantGroup;
			children = (
				54C534741707BA31001DB282 /* en */,
			);
			name = InfoPlist.strings;
			sourceTree = "<group>";
		};
/* End PBXVariantGroup section */

/* Begin XCBuildConfiguration section */
		542082FF17074C9C00290AEF /* Debug */ = {
			isa = XCBuildConfiguration;
			buildSettings = {
				CLANG_CXX_LANGUAGE_STANDARD = "gnu++0x";
				CLANG_CXX_LIBRARY = "libc++";
				CLANG_ENABLE_OBJC_ARC = YES;
				CLANG_WARN_CONSTANT_CONVERSION = YES;
				CLANG_WARN_EMPTY_BODY = YES;
				CLANG_WARN_ENUM_CONVERSION = YES;
				CLANG_WARN_INT_CONVERSION = YES;
				CLANG_WARN__DUPLICATE_METHOD_MATCH = YES;
				COPY_PHASE_STRIP = NO;
				GCC_C_LANGUAGE_STANDARD = gnu99;
				GCC_DYNAMIC_NO_PIC = NO;
				GCC_OPTIMIZATION_LEVEL = 0;
				GCC_PREPROCESSOR_DEFINITIONS = (
					"DEBUG=1",
					"$(inherited)",
				);
				GCC_SYMBOLS_PRIVATE_EXTERN = NO;
				GCC_WARN_ABOUT_RETURN_TYPE = YES;
				GCC_WARN_UNINITIALIZED_AUTOS = YES;
				GCC_WARN_UNUSED_VARIABLE = YES;
				IPHONEOS_DEPLOYMENT_TARGET = 6.0;
				ONLY_ACTIVE_ARCH = YES;
				SDKROOT = iphoneos;
			};
			name = Debug;
		};
		5420830017074C9C00290AEF /* Release */ = {
			isa = XCBuildConfiguration;
			buildSettings = {
				CLANG_CXX_LANGUAGE_STANDARD = "gnu++0x";
				CLANG_CXX_LIBRARY = "libc++";
				CLANG_ENABLE_OBJC_ARC = YES;
				CLANG_WARN_CONSTANT_CONVERSION = YES;
				CLANG_WARN_EMPTY_BODY = YES;
				CLANG_WARN_ENUM_CONVERSION = YES;
				CLANG_WARN_INT_CONVERSION = YES;
				CLANG_WARN__DUPLICATE_METHOD_MATCH = YES;
				COPY_PHASE_STRIP = YES;
				GCC_C_LANGUAGE_STANDARD = gnu99;
				GCC_WARN_ABOUT_RETURN_TYPE = YES;
				GCC_WARN_UNINITIALIZED_AUTOS = YES;
				GCC_WARN_UNUSED_VARIABLE = YES;
				IPHONEOS_DEPLOYMENT_TARGET = 6.0;
				SDKROOT = iphoneos;
				VALIDATE_PRODUCT = YES;
			};
			name = Release;
		};
		5420830217074C9C00290AEF /* Debug */ = {
			isa = XCBuildConfiguration;
			baseConfigurationReference = D9D15A5AAF9548C8A27C7AE1 /* Pods.xcconfig */;
			buildSettings = {
				DSTROOT = /tmp/XBToolkit_ios.dst;
				GCC_PRECOMPILE_PREFIX_HEADER = YES;
				GCC_PREFIX_HEADER = "XBToolkit-ios/XBToolkit-ios-Prefix.pch";
				HEADER_SEARCH_PATHS = (
					"\"${PODS_ROOT}/Headers\"",
					"\"${PODS_ROOT}/Headers/AFNetworking\"",
					"\"${PODS_ROOT}/Headers/GHUnitIOS\"",
					"\"${PODS_ROOT}/Headers/KissXML\"",
					"\"${PODS_ROOT}/Headers/Mantle\"",
					"\"${PODS_ROOT}/Headers/MantleXMLAdapter\"",
					"\"${PODS_ROOT}/Headers/OCMock\"",
					"\"${PODS_ROOT}/Headers/Underscore.m\"",
					/usr/include/libxml2,
				);
				OTHER_LDFLAGS = "-ObjC";
				PRODUCT_NAME = "$(TARGET_NAME)";
				SKIP_INSTALL = YES;
			};
			name = Debug;
		};
		5420830317074C9C00290AEF /* Release */ = {
			isa = XCBuildConfiguration;
			baseConfigurationReference = D9D15A5AAF9548C8A27C7AE1 /* Pods.xcconfig */;
			buildSettings = {
				DSTROOT = /tmp/XBToolkit_ios.dst;
				GCC_PRECOMPILE_PREFIX_HEADER = YES;
				GCC_PREFIX_HEADER = "XBToolkit-ios/XBToolkit-ios-Prefix.pch";
				HEADER_SEARCH_PATHS = (
					"\"${PODS_ROOT}/Headers\"",
					"\"${PODS_ROOT}/Headers/AFNetworking\"",
					"\"${PODS_ROOT}/Headers/GHUnitIOS\"",
					"\"${PODS_ROOT}/Headers/KissXML\"",
					"\"${PODS_ROOT}/Headers/Mantle\"",
					"\"${PODS_ROOT}/Headers/MantleXMLAdapter\"",
					"\"${PODS_ROOT}/Headers/OCMock\"",
					"\"${PODS_ROOT}/Headers/Underscore.m\"",
					/usr/include/libxml2,
				);
				OTHER_LDFLAGS = "-ObjC";
				PRODUCT_NAME = "$(TARGET_NAME)";
				SKIP_INSTALL = YES;
			};
			name = Release;
		};
		54C534831707BA31001DB282 /* Debug */ = {
			isa = XCBuildConfiguration;
			baseConfigurationReference = 15FE6A34E0074C17BFB8F0B4 /* Pods-XBToolkit-iosTests.xcconfig */;
			buildSettings = {
				"CODE_SIGN_IDENTITY[sdk=iphoneos*]" = "iPhone Developer";
				FRAMEWORK_SEARCH_PATHS = (
					"$(inherited)",
					"\"$(SYSTEM_APPS_DIR)/Xcode.app/Contents/Developer/Library/Frameworks\"",
				);
				GCC_PRECOMPILE_PREFIX_HEADER = YES;
				GCC_PREFIX_HEADER = "XBToolkit-iosTests/XBToolkit-iosTests-Prefix.pch";
				HEADER_SEARCH_PATHS = (
					"\"${PODS_ROOT}/Headers\"",
					"\"${PODS_ROOT}/Headers/AFNetworking\"",
					"\"${PODS_ROOT}/Headers/GHUnitIOS\"",
					"\"${PODS_ROOT}/Headers/Mantle\"",
					"\"${PODS_ROOT}/Headers/OCMock\"",
					"\"${PODS_ROOT}/Headers/Underscore.m\"",
					/usr/include/libxml2,
				);
				INFOPLIST_FILE = "XBToolkit-iosTests/XBToolkit-iosTests-Info.plist";
				IPHONEOS_DEPLOYMENT_TARGET = 6.0;
				PRODUCT_NAME = "$(TARGET_NAME)";
				TARGETED_DEVICE_FAMILY = "1,2";
				WRAPPER_EXTENSION = app;
			};
			name = Debug;
		};
		54C534841707BA31001DB282 /* Release */ = {
			isa = XCBuildConfiguration;
			baseConfigurationReference = 15FE6A34E0074C17BFB8F0B4 /* Pods-XBToolkit-iosTests.xcconfig */;
			buildSettings = {
				"CODE_SIGN_IDENTITY[sdk=iphoneos*]" = "iPhone Developer";
				FRAMEWORK_SEARCH_PATHS = (
					"$(inherited)",
					"\"$(SYSTEM_APPS_DIR)/Xcode.app/Contents/Developer/Library/Frameworks\"",
				);
				GCC_PRECOMPILE_PREFIX_HEADER = YES;
				GCC_PREFIX_HEADER = "XBToolkit-iosTests/XBToolkit-iosTests-Prefix.pch";
				HEADER_SEARCH_PATHS = (
					"\"${PODS_ROOT}/Headers\"",
					"\"${PODS_ROOT}/Headers/AFNetworking\"",
					"\"${PODS_ROOT}/Headers/GHUnitIOS\"",
					"\"${PODS_ROOT}/Headers/Mantle\"",
					"\"${PODS_ROOT}/Headers/OCMock\"",
					"\"${PODS_ROOT}/Headers/Underscore.m\"",
					/usr/include/libxml2,
				);
				INFOPLIST_FILE = "XBToolkit-iosTests/XBToolkit-iosTests-Info.plist";
				IPHONEOS_DEPLOYMENT_TARGET = 6.0;
				OTHER_CFLAGS = "-DNS_BLOCK_ASSERTIONS=1";
				PRODUCT_NAME = "$(TARGET_NAME)";
				TARGETED_DEVICE_FAMILY = "1,2";
				WRAPPER_EXTENSION = app;
			};
			name = Release;
		};
/* End XCBuildConfiguration section */

/* Begin XCConfigurationList section */
		542082D717074C9B00290AEF /* Build configuration list for PBXProject "XBToolkit-ios" */ = {
			isa = XCConfigurationList;
			buildConfigurations = (
				542082FF17074C9C00290AEF /* Debug */,
				5420830017074C9C00290AEF /* Release */,
			);
			defaultConfigurationIsVisible = 0;
			defaultConfigurationName = Release;
		};
		5420830117074C9C00290AEF /* Build configuration list for PBXNativeTarget "XBToolkit-ios" */ = {
			isa = XCConfigurationList;
			buildConfigurations = (
				5420830217074C9C00290AEF /* Debug */,
				5420830317074C9C00290AEF /* Release */,
			);
			defaultConfigurationIsVisible = 0;
			defaultConfigurationName = Release;
		};
		54C534821707BA31001DB282 /* Build configuration list for PBXNativeTarget "XBToolkit-iosTests" */ = {
			isa = XCConfigurationList;
			buildConfigurations = (
				54C534831707BA31001DB282 /* Debug */,
				54C534841707BA31001DB282 /* Release */,
			);
			defaultConfigurationIsVisible = 0;
			defaultConfigurationName = Release;
		};
/* End XCConfigurationList section */
	};
	rootObject = 542082D417074C9B00290AEF /* Project object */;
}
